{
  "version": 4,
  "terraform_version": "1.14.1",
  "serial": 964,
  "lineage": "28f9ac16-8029-4e71-032a-128382503f49",
  "outputs": {
    "data_platform_access": {
      "value": {
        "airflow_webserver": "http://localhost:8080",
        "minio_console": "http://localhost:9001",
        "ollama_api": "http://localhost:11434",
        "postgres_data_db": "localhost:5436",
        "postgres_metadata_db": "localhost:5435",
        "spark_master_ui": "http://localhost:8081",
        "superset_ui": "http://localhost:8088",
        "trino_ui": "http://localhost:8082"
      },
      "type": [
        "object",
        {
          "airflow_webserver": "string",
          "minio_console": "string",
          "ollama_api": "string",
          "postgres_data_db": "string",
          "postgres_metadata_db": "string",
          "spark_master_ui": "string",
          "superset_ui": "string",
          "trino_ui": "string"
        }
      ]
    },
    "initial_credentials": {
      "value": {
        "airflow_password": "airflow",
        "airflow_user": "airflow",
        "domain_data_password": "thisismypgpass12",
        "domain_data_user": "kcat",
        "superset_password": "MySecurePassword123!",
        "superset_user": "superset_admin"
      },
      "type": [
        "object",
        {
          "airflow_password": "string",
          "airflow_user": "string",
          "domain_data_password": "string",
          "domain_data_user": "string",
          "superset_password": "string",
          "superset_user": "string"
        }
      ],
      "sensitive": true
    }
  },
  "resources": [
    {
      "mode": "managed",
      "type": "docker_container",
      "name": "airflow_init",
      "provider": "provider[\"registry.terraform.io/kreuzwerker/docker\"]",
      "instances": [
        {
          "schema_version": 2,
          "attributes": {
            "attach": false,
            "bridge": "",
            "capabilities": [],
            "cgroup_parent": null,
            "cgroupns_mode": null,
            "command": [
              "bash",
              "-c",
              "echo \"Waiting for Metadata Postgres at postgres_metadata_db:5432...\"\nuntil PGPASSWORD=thisismypgpass12 psql -h postgres_metadata_db -U kcat -d metadata -c 'select 1' \u003e /dev/null 2\u003e\u00261; do\n  echo \"Metadata Postgres is unavailable - sleeping\"\n  sleep 1\ndone\necho \"Metadata Postgres is ready! Starting Airflow process...\"\nairflow db init \u0026\u0026 airflow users create --username airflow --firstname Admin --lastname User --role Admin --email admin@example.com --password airflow\n"
            ],
            "container_logs": null,
            "container_read_refresh_timeout_milliseconds": 15000,
            "cpu_period": null,
            "cpu_quota": null,
            "cpu_set": "",
            "cpu_shares": 0,
            "cpus": null,
            "destroy_grace_seconds": null,
            "devices": [],
            "dns": null,
            "dns_opts": null,
            "dns_search": null,
            "domainname": "",
            "entrypoint": [
              "/usr/bin/dumb-init",
              "--",
              "/entrypoint"
            ],
            "env": [
              "AIRFLOW_CONN_AWS_DEFAULT={'conn_type': 'aws', 'host': 'http://minio:9000', 'login': 'minioadmin', 'password': 'minioadminpassword', 'extra': {'aws_access_key_id': 'minioadmin', 'aws_secret_access_key': 'minioadminpassword', 'endpoint_url': 'http://minio:9000', 'region_name': 'us-east-1', 's3_verify': false}}",
              "AIRFLOW_CONN_SPARK_DEFAULT=spark://spark-master:7077",
              "AIRFLOW_GID=1000",
              "AIRFLOW_HOME=/opt/airflow",
              "AIRFLOW_UID=1000",
              "AIRFLOW__CORE__EXECUTOR=LocalExecutor",
              "AIRFLOW__CORE__LOAD_EXAMPLES=false",
              "AIRFLOW__CORE__SQL_ALCHEMY_CONN=postgresql+psycopg2://kcat:thisismypgpass12@postgres_metadata_db:5432/metadata",
              "AIRFLOW__WEBSERVER__RBAC=true",
              "POSTGRES_DB=metadata",
              "POSTGRES_DOMAIN_DATA_DB=domain_data",
              "POSTGRES_DOMAIN_DATA_HOST=postgres_data_db",
              "POSTGRES_DOMAIN_DATA_PASSWORD=thisismypgpass12",
              "POSTGRES_DOMAIN_DATA_PORT=5432",
              "POSTGRES_DOMAIN_DATA_USER=kcat",
              "POSTGRES_HOST=postgres_metadata_db",
              "POSTGRES_PASSWORD=thisismypgpass12",
              "POSTGRES_USER=kcat"
            ],
            "exit_code": null,
            "gpus": null,
            "group_add": null,
            "healthcheck": null,
            "host": [],
            "hostname": "3aa3660d978d",
            "id": "3aa3660d978d05c75c4ffc0ab80ca27e0b0d6a05bc793084d855c584ee77f238",
            "image": "apache/airflow:2.8.1",
            "init": false,
            "ipc_mode": "private",
            "labels": [],
            "log_driver": "json-file",
            "log_opts": null,
            "logs": false,
            "max_retry_count": 0,
            "memory": 0,
            "memory_swap": 0,
            "mounts": [],
            "must_run": true,
            "name": "airflow_init",
            "network_data": [
              {
                "gateway": "172.19.0.1",
                "global_ipv6_address": "",
                "global_ipv6_prefix_length": 0,
                "ip_address": "172.19.0.9",
                "ip_prefix_length": 16,
                "ipv6_gateway": "",
                "mac_address": "a6:fa:d8:69:7a:48",
                "network_name": "my_shared_network"
              }
            ],
            "network_mode": "bridge",
            "networks_advanced": [
              {
                "aliases": [],
                "ipv4_address": "",
                "ipv6_address": "",
                "name": "my_shared_network"
              }
            ],
            "pid_mode": "",
            "ports": [],
            "privileged": false,
            "publish_all_ports": false,
            "read_only": false,
            "remove_volumes": true,
            "restart": "no",
            "rm": false,
            "runtime": "runc",
            "security_opts": [],
            "shm_size": 64,
            "start": true,
            "stdin_open": false,
            "stop_signal": "",
            "stop_timeout": 0,
            "storage_opts": null,
            "sysctls": null,
            "tmpfs": null,
            "tty": false,
            "ulimit": [],
            "upload": [],
            "user": "1000:0",
            "userns_mode": "",
            "volumes": [
              {
                "container_path": "/opt/airflow/dags",
                "from_container": "",
                "host_path": "/home/kcat/Repos/pipeline_infra/dags",
                "read_only": false,
                "volume_name": ""
              },
              {
                "container_path": "/opt/airflow/logs",
                "from_container": "",
                "host_path": "/home/kcat/Repos/pipeline_infra/logs",
                "read_only": false,
                "volume_name": ""
              },
              {
                "container_path": "/opt/airflow/plugins",
                "from_container": "",
                "host_path": "/home/kcat/Repos/pipeline_infra/plugins",
                "read_only": false,
                "volume_name": ""
              },
              {
                "container_path": "/opt/airflow/spark_events",
                "from_container": "",
                "host_path": "",
                "read_only": false,
                "volume_name": "spark_events"
              },
              {
                "container_path": "/opt/bitnami/spark/jobs",
                "from_container": "",
                "host_path": "/home/kcat/Repos/pipeline_infra/spark-jobs",
                "read_only": false,
                "volume_name": ""
              }
            ],
            "wait": false,
            "wait_timeout": 60,
            "working_dir": "/opt/airflow"
          },
          "sensitive_attributes": [
            [
              {
                "type": "get_attr",
                "value": "command"
              },
              {
                "type": "index",
                "value": {
                  "value": 2,
                  "type": "number"
                }
              }
            ],
            [
              {
                "type": "get_attr",
                "value": "env"
              }
            ]
          ],
          "identity_schema_version": 0,
          "private": "eyJzY2hlbWFfdmVyc2lvbiI6IjIifQ==",
          "dependencies": [
            "docker_container.postgres_metadata",
            "docker_network.my_shared_network",
            "docker_volume.postgres_data_metadata",
            "docker_volume.spark_events"
          ]
        }
      ]
    },
    {
      "mode": "managed",
      "type": "docker_container",
      "name": "airflow_scheduler",
      "provider": "provider[\"registry.terraform.io/kreuzwerker/docker\"]",
      "instances": [
        {
          "schema_version": 2,
          "attributes": {
            "attach": false,
            "bridge": "",
            "capabilities": [],
            "cgroup_parent": null,
            "cgroupns_mode": null,
            "command": [
              "bash",
              "-c",
              "echo \"Waiting for Metadata Postgres at postgres_metadata_db:5432...\"\nuntil PGPASSWORD=thisismypgpass12 psql -h postgres_metadata_db -U kcat -d metadata -c 'select 1' \u003e /dev/null 2\u003e\u00261; do\n  echo \"Metadata Postgres is unavailable - sleeping\"\n  sleep 1\ndone\necho \"Metadata Postgres is ready! Starting Airflow process...\"\nairflow scheduler\n"
            ],
            "container_logs": null,
            "container_read_refresh_timeout_milliseconds": 15000,
            "cpu_period": null,
            "cpu_quota": null,
            "cpu_set": "",
            "cpu_shares": 0,
            "cpus": null,
            "destroy_grace_seconds": null,
            "devices": [],
            "dns": null,
            "dns_opts": null,
            "dns_search": null,
            "domainname": "",
            "entrypoint": [
              "/usr/bin/dumb-init",
              "--",
              "/entrypoint"
            ],
            "env": [
              "AIRFLOW_CONN_AWS_DEFAULT={'conn_type': 'aws', 'host': 'http://minio:9000', 'login': 'minioadmin', 'password': 'minioadminpassword', 'extra': {'aws_access_key_id': 'minioadmin', 'aws_secret_access_key': 'minioadminpassword', 'endpoint_url': 'http://minio:9000', 'region_name': 'us-east-1', 's3_verify': false}}",
              "AIRFLOW_CONN_SPARK_DEFAULT=spark://spark-master:7077",
              "AIRFLOW_GID=1000",
              "AIRFLOW_HOME=/opt/airflow",
              "AIRFLOW_UID=1000",
              "AIRFLOW__CORE__EXECUTOR=LocalExecutor",
              "AIRFLOW__CORE__LOAD_EXAMPLES=false",
              "AIRFLOW__CORE__SQL_ALCHEMY_CONN=postgresql+psycopg2://kcat:thisismypgpass12@postgres_metadata_db:5432/metadata",
              "AIRFLOW__WEBSERVER__RBAC=true",
              "POSTGRES_DB=metadata",
              "POSTGRES_DOMAIN_DATA_DB=domain_data",
              "POSTGRES_DOMAIN_DATA_HOST=postgres_data_db",
              "POSTGRES_DOMAIN_DATA_PASSWORD=thisismypgpass12",
              "POSTGRES_DOMAIN_DATA_PORT=5432",
              "POSTGRES_DOMAIN_DATA_USER=kcat",
              "POSTGRES_HOST=postgres_metadata_db",
              "POSTGRES_PASSWORD=thisismypgpass12",
              "POSTGRES_USER=kcat"
            ],
            "exit_code": null,
            "gpus": null,
            "group_add": null,
            "healthcheck": null,
            "host": [],
            "hostname": "3b3e5e0bfdd5",
            "id": "3b3e5e0bfdd5c198f3e5d5bd3d02fc6fcc478fd31ec75b2e129e20a8f2b36f18",
            "image": "apache/airflow:2.8.1",
            "init": false,
            "ipc_mode": "private",
            "labels": [],
            "log_driver": "json-file",
            "log_opts": null,
            "logs": false,
            "max_retry_count": 0,
            "memory": 0,
            "memory_swap": 0,
            "mounts": [],
            "must_run": true,
            "name": "airflow_scheduler",
            "network_data": [
              {
                "gateway": "172.19.0.1",
                "global_ipv6_address": "",
                "global_ipv6_prefix_length": 0,
                "ip_address": "172.19.0.11",
                "ip_prefix_length": 16,
                "ipv6_gateway": "",
                "mac_address": "aa:47:86:bb:31:e4",
                "network_name": "my_shared_network"
              }
            ],
            "network_mode": "bridge",
            "networks_advanced": [
              {
                "aliases": [],
                "ipv4_address": "",
                "ipv6_address": "",
                "name": "my_shared_network"
              }
            ],
            "pid_mode": "",
            "ports": [],
            "privileged": false,
            "publish_all_ports": false,
            "read_only": false,
            "remove_volumes": true,
            "restart": "always",
            "rm": false,
            "runtime": "runc",
            "security_opts": [],
            "shm_size": 64,
            "start": true,
            "stdin_open": false,
            "stop_signal": "",
            "stop_timeout": 0,
            "storage_opts": null,
            "sysctls": null,
            "tmpfs": null,
            "tty": false,
            "ulimit": [],
            "upload": [],
            "user": "1000:0",
            "userns_mode": "",
            "volumes": [
              {
                "container_path": "/opt/airflow/dags",
                "from_container": "",
                "host_path": "/home/kcat/Repos/pipeline_infra/dags",
                "read_only": false,
                "volume_name": ""
              },
              {
                "container_path": "/opt/airflow/logs",
                "from_container": "",
                "host_path": "/home/kcat/Repos/pipeline_infra/logs",
                "read_only": false,
                "volume_name": ""
              },
              {
                "container_path": "/opt/airflow/plugins",
                "from_container": "",
                "host_path": "/home/kcat/Repos/pipeline_infra/plugins",
                "read_only": false,
                "volume_name": ""
              },
              {
                "container_path": "/opt/airflow/spark_events",
                "from_container": "",
                "host_path": "",
                "read_only": false,
                "volume_name": "spark_events"
              },
              {
                "container_path": "/opt/bitnami/spark/jobs",
                "from_container": "",
                "host_path": "/home/kcat/Repos/pipeline_infra/spark-jobs",
                "read_only": false,
                "volume_name": ""
              }
            ],
            "wait": false,
            "wait_timeout": 60,
            "working_dir": "/opt/airflow"
          },
          "sensitive_attributes": [
            [
              {
                "type": "get_attr",
                "value": "command"
              },
              {
                "type": "index",
                "value": {
                  "value": 2,
                  "type": "number"
                }
              }
            ],
            [
              {
                "type": "get_attr",
                "value": "env"
              }
            ]
          ],
          "identity_schema_version": 0,
          "private": "eyJzY2hlbWFfdmVyc2lvbiI6IjIifQ==",
          "dependencies": [
            "docker_container.airflow_init",
            "docker_container.minio",
            "docker_container.postgres_metadata",
            "docker_container.spark_master",
            "docker_network.my_shared_network",
            "docker_volume.minio_data",
            "docker_volume.postgres_data_metadata",
            "docker_volume.spark_events"
          ]
        }
      ]
    },
    {
      "mode": "managed",
      "type": "docker_container",
      "name": "airflow_webserver",
      "provider": "provider[\"registry.terraform.io/kreuzwerker/docker\"]",
      "instances": [
        {
          "schema_version": 2,
          "attributes": {
            "attach": false,
            "bridge": "",
            "capabilities": [],
            "cgroup_parent": null,
            "cgroupns_mode": null,
            "command": [
              "bash",
              "-c",
              "echo \"Waiting for Metadata Postgres at postgres_metadata_db:5432...\"\nuntil PGPASSWORD=thisismypgpass12 psql -h postgres_metadata_db -U kcat -d metadata -c 'select 1' \u003e /dev/null 2\u003e\u00261; do\n  echo \"Metadata Postgres is unavailable - sleeping\"\n  sleep 1\ndone\necho \"Metadata Postgres is ready! Starting Airflow process...\"\nairflow webserver\n"
            ],
            "container_logs": null,
            "container_read_refresh_timeout_milliseconds": 15000,
            "cpu_period": null,
            "cpu_quota": null,
            "cpu_set": "",
            "cpu_shares": 0,
            "cpus": null,
            "destroy_grace_seconds": null,
            "devices": [],
            "dns": null,
            "dns_opts": null,
            "dns_search": null,
            "domainname": "",
            "entrypoint": [
              "/usr/bin/dumb-init",
              "--",
              "/entrypoint"
            ],
            "env": [
              "AIRFLOW_CONN_AWS_DEFAULT={'conn_type': 'aws', 'host': 'http://minio:9000', 'login': 'minioadmin', 'password': 'minioadminpassword', 'extra': {'aws_access_key_id': 'minioadmin', 'aws_secret_access_key': 'minioadminpassword', 'endpoint_url': 'http://minio:9000', 'region_name': 'us-east-1', 's3_verify': false}}",
              "AIRFLOW_CONN_SPARK_DEFAULT=spark://spark-master:7077",
              "AIRFLOW_GID=1000",
              "AIRFLOW_HOME=/opt/airflow",
              "AIRFLOW_UID=1000",
              "AIRFLOW__CORE__EXECUTOR=LocalExecutor",
              "AIRFLOW__CORE__LOAD_EXAMPLES=false",
              "AIRFLOW__CORE__SQL_ALCHEMY_CONN=postgresql+psycopg2://kcat:thisismypgpass12@postgres_metadata_db:5432/metadata",
              "AIRFLOW__WEBSERVER__RBAC=true",
              "POSTGRES_DB=metadata",
              "POSTGRES_DOMAIN_DATA_DB=domain_data",
              "POSTGRES_DOMAIN_DATA_HOST=postgres_data_db",
              "POSTGRES_DOMAIN_DATA_PASSWORD=thisismypgpass12",
              "POSTGRES_DOMAIN_DATA_PORT=5432",
              "POSTGRES_DOMAIN_DATA_USER=kcat",
              "POSTGRES_HOST=postgres_metadata_db",
              "POSTGRES_PASSWORD=thisismypgpass12",
              "POSTGRES_USER=kcat"
            ],
            "exit_code": null,
            "gpus": null,
            "group_add": null,
            "healthcheck": null,
            "host": [],
            "hostname": "1e3d8f8a0663",
            "id": "1e3d8f8a06639e2b9bfe2d0f29d8f675e2262bccaaf73e4a576c913b1e1e440b",
            "image": "apache/airflow:2.8.1",
            "init": false,
            "ipc_mode": "private",
            "labels": [],
            "log_driver": "json-file",
            "log_opts": null,
            "logs": false,
            "max_retry_count": 0,
            "memory": 0,
            "memory_swap": 0,
            "mounts": [],
            "must_run": true,
            "name": "airflow_webserver",
            "network_data": [
              {
                "gateway": "172.19.0.1",
                "global_ipv6_address": "",
                "global_ipv6_prefix_length": 0,
                "ip_address": "172.19.0.12",
                "ip_prefix_length": 16,
                "ipv6_gateway": "",
                "mac_address": "5e:81:3d:95:b2:00",
                "network_name": "my_shared_network"
              }
            ],
            "network_mode": "bridge",
            "networks_advanced": [
              {
                "aliases": [],
                "ipv4_address": "",
                "ipv6_address": "",
                "name": "my_shared_network"
              }
            ],
            "pid_mode": "",
            "ports": [
              {
                "external": 8080,
                "internal": 8080,
                "ip": "0.0.0.0",
                "protocol": "tcp"
              }
            ],
            "privileged": false,
            "publish_all_ports": false,
            "read_only": false,
            "remove_volumes": true,
            "restart": "always",
            "rm": false,
            "runtime": "runc",
            "security_opts": [],
            "shm_size": 64,
            "start": true,
            "stdin_open": false,
            "stop_signal": "",
            "stop_timeout": 0,
            "storage_opts": null,
            "sysctls": null,
            "tmpfs": null,
            "tty": false,
            "ulimit": [],
            "upload": [],
            "user": "1000:0",
            "userns_mode": "",
            "volumes": [
              {
                "container_path": "/opt/airflow/dags",
                "from_container": "",
                "host_path": "/home/kcat/Repos/pipeline_infra/dags",
                "read_only": false,
                "volume_name": ""
              },
              {
                "container_path": "/opt/airflow/logs",
                "from_container": "",
                "host_path": "/home/kcat/Repos/pipeline_infra/logs",
                "read_only": false,
                "volume_name": ""
              },
              {
                "container_path": "/opt/airflow/plugins",
                "from_container": "",
                "host_path": "/home/kcat/Repos/pipeline_infra/plugins",
                "read_only": false,
                "volume_name": ""
              },
              {
                "container_path": "/opt/airflow/spark_events",
                "from_container": "",
                "host_path": "",
                "read_only": false,
                "volume_name": "spark_events"
              },
              {
                "container_path": "/opt/bitnami/spark/jobs",
                "from_container": "",
                "host_path": "/home/kcat/Repos/pipeline_infra/spark-jobs",
                "read_only": false,
                "volume_name": ""
              }
            ],
            "wait": false,
            "wait_timeout": 60,
            "working_dir": "/opt/airflow"
          },
          "sensitive_attributes": [
            [
              {
                "type": "get_attr",
                "value": "command"
              },
              {
                "type": "index",
                "value": {
                  "value": 2,
                  "type": "number"
                }
              }
            ],
            [
              {
                "type": "get_attr",
                "value": "env"
              }
            ]
          ],
          "identity_schema_version": 0,
          "private": "eyJzY2hlbWFfdmVyc2lvbiI6IjIifQ==",
          "dependencies": [
            "docker_container.airflow_init",
            "docker_container.minio",
            "docker_container.postgres_metadata",
            "docker_container.spark_master",
            "docker_network.my_shared_network",
            "docker_volume.minio_data",
            "docker_volume.postgres_data_metadata",
            "docker_volume.spark_events"
          ]
        }
      ]
    },
    {
      "mode": "managed",
      "type": "docker_container",
      "name": "hive-metastore",
      "provider": "provider[\"registry.terraform.io/kreuzwerker/docker\"]",
      "instances": [
        {
          "schema_version": 2,
          "attributes": {
            "attach": false,
            "bridge": "",
            "capabilities": [],
            "cgroup_parent": null,
            "cgroupns_mode": null,
            "command": [
              "--service",
              "metastore"
            ],
            "container_logs": null,
            "container_read_refresh_timeout_milliseconds": 15000,
            "cpu_period": null,
            "cpu_quota": null,
            "cpu_set": "",
            "cpu_shares": 0,
            "cpus": null,
            "destroy_grace_seconds": null,
            "devices": [],
            "dns": null,
            "dns_opts": null,
            "dns_search": null,
            "domainname": "",
            "entrypoint": [
              "/opt/hive/bin/hive"
            ],
            "env": [
              "HADOOP_CONF_DIR=/opt/hive/conf",
              "HIVE_CONF_DIR=/opt/hive/conf",
              "HIVE_EXECUTION_ENGINE=mr",
              "SERVICE_NAME=metastore"
            ],
            "exit_code": null,
            "gpus": null,
            "group_add": null,
            "healthcheck": null,
            "host": [],
            "hostname": "f5cedfc017e6",
            "id": "f5cedfc017e6ce982f3376122b0aea0d281c98a5bab704a04cb67e540afe461d",
            "image": "apache/hive:4.1.0",
            "init": false,
            "ipc_mode": "private",
            "labels": [],
            "log_driver": "json-file",
            "log_opts": null,
            "logs": false,
            "max_retry_count": 0,
            "memory": 0,
            "memory_swap": 0,
            "mounts": [],
            "must_run": true,
            "name": "hive-metastore",
            "network_data": [
              {
                "gateway": "172.19.0.1",
                "global_ipv6_address": "",
                "global_ipv6_prefix_length": 0,
                "ip_address": "172.19.0.10",
                "ip_prefix_length": 16,
                "ipv6_gateway": "",
                "mac_address": "46:48:3b:5c:cb:15",
                "network_name": "my_shared_network"
              }
            ],
            "network_mode": "bridge",
            "networks_advanced": [
              {
                "aliases": [
                  "hive-metastore"
                ],
                "ipv4_address": "",
                "ipv6_address": "",
                "name": "my_shared_network"
              }
            ],
            "pid_mode": "",
            "ports": [
              {
                "external": 9083,
                "internal": 9083,
                "ip": "0.0.0.0",
                "protocol": "tcp"
              }
            ],
            "privileged": false,
            "publish_all_ports": false,
            "read_only": false,
            "remove_volumes": true,
            "restart": "unless-stopped",
            "rm": false,
            "runtime": "runc",
            "security_opts": [],
            "shm_size": 64,
            "start": true,
            "stdin_open": false,
            "stop_signal": "",
            "stop_timeout": 0,
            "storage_opts": null,
            "sysctls": null,
            "tmpfs": null,
            "tty": false,
            "ulimit": [],
            "upload": [],
            "user": "hive",
            "userns_mode": "",
            "volumes": [
              {
                "container_path": "/opt/hadoop/share/hadoop/common/lib/aws-java-sdk-bundle-1.11.1026.jar",
                "from_container": "",
                "host_path": "/home/kcat/Repos/pipeline_infra/hive/aws-java-sdk-bundle-1.11.1026.jar",
                "read_only": null,
                "volume_name": ""
              },
              {
                "container_path": "/opt/hadoop/share/hadoop/common/lib/hadoop-aws-3.3.3.jar",
                "from_container": "",
                "host_path": "/home/kcat/Repos/pipeline_infra/hive/hadoop-aws-3.3.3.jar",
                "read_only": null,
                "volume_name": ""
              },
              {
                "container_path": "/opt/hive/conf/core-site.xml",
                "from_container": "",
                "host_path": "/home/kcat/Repos/pipeline_infra/generated/core-site.xml",
                "read_only": null,
                "volume_name": ""
              },
              {
                "container_path": "/opt/hive/conf/hive-site.xml",
                "from_container": "",
                "host_path": "/home/kcat/Repos/pipeline_infra/generated/hive-site.xml",
                "read_only": null,
                "volume_name": ""
              },
              {
                "container_path": "/opt/hive/lib/aws-java-sdk-bundle-1.11.1026.jar",
                "from_container": "",
                "host_path": "/home/kcat/Repos/pipeline_infra/hive/aws-java-sdk-bundle-1.11.1026.jar",
                "read_only": null,
                "volume_name": ""
              },
              {
                "container_path": "/opt/hive/lib/hadoop-aws-3.3.3.jar",
                "from_container": "",
                "host_path": "/home/kcat/Repos/pipeline_infra/hive/hadoop-aws-3.3.3.jar",
                "read_only": null,
                "volume_name": ""
              },
              {
                "container_path": "/opt/hive/lib/postgresql-42.7.3.jar",
                "from_container": "",
                "host_path": "/home/kcat/Repos/pipeline_infra/hive/postgresql-42.7.3.jar",
                "read_only": null,
                "volume_name": ""
              }
            ],
            "wait": false,
            "wait_timeout": 60,
            "working_dir": "/opt/hive"
          },
          "sensitive_attributes": [],
          "identity_schema_version": 0,
          "private": "eyJzY2hlbWFfdmVyc2lvbiI6IjIifQ==",
          "dependencies": [
            "docker_container.postgres_metadata",
            "docker_network.my_shared_network",
            "docker_volume.postgres_data_metadata",
            "local_file.hive_site_rendered",
            "null_resource.hive_init_schema"
          ]
        }
      ]
    },
    {
      "mode": "managed",
      "type": "docker_container",
      "name": "minio",
      "provider": "provider[\"registry.terraform.io/kreuzwerker/docker\"]",
      "instances": [
        {
          "schema_version": 2,
          "attributes": {
            "attach": false,
            "bridge": "",
            "capabilities": [],
            "cgroup_parent": null,
            "cgroupns_mode": null,
            "command": [
              "server",
              "/data",
              "--console-address",
              ":9001"
            ],
            "container_logs": null,
            "container_read_refresh_timeout_milliseconds": 15000,
            "cpu_period": null,
            "cpu_quota": null,
            "cpu_set": "",
            "cpu_shares": 0,
            "cpus": null,
            "destroy_grace_seconds": null,
            "devices": [],
            "dns": null,
            "dns_opts": null,
            "dns_search": null,
            "domainname": "",
            "entrypoint": [
              "/usr/bin/docker-entrypoint.sh"
            ],
            "env": [
              "MINIO_ROOT_PASSWORD=minioadminpassword",
              "MINIO_ROOT_USER=minioadmin"
            ],
            "exit_code": null,
            "gpus": null,
            "group_add": null,
            "healthcheck": null,
            "host": [],
            "hostname": "c5335dcc4b53",
            "id": "c5335dcc4b538d5182978d3214141bb0ec35c05f0516fb0103f3f64bf3d7dcf9",
            "image": "minio/minio",
            "init": false,
            "ipc_mode": "private",
            "labels": [],
            "log_driver": "json-file",
            "log_opts": null,
            "logs": false,
            "max_retry_count": 0,
            "memory": 0,
            "memory_swap": 0,
            "mounts": [],
            "must_run": true,
            "name": "minio_storage",
            "network_data": [
              {
                "gateway": "172.19.0.1",
                "global_ipv6_address": "",
                "global_ipv6_prefix_length": 0,
                "ip_address": "172.19.0.6",
                "ip_prefix_length": 16,
                "ipv6_gateway": "",
                "mac_address": "c6:2b:b6:5b:cb:7b",
                "network_name": "my_shared_network"
              }
            ],
            "network_mode": "bridge",
            "networks_advanced": [
              {
                "aliases": [],
                "ipv4_address": "",
                "ipv6_address": "",
                "name": "my_shared_network"
              }
            ],
            "pid_mode": "",
            "ports": [
              {
                "external": 9000,
                "internal": 9000,
                "ip": "0.0.0.0",
                "protocol": "tcp"
              },
              {
                "external": 9001,
                "internal": 9001,
                "ip": "0.0.0.0",
                "protocol": "tcp"
              }
            ],
            "privileged": false,
            "publish_all_ports": false,
            "read_only": false,
            "remove_volumes": true,
            "restart": "unless-stopped",
            "rm": false,
            "runtime": "runc",
            "security_opts": [],
            "shm_size": 64,
            "start": true,
            "stdin_open": false,
            "stop_signal": "",
            "stop_timeout": 0,
            "storage_opts": null,
            "sysctls": null,
            "tmpfs": null,
            "tty": false,
            "ulimit": [],
            "upload": [],
            "user": "",
            "userns_mode": "",
            "volumes": [
              {
                "container_path": "/data",
                "from_container": "",
                "host_path": "",
                "read_only": null,
                "volume_name": "minio_data"
              }
            ],
            "wait": false,
            "wait_timeout": 60,
            "working_dir": "/"
          },
          "sensitive_attributes": [],
          "identity_schema_version": 0,
          "private": "eyJzY2hlbWFfdmVyc2lvbiI6IjIifQ==",
          "dependencies": [
            "docker_network.my_shared_network",
            "docker_volume.minio_data"
          ]
        }
      ]
    },
    {
      "mode": "managed",
      "type": "docker_container",
      "name": "ollama",
      "provider": "provider[\"registry.terraform.io/kreuzwerker/docker\"]",
      "instances": [
        {
          "schema_version": 2,
          "attributes": {
            "attach": false,
            "bridge": "",
            "capabilities": [],
            "cgroup_parent": null,
            "cgroupns_mode": null,
            "command": [
              "serve"
            ],
            "container_logs": null,
            "container_read_refresh_timeout_milliseconds": 15000,
            "cpu_period": null,
            "cpu_quota": null,
            "cpu_set": "",
            "cpu_shares": 0,
            "cpus": null,
            "destroy_grace_seconds": null,
            "devices": [],
            "dns": null,
            "dns_opts": null,
            "dns_search": null,
            "domainname": "",
            "entrypoint": [
              "/bin/ollama"
            ],
            "env": [],
            "exit_code": null,
            "gpus": null,
            "group_add": null,
            "healthcheck": null,
            "host": [],
            "hostname": "fd31fa391267",
            "id": "fd31fa391267eebddc9c9078793f99f6de0973f8a79e6fc2dbc8c444dc3e547b",
            "image": "ollama/ollama:latest",
            "init": false,
            "ipc_mode": "private",
            "labels": [],
            "log_driver": "json-file",
            "log_opts": null,
            "logs": false,
            "max_retry_count": 0,
            "memory": 0,
            "memory_swap": 0,
            "mounts": [],
            "must_run": true,
            "name": "ollama_llm",
            "network_data": [
              {
                "gateway": "172.19.0.1",
                "global_ipv6_address": "",
                "global_ipv6_prefix_length": 0,
                "ip_address": "172.19.0.5",
                "ip_prefix_length": 16,
                "ipv6_gateway": "",
                "mac_address": "da:e4:54:cc:86:2c",
                "network_name": "my_shared_network"
              }
            ],
            "network_mode": "bridge",
            "networks_advanced": [
              {
                "aliases": [],
                "ipv4_address": "",
                "ipv6_address": "",
                "name": "my_shared_network"
              }
            ],
            "pid_mode": "",
            "ports": [
              {
                "external": 11434,
                "internal": 11434,
                "ip": "0.0.0.0",
                "protocol": "tcp"
              }
            ],
            "privileged": false,
            "publish_all_ports": false,
            "read_only": false,
            "remove_volumes": true,
            "restart": "unless-stopped",
            "rm": false,
            "runtime": "runc",
            "security_opts": [],
            "shm_size": 64,
            "start": true,
            "stdin_open": false,
            "stop_signal": "",
            "stop_timeout": 0,
            "storage_opts": null,
            "sysctls": null,
            "tmpfs": null,
            "tty": false,
            "ulimit": [],
            "upload": [],
            "user": "",
            "userns_mode": "",
            "volumes": [
              {
                "container_path": "/root/.ollama",
                "from_container": "",
                "host_path": "",
                "read_only": null,
                "volume_name": "ollama_models"
              }
            ],
            "wait": false,
            "wait_timeout": 60,
            "working_dir": ""
          },
          "sensitive_attributes": [],
          "identity_schema_version": 0,
          "private": "eyJzY2hlbWFfdmVyc2lvbiI6IjIifQ==",
          "dependencies": [
            "docker_container.ollama_init",
            "docker_network.my_shared_network",
            "docker_volume.ollama_models"
          ]
        }
      ]
    },
    {
      "mode": "managed",
      "type": "docker_container",
      "name": "ollama_init",
      "provider": "provider[\"registry.terraform.io/kreuzwerker/docker\"]",
      "instances": [
        {
          "schema_version": 2,
          "attributes": {
            "attach": false,
            "bridge": "",
            "capabilities": [],
            "cgroup_parent": null,
            "cgroupns_mode": null,
            "command": [
              "-c",
              "# Start server in background\nollama serve \u0026\nPID=$!\n      \n# Wait for the server to fully start\nsleep 5\n      \n# Run all pull commands (ensuring success)\nollama pull llama3 \u0026\u0026 ollama pull nomic-embed-text \u0026\u0026 ollama pull gemma2\n      \n# Kill the background server process\nkill $PID\n"
            ],
            "container_logs": null,
            "container_read_refresh_timeout_milliseconds": 15000,
            "cpu_period": null,
            "cpu_quota": null,
            "cpu_set": "",
            "cpu_shares": 0,
            "cpus": null,
            "destroy_grace_seconds": null,
            "devices": [],
            "dns": [],
            "dns_opts": [],
            "dns_search": [],
            "domainname": "",
            "entrypoint": [
              "/bin/sh"
            ],
            "env": [],
            "exit_code": 0,
            "gpus": null,
            "group_add": [],
            "healthcheck": [],
            "host": [],
            "hostname": "525fce32e494",
            "id": "525fce32e494501d99717f18f553818c4a2ce120267dc22cbb45c6db01096b12",
            "image": "ollama/ollama:latest",
            "init": false,
            "ipc_mode": "private",
            "labels": [],
            "log_driver": "json-file",
            "log_opts": {},
            "logs": false,
            "max_retry_count": 0,
            "memory": 0,
            "memory_swap": 0,
            "mounts": [],
            "must_run": false,
            "name": "ollama_init",
            "network_data": [
              {
                "gateway": "",
                "global_ipv6_address": "",
                "global_ipv6_prefix_length": 0,
                "ip_address": "",
                "ip_prefix_length": 0,
                "ipv6_gateway": "",
                "mac_address": "",
                "network_name": "my_shared_network"
              }
            ],
            "network_mode": "bridge",
            "networks_advanced": [
              {
                "aliases": [],
                "ipv4_address": "",
                "ipv6_address": "",
                "name": "my_shared_network"
              }
            ],
            "pid_mode": "",
            "ports": [],
            "privileged": false,
            "publish_all_ports": false,
            "read_only": false,
            "remove_volumes": true,
            "restart": "no",
            "rm": false,
            "runtime": "runc",
            "security_opts": [],
            "shm_size": 64,
            "start": true,
            "stdin_open": false,
            "stop_signal": "",
            "stop_timeout": 0,
            "storage_opts": {},
            "sysctls": {},
            "tmpfs": {},
            "tty": false,
            "ulimit": [],
            "upload": [],
            "user": "",
            "userns_mode": "",
            "volumes": [
              {
                "container_path": "/root/.ollama",
                "from_container": "",
                "host_path": "",
                "read_only": false,
                "volume_name": "ollama_models"
              }
            ],
            "wait": false,
            "wait_timeout": 60,
            "working_dir": ""
          },
          "sensitive_attributes": [],
          "identity_schema_version": 0,
          "private": "eyJzY2hlbWFfdmVyc2lvbiI6IjIifQ==",
          "dependencies": [
            "docker_network.my_shared_network",
            "docker_volume.ollama_models"
          ]
        }
      ]
    },
    {
      "mode": "managed",
      "type": "docker_container",
      "name": "postgres_data",
      "provider": "provider[\"registry.terraform.io/kreuzwerker/docker\"]",
      "instances": [
        {
          "schema_version": 2,
          "attributes": {
            "attach": false,
            "bridge": "",
            "capabilities": [],
            "cgroup_parent": null,
            "cgroupns_mode": null,
            "command": [
              "postgres"
            ],
            "container_logs": null,
            "container_read_refresh_timeout_milliseconds": 15000,
            "cpu_period": null,
            "cpu_quota": null,
            "cpu_set": "",
            "cpu_shares": 0,
            "cpus": null,
            "destroy_grace_seconds": null,
            "devices": [],
            "dns": null,
            "dns_opts": null,
            "dns_search": null,
            "domainname": "",
            "entrypoint": [
              "docker-entrypoint.sh"
            ],
            "env": [
              "PGDATA=/var/lib/postgresql/data/pgdata",
              "POSTGRES_DB=domain_data",
              "POSTGRES_PASSWORD=thisismypgpass12",
              "POSTGRES_USER=kcat"
            ],
            "exit_code": null,
            "gpus": null,
            "group_add": null,
            "healthcheck": null,
            "host": [],
            "hostname": "140af628bfe9",
            "id": "140af628bfe9b4eedbc0681b77a405c7cae6bd77b3d7ab71ca0a5a65eff5d6c8",
            "image": "postgres:16-alpine",
            "init": false,
            "ipc_mode": "private",
            "labels": [],
            "log_driver": "json-file",
            "log_opts": null,
            "logs": false,
            "max_retry_count": 0,
            "memory": 0,
            "memory_swap": 0,
            "mounts": [],
            "must_run": true,
            "name": "postgres_data_db",
            "network_data": [
              {
                "gateway": "172.19.0.1",
                "global_ipv6_address": "",
                "global_ipv6_prefix_length": 0,
                "ip_address": "172.19.0.3",
                "ip_prefix_length": 16,
                "ipv6_gateway": "",
                "mac_address": "42:00:e7:b5:ab:00",
                "network_name": "my_shared_network"
              }
            ],
            "network_mode": "bridge",
            "networks_advanced": [
              {
                "aliases": [],
                "ipv4_address": "",
                "ipv6_address": "",
                "name": "my_shared_network"
              }
            ],
            "pid_mode": "",
            "ports": [
              {
                "external": 5436,
                "internal": 5432,
                "ip": "0.0.0.0",
                "protocol": "tcp"
              }
            ],
            "privileged": false,
            "publish_all_ports": false,
            "read_only": false,
            "remove_volumes": true,
            "restart": "unless-stopped",
            "rm": false,
            "runtime": "runc",
            "security_opts": [],
            "shm_size": 64,
            "start": true,
            "stdin_open": false,
            "stop_signal": "SIGINT",
            "stop_timeout": 0,
            "storage_opts": null,
            "sysctls": null,
            "tmpfs": null,
            "tty": false,
            "ulimit": [],
            "upload": [],
            "user": "",
            "userns_mode": "",
            "volumes": [
              {
                "container_path": "/var/lib/postgresql/data",
                "from_container": "",
                "host_path": "",
                "read_only": null,
                "volume_name": "postgres_data_domain"
              }
            ],
            "wait": false,
            "wait_timeout": 60,
            "working_dir": "/"
          },
          "sensitive_attributes": [
            [
              {
                "type": "get_attr",
                "value": "env"
              }
            ]
          ],
          "identity_schema_version": 0,
          "private": "eyJzY2hlbWFfdmVyc2lvbiI6IjIifQ==",
          "dependencies": [
            "docker_network.my_shared_network",
            "docker_volume.postgres_data_domain"
          ]
        }
      ]
    },
    {
      "mode": "managed",
      "type": "docker_container",
      "name": "postgres_metadata",
      "provider": "provider[\"registry.terraform.io/kreuzwerker/docker\"]",
      "instances": [
        {
          "schema_version": 2,
          "attributes": {
            "attach": false,
            "bridge": "",
            "capabilities": [],
            "cgroup_parent": null,
            "cgroupns_mode": null,
            "command": [
              "postgres"
            ],
            "container_logs": null,
            "container_read_refresh_timeout_milliseconds": 15000,
            "cpu_period": null,
            "cpu_quota": null,
            "cpu_set": "",
            "cpu_shares": 0,
            "cpus": null,
            "destroy_grace_seconds": null,
            "devices": [],
            "dns": null,
            "dns_opts": null,
            "dns_search": null,
            "domainname": "",
            "entrypoint": [
              "docker-entrypoint.sh"
            ],
            "env": [
              "PGDATA=/var/lib/postgresql/data/pgdata",
              "POSTGRES_DB=metadata",
              "POSTGRES_PASSWORD=thisismypgpass12",
              "POSTGRES_USER=kcat"
            ],
            "exit_code": null,
            "gpus": null,
            "group_add": null,
            "healthcheck": null,
            "host": [],
            "hostname": "33b29f640773",
            "id": "33b29f640773fdda446dd1e191b2d2a3ff883f748604f4c2800f58edefb1fc1e",
            "image": "postgres:16-alpine",
            "init": false,
            "ipc_mode": "private",
            "labels": [],
            "log_driver": "json-file",
            "log_opts": null,
            "logs": false,
            "max_retry_count": 0,
            "memory": 0,
            "memory_swap": 0,
            "mounts": [],
            "must_run": true,
            "name": "postgres_metadata_db",
            "network_data": [
              {
                "gateway": "172.19.0.1",
                "global_ipv6_address": "",
                "global_ipv6_prefix_length": 0,
                "ip_address": "172.19.0.7",
                "ip_prefix_length": 16,
                "ipv6_gateway": "",
                "mac_address": "a6:19:d8:41:00:3f",
                "network_name": "my_shared_network"
              }
            ],
            "network_mode": "bridge",
            "networks_advanced": [
              {
                "aliases": [],
                "ipv4_address": "",
                "ipv6_address": "",
                "name": "my_shared_network"
              }
            ],
            "pid_mode": "",
            "ports": [
              {
                "external": 5435,
                "internal": 5432,
                "ip": "0.0.0.0",
                "protocol": "tcp"
              }
            ],
            "privileged": false,
            "publish_all_ports": false,
            "read_only": false,
            "remove_volumes": true,
            "restart": "unless-stopped",
            "rm": false,
            "runtime": "runc",
            "security_opts": [],
            "shm_size": 64,
            "start": true,
            "stdin_open": false,
            "stop_signal": "SIGINT",
            "stop_timeout": 0,
            "storage_opts": null,
            "sysctls": null,
            "tmpfs": null,
            "tty": false,
            "ulimit": [],
            "upload": [],
            "user": "",
            "userns_mode": "",
            "volumes": [
              {
                "container_path": "/var/lib/postgresql/data",
                "from_container": "",
                "host_path": "",
                "read_only": null,
                "volume_name": "postgres_data_metadata"
              }
            ],
            "wait": false,
            "wait_timeout": 60,
            "working_dir": "/"
          },
          "sensitive_attributes": [
            [
              {
                "type": "get_attr",
                "value": "env"
              }
            ]
          ],
          "identity_schema_version": 0,
          "private": "eyJzY2hlbWFfdmVyc2lvbiI6IjIifQ==",
          "dependencies": [
            "docker_network.my_shared_network",
            "docker_volume.postgres_data_metadata"
          ]
        }
      ]
    },
    {
      "mode": "managed",
      "type": "docker_container",
      "name": "spark_master",
      "provider": "provider[\"registry.terraform.io/kreuzwerker/docker\"]",
      "instances": [
        {
          "schema_version": 2,
          "attributes": {
            "attach": false,
            "bridge": "",
            "capabilities": [],
            "cgroup_parent": null,
            "cgroupns_mode": null,
            "command": [
              "/opt/spark/bin/spark-class",
              "org.apache.spark.deploy.master.Master"
            ],
            "container_logs": null,
            "container_read_refresh_timeout_milliseconds": 15000,
            "cpu_period": null,
            "cpu_quota": null,
            "cpu_set": "",
            "cpu_shares": 0,
            "cpus": null,
            "destroy_grace_seconds": null,
            "devices": [],
            "dns": null,
            "dns_opts": null,
            "dns_search": null,
            "domainname": "",
            "entrypoint": [
              "/opt/entrypoint.sh"
            ],
            "env": [
              "SPARK_EVENT_LOG_DIR=/opt/spark/events",
              "SPARK_EVENT_LOG_ENABLED=true",
              "SPARK_MASTER_WEBUI_PORT=8080"
            ],
            "exit_code": null,
            "gpus": null,
            "group_add": null,
            "healthcheck": null,
            "host": [],
            "hostname": "84276c080656",
            "id": "84276c080656182204e4c2106175d1ad0b4d43ffa95217aa1f2d033b4516ffce",
            "image": "apache/spark:3.5.1",
            "init": false,
            "ipc_mode": "private",
            "labels": [],
            "log_driver": "json-file",
            "log_opts": null,
            "logs": false,
            "max_retry_count": 0,
            "memory": 0,
            "memory_swap": 0,
            "mounts": [],
            "must_run": true,
            "name": "spark_master",
            "network_data": [
              {
                "gateway": "172.19.0.1",
                "global_ipv6_address": "",
                "global_ipv6_prefix_length": 0,
                "ip_address": "172.19.0.4",
                "ip_prefix_length": 16,
                "ipv6_gateway": "",
                "mac_address": "ca:f4:f2:cc:7b:54",
                "network_name": "my_shared_network"
              }
            ],
            "network_mode": "bridge",
            "networks_advanced": [
              {
                "aliases": [],
                "ipv4_address": "",
                "ipv6_address": "",
                "name": "my_shared_network"
              }
            ],
            "pid_mode": "",
            "ports": [
              {
                "external": 7077,
                "internal": 7077,
                "ip": "0.0.0.0",
                "protocol": "tcp"
              },
              {
                "external": 8081,
                "internal": 8080,
                "ip": "0.0.0.0",
                "protocol": "tcp"
              }
            ],
            "privileged": false,
            "publish_all_ports": false,
            "read_only": false,
            "remove_volumes": true,
            "restart": "unless-stopped",
            "rm": false,
            "runtime": "runc",
            "security_opts": [],
            "shm_size": 64,
            "start": true,
            "stdin_open": false,
            "stop_signal": "",
            "stop_timeout": 0,
            "storage_opts": null,
            "sysctls": null,
            "tmpfs": null,
            "tty": false,
            "ulimit": [],
            "upload": [],
            "user": "spark",
            "userns_mode": "",
            "volumes": [
              {
                "container_path": "/opt/spark/events",
                "from_container": "",
                "host_path": "",
                "read_only": null,
                "volume_name": "spark_events"
              },
              {
                "container_path": "/opt/spark/jobs",
                "from_container": "",
                "host_path": "/home/kcat/Repos/pipeline_infra/spark-jobs",
                "read_only": null,
                "volume_name": ""
              }
            ],
            "wait": false,
            "wait_timeout": 60,
            "working_dir": "/opt/spark/work-dir"
          },
          "sensitive_attributes": [],
          "identity_schema_version": 0,
          "private": "eyJzY2hlbWFfdmVyc2lvbiI6IjIifQ==",
          "dependencies": [
            "docker_network.my_shared_network",
            "docker_volume.spark_events"
          ]
        }
      ]
    },
    {
      "mode": "managed",
      "type": "docker_container",
      "name": "spark_worker",
      "provider": "provider[\"registry.terraform.io/kreuzwerker/docker\"]",
      "instances": [
        {
          "schema_version": 2,
          "attributes": {
            "attach": false,
            "bridge": "",
            "capabilities": [],
            "cgroup_parent": null,
            "cgroupns_mode": null,
            "command": [
              "/opt/spark/bin/spark-class",
              "org.apache.spark.deploy.worker.Worker",
              "spark://spark-master:7077"
            ],
            "container_logs": null,
            "container_read_refresh_timeout_milliseconds": 15000,
            "cpu_period": null,
            "cpu_quota": null,
            "cpu_set": "",
            "cpu_shares": 0,
            "cpus": null,
            "destroy_grace_seconds": null,
            "devices": [],
            "dns": null,
            "dns_opts": null,
            "dns_search": null,
            "domainname": "",
            "entrypoint": [
              "/opt/entrypoint.sh"
            ],
            "env": [
              "SPARK_MASTER_URL=spark://spark-master:7077",
              "SPARK_WORKER_CORES=2",
              "SPARK_WORKER_MEMORY=2g"
            ],
            "exit_code": null,
            "gpus": null,
            "group_add": null,
            "healthcheck": null,
            "host": [],
            "hostname": "fef7f8459654",
            "id": "fef7f84596542ec5113d994cf6288fed20c61acae65df6044009e81a276d8eeb",
            "image": "apache/spark:3.5.1",
            "init": false,
            "ipc_mode": "private",
            "labels": [],
            "log_driver": "json-file",
            "log_opts": null,
            "logs": false,
            "max_retry_count": 0,
            "memory": 0,
            "memory_swap": 0,
            "mounts": [],
            "must_run": true,
            "name": "spark_worker",
            "network_data": [
              {
                "gateway": "172.19.0.1",
                "global_ipv6_address": "",
                "global_ipv6_prefix_length": 0,
                "ip_address": "172.19.0.8",
                "ip_prefix_length": 16,
                "ipv6_gateway": "",
                "mac_address": "3a:10:bd:43:08:85",
                "network_name": "my_shared_network"
              }
            ],
            "network_mode": "bridge",
            "networks_advanced": [
              {
                "aliases": [],
                "ipv4_address": "",
                "ipv6_address": "",
                "name": "my_shared_network"
              }
            ],
            "pid_mode": "",
            "ports": [],
            "privileged": false,
            "publish_all_ports": false,
            "read_only": false,
            "remove_volumes": true,
            "restart": "unless-stopped",
            "rm": false,
            "runtime": "runc",
            "security_opts": [],
            "shm_size": 64,
            "start": true,
            "stdin_open": false,
            "stop_signal": "",
            "stop_timeout": 0,
            "storage_opts": null,
            "sysctls": null,
            "tmpfs": null,
            "tty": false,
            "ulimit": [],
            "upload": [],
            "user": "spark",
            "userns_mode": "",
            "volumes": [
              {
                "container_path": "/opt/spark/events",
                "from_container": "",
                "host_path": "",
                "read_only": null,
                "volume_name": "spark_events"
              }
            ],
            "wait": false,
            "wait_timeout": 60,
            "working_dir": "/opt/spark/work-dir"
          },
          "sensitive_attributes": [],
          "identity_schema_version": 0,
          "private": "eyJzY2hlbWFfdmVyc2lvbiI6IjIifQ==",
          "dependencies": [
            "docker_container.spark_master",
            "docker_network.my_shared_network",
            "docker_volume.spark_events"
          ]
        }
      ]
    },
    {
      "mode": "managed",
      "type": "docker_container",
      "name": "sqlite",
      "provider": "provider[\"registry.terraform.io/kreuzwerker/docker\"]",
      "instances": [
        {
          "schema_version": 2,
          "attributes": {
            "attach": false,
            "bridge": "",
            "capabilities": [],
            "cgroup_parent": null,
            "cgroupns_mode": null,
            "command": [
              "tail",
              "-f",
              "/dev/null"
            ],
            "container_logs": null,
            "container_read_refresh_timeout_milliseconds": 15000,
            "cpu_period": null,
            "cpu_quota": null,
            "cpu_set": "",
            "cpu_shares": 0,
            "cpus": null,
            "destroy_grace_seconds": null,
            "devices": [],
            "dns": null,
            "dns_opts": null,
            "dns_search": null,
            "domainname": "",
            "entrypoint": [],
            "env": [],
            "exit_code": null,
            "gpus": null,
            "group_add": null,
            "healthcheck": null,
            "host": [],
            "hostname": "d059625f6e70",
            "id": "d059625f6e707820deabbe21b01416afefa0a0c7c4158321cf1f64b42e80202d",
            "image": "busybox:latest",
            "init": false,
            "ipc_mode": "private",
            "labels": [],
            "log_driver": "json-file",
            "log_opts": null,
            "logs": false,
            "max_retry_count": 0,
            "memory": 0,
            "memory_swap": 0,
            "mounts": [],
            "must_run": true,
            "name": "sqlite_metastore_db",
            "network_data": [
              {
                "gateway": "172.19.0.1",
                "global_ipv6_address": "",
                "global_ipv6_prefix_length": 0,
                "ip_address": "172.19.0.2",
                "ip_prefix_length": 16,
                "ipv6_gateway": "",
                "mac_address": "a6:67:57:01:7f:20",
                "network_name": "my_shared_network"
              }
            ],
            "network_mode": "bridge",
            "networks_advanced": [
              {
                "aliases": [],
                "ipv4_address": "",
                "ipv6_address": "",
                "name": "my_shared_network"
              }
            ],
            "pid_mode": "",
            "ports": [],
            "privileged": false,
            "publish_all_ports": false,
            "read_only": false,
            "remove_volumes": true,
            "restart": "no",
            "rm": false,
            "runtime": "runc",
            "security_opts": [],
            "shm_size": 64,
            "start": true,
            "stdin_open": false,
            "stop_signal": "",
            "stop_timeout": 0,
            "storage_opts": null,
            "sysctls": null,
            "tmpfs": null,
            "tty": false,
            "ulimit": [],
            "upload": [],
            "user": "",
            "userns_mode": "",
            "volumes": [
              {
                "container_path": "/data",
                "from_container": "",
                "host_path": "",
                "read_only": null,
                "volume_name": "sqlite_data"
              }
            ],
            "wait": false,
            "wait_timeout": 60,
            "working_dir": ""
          },
          "sensitive_attributes": [],
          "identity_schema_version": 0,
          "private": "eyJzY2hlbWFfdmVyc2lvbiI6IjIifQ==",
          "dependencies": [
            "docker_network.my_shared_network",
            "docker_volume.sqlite_data"
          ]
        }
      ]
    },
    {
      "mode": "managed",
      "type": "docker_container",
      "name": "superset",
      "provider": "provider[\"registry.terraform.io/kreuzwerker/docker\"]",
      "instances": [
        {
          "schema_version": 2,
          "attributes": {
            "attach": false,
            "bridge": "",
            "capabilities": [],
            "cgroup_parent": null,
            "cgroupns_mode": null,
            "command": [
              "/usr/bin/run-server.sh"
            ],
            "container_logs": null,
            "container_read_refresh_timeout_milliseconds": 15000,
            "cpu_period": null,
            "cpu_quota": null,
            "cpu_set": "",
            "cpu_shares": 0,
            "cpus": null,
            "destroy_grace_seconds": null,
            "devices": [],
            "dns": null,
            "dns_opts": null,
            "dns_search": null,
            "domainname": "",
            "entrypoint": [],
            "env": [
              "SQLALCHEMY_DATABASE_URI=postgresql://kcat:thisismypgpass12@postgres_metadata_db:5432/metadata",
              "SUPERSET_LOAD_EXAMPLES=false",
              "SUPERSET_SECRET_KEY=ThisIsMyCurerntSercretKey"
            ],
            "exit_code": null,
            "gpus": null,
            "group_add": null,
            "healthcheck": [
              {
                "interval": "0s",
                "retries": 0,
                "start_interval": "0s",
                "start_period": "0s",
                "test": [
                  "CMD-SHELL",
                  "curl -f \"http://localhost:$SUPERSET_PORT/health\""
                ],
                "timeout": "0s"
              }
            ],
            "host": [],
            "hostname": "b26213c85fe1",
            "id": "b26213c85fe1832f3a7d54220ca51d1985487d600625ba440aebd025981e8c8e",
            "image": "apache/superset:3.0.0",
            "init": false,
            "ipc_mode": "private",
            "labels": [],
            "log_driver": "json-file",
            "log_opts": null,
            "logs": false,
            "max_retry_count": 0,
            "memory": 0,
            "memory_swap": 0,
            "mounts": [],
            "must_run": true,
            "name": "superset_app",
            "network_data": [
              {
                "gateway": "172.19.0.1",
                "global_ipv6_address": "",
                "global_ipv6_prefix_length": 0,
                "ip_address": "172.19.0.15",
                "ip_prefix_length": 16,
                "ipv6_gateway": "",
                "mac_address": "e2:db:9d:ed:98:2b",
                "network_name": "my_shared_network"
              }
            ],
            "network_mode": "bridge",
            "networks_advanced": [
              {
                "aliases": [],
                "ipv4_address": "",
                "ipv6_address": "",
                "name": "my_shared_network"
              }
            ],
            "pid_mode": "",
            "ports": [
              {
                "external": 8088,
                "internal": 8088,
                "ip": "0.0.0.0",
                "protocol": "tcp"
              }
            ],
            "privileged": false,
            "publish_all_ports": false,
            "read_only": false,
            "remove_volumes": true,
            "restart": "unless-stopped",
            "rm": false,
            "runtime": "runc",
            "security_opts": [],
            "shm_size": 64,
            "start": true,
            "stdin_open": false,
            "stop_signal": "",
            "stop_timeout": 0,
            "storage_opts": null,
            "sysctls": null,
            "tmpfs": null,
            "tty": false,
            "ulimit": [],
            "upload": [],
            "user": "superset",
            "userns_mode": "",
            "volumes": [
              {
                "container_path": "/app",
                "from_container": "",
                "host_path": "",
                "read_only": null,
                "volume_name": "sqlite_data"
              }
            ],
            "wait": false,
            "wait_timeout": 60,
            "working_dir": "/app"
          },
          "sensitive_attributes": [
            [
              {
                "type": "get_attr",
                "value": "env"
              }
            ]
          ],
          "identity_schema_version": 0,
          "private": "eyJzY2hlbWFfdmVyc2lvbiI6IjIifQ==",
          "dependencies": [
            "docker_container.hive-metastore",
            "docker_container.postgres_metadata",
            "docker_container.superset_init",
            "docker_network.my_shared_network",
            "docker_volume.postgres_data_metadata",
            "docker_volume.sqlite_data",
            "local_file.hive_site_rendered",
            "null_resource.hive_init_schema"
          ]
        }
      ]
    },
    {
      "mode": "managed",
      "type": "docker_container",
      "name": "superset_init",
      "provider": "provider[\"registry.terraform.io/kreuzwerker/docker\"]",
      "instances": [
        {
          "schema_version": 2,
          "attributes": {
            "attach": false,
            "bridge": "",
            "capabilities": [],
            "cgroup_parent": null,
            "cgroupns_mode": null,
            "command": [
              "/bin/bash",
              "-c",
              "pip install trino sqlalchemy-trino\nsuperset db upgrade \nsuperset fab create-admin --username superset_admin --firstname Superset --lastname Admin --email whoislearningiam@gmail.com --password MySecurePassword123!\nsuperset init\necho 'Initialization complete. Pausing for 10 seconds...'\nsleep 10\n"
            ],
            "container_logs": null,
            "container_read_refresh_timeout_milliseconds": 15000,
            "cpu_period": null,
            "cpu_quota": null,
            "cpu_set": "",
            "cpu_shares": 0,
            "cpus": null,
            "destroy_grace_seconds": null,
            "devices": [],
            "dns": null,
            "dns_opts": null,
            "dns_search": null,
            "domainname": "",
            "entrypoint": [],
            "env": [
              "SQLALCHEMY_DATABASE_URI=postgresql://kcat:thisismypgpass12@postgres_metadata_db:5432/metadata",
              "SUPERSET_ADMIN_EMAIL=whoislearningiam@gmail.com",
              "SUPERSET_ADMIN_PASSWORD=MySecurePassword123!",
              "SUPERSET_ADMIN_USERNAME=superset_admin",
              "SUPERSET_SECRET_KEY=ThisIsMyCurerntSercretKey"
            ],
            "exit_code": null,
            "gpus": null,
            "group_add": null,
            "healthcheck": [
              {
                "interval": "0s",
                "retries": 0,
                "start_interval": "0s",
                "start_period": "0s",
                "test": [
                  "CMD-SHELL",
                  "curl -f \"http://localhost:$SUPERSET_PORT/health\""
                ],
                "timeout": "0s"
              }
            ],
            "host": [],
            "hostname": "efda3744fc9f",
            "id": "efda3744fc9fb3f35b9d9aa1800ea6bdced6ab007e0b2364cfdee75dfbb57204",
            "image": "apache/superset:3.0.0",
            "init": false,
            "ipc_mode": "private",
            "labels": [],
            "log_driver": "json-file",
            "log_opts": null,
            "logs": false,
            "max_retry_count": 0,
            "memory": 0,
            "memory_swap": 0,
            "mounts": [],
            "must_run": true,
            "name": "superset_init",
            "network_data": [
              {
                "gateway": "172.19.0.1",
                "global_ipv6_address": "",
                "global_ipv6_prefix_length": 0,
                "ip_address": "172.19.0.13",
                "ip_prefix_length": 16,
                "ipv6_gateway": "",
                "mac_address": "5e:fd:e2:43:bb:3d",
                "network_name": "my_shared_network"
              }
            ],
            "network_mode": "bridge",
            "networks_advanced": [
              {
                "aliases": [],
                "ipv4_address": "",
                "ipv6_address": "",
                "name": "my_shared_network"
              }
            ],
            "pid_mode": "",
            "ports": [],
            "privileged": false,
            "publish_all_ports": false,
            "read_only": false,
            "remove_volumes": true,
            "restart": "no",
            "rm": false,
            "runtime": "runc",
            "security_opts": [],
            "shm_size": 64,
            "start": true,
            "stdin_open": false,
            "stop_signal": "",
            "stop_timeout": 0,
            "storage_opts": null,
            "sysctls": null,
            "tmpfs": null,
            "tty": false,
            "ulimit": [],
            "upload": [],
            "user": "superset",
            "userns_mode": "",
            "volumes": [
              {
                "container_path": "/app",
                "from_container": "",
                "host_path": "",
                "read_only": null,
                "volume_name": "sqlite_data"
              }
            ],
            "wait": false,
            "wait_timeout": 60,
            "working_dir": "/app"
          },
          "sensitive_attributes": [
            [
              {
                "type": "get_attr",
                "value": "command"
              },
              {
                "type": "index",
                "value": {
                  "value": 2,
                  "type": "number"
                }
              }
            ],
            [
              {
                "type": "get_attr",
                "value": "env"
              }
            ]
          ],
          "identity_schema_version": 0,
          "private": "eyJzY2hlbWFfdmVyc2lvbiI6IjIifQ==",
          "dependencies": [
            "docker_container.hive-metastore",
            "docker_container.postgres_metadata",
            "docker_network.my_shared_network",
            "docker_volume.postgres_data_metadata",
            "docker_volume.sqlite_data",
            "local_file.hive_site_rendered",
            "null_resource.hive_init_schema"
          ]
        }
      ]
    },
    {
      "mode": "managed",
      "type": "docker_container",
      "name": "trino",
      "provider": "provider[\"registry.terraform.io/kreuzwerker/docker\"]",
      "instances": [
        {
          "schema_version": 2,
          "attributes": {
            "attach": false,
            "bridge": "",
            "capabilities": [],
            "cgroup_parent": null,
            "cgroupns_mode": null,
            "command": [],
            "container_logs": null,
            "container_read_refresh_timeout_milliseconds": 15000,
            "cpu_period": null,
            "cpu_quota": null,
            "cpu_set": "",
            "cpu_shares": 0,
            "cpus": null,
            "destroy_grace_seconds": null,
            "devices": [],
            "dns": null,
            "dns_opts": null,
            "dns_search": null,
            "domainname": "",
            "entrypoint": [
              "/usr/lib/trino/bin/run-trino"
            ],
            "env": [],
            "exit_code": null,
            "gpus": null,
            "group_add": null,
            "healthcheck": [
              {
                "interval": "10s",
                "retries": 0,
                "start_interval": "0s",
                "start_period": "10s",
                "test": [
                  "CMD-SHELL",
                  "/usr/lib/trino/bin/health-check"
                ],
                "timeout": "5s"
              }
            ],
            "host": [],
            "hostname": "146bb9dec788",
            "id": "146bb9dec788f818566a4dee874597cc98b520828b01da886f3dbdb0946a5f40",
            "image": "trinodb/trino:latest",
            "init": false,
            "ipc_mode": "private",
            "labels": [],
            "log_driver": "json-file",
            "log_opts": null,
            "logs": false,
            "max_retry_count": 0,
            "memory": 0,
            "memory_swap": 0,
            "mounts": [],
            "must_run": true,
            "name": "trino_query_engine",
            "network_data": [
              {
                "gateway": "172.19.0.1",
                "global_ipv6_address": "",
                "global_ipv6_prefix_length": 0,
                "ip_address": "172.19.0.14",
                "ip_prefix_length": 16,
                "ipv6_gateway": "",
                "mac_address": "76:f1:8a:cd:5f:01",
                "network_name": "my_shared_network"
              }
            ],
            "network_mode": "bridge",
            "networks_advanced": [
              {
                "aliases": [
                  "trino"
                ],
                "ipv4_address": "",
                "ipv6_address": "",
                "name": "my_shared_network"
              }
            ],
            "pid_mode": "",
            "ports": [
              {
                "external": 8082,
                "internal": 8080,
                "ip": "0.0.0.0",
                "protocol": "tcp"
              }
            ],
            "privileged": false,
            "publish_all_ports": false,
            "read_only": false,
            "remove_volumes": true,
            "restart": "unless-stopped",
            "rm": false,
            "runtime": "runc",
            "security_opts": [],
            "shm_size": 64,
            "start": true,
            "stdin_open": false,
            "stop_signal": "",
            "stop_timeout": 0,
            "storage_opts": null,
            "sysctls": null,
            "tmpfs": null,
            "tty": false,
            "ulimit": [],
            "upload": [],
            "user": "1000:1000",
            "userns_mode": "",
            "volumes": [
              {
                "container_path": "/etc/trino",
                "from_container": "",
                "host_path": "/home/kcat/Repos/pipeline_infra/trino/etc",
                "read_only": null,
                "volume_name": ""
              },
              {
                "container_path": "/var/lib/trino",
                "from_container": "",
                "host_path": "/home/kcat/Repos/pipeline_infra/trino_data",
                "read_only": null,
                "volume_name": ""
              }
            ],
            "wait": false,
            "wait_timeout": 60,
            "working_dir": "/"
          },
          "sensitive_attributes": [],
          "identity_schema_version": 0,
          "private": "eyJzY2hlbWFfdmVyc2lvbiI6IjIifQ==",
          "dependencies": [
            "docker_container.hive-metastore",
            "docker_container.minio",
            "docker_container.postgres_metadata",
            "docker_network.my_shared_network",
            "docker_volume.minio_data",
            "docker_volume.postgres_data_metadata",
            "local_file.hive_site_rendered",
            "null_resource.hive_init_schema"
          ]
        }
      ]
    },
    {
      "mode": "managed",
      "type": "docker_network",
      "name": "my_shared_network",
      "provider": "provider[\"registry.terraform.io/kreuzwerker/docker\"]",
      "instances": [
        {
          "schema_version": 1,
          "attributes": {
            "attachable": false,
            "check_duplicate": null,
            "driver": "bridge",
            "id": "ff90ba538abf3b1fdf61f271dc7b4d0d84d27141c0ca09d13af9185ecc73732a",
            "ingress": false,
            "internal": false,
            "ipam_config": [
              {
                "aux_address": {},
                "gateway": "172.19.0.1",
                "ip_range": "",
                "subnet": "172.19.0.0/16"
              }
            ],
            "ipam_driver": "default",
            "ipam_options": {},
            "ipv6": false,
            "labels": [],
            "name": "my_shared_network",
            "options": {},
            "scope": "local"
          },
          "sensitive_attributes": [],
          "identity_schema_version": 0,
          "private": "eyJzY2hlbWFfdmVyc2lvbiI6IjEifQ=="
        }
      ]
    },
    {
      "mode": "managed",
      "type": "docker_volume",
      "name": "minio_data",
      "provider": "provider[\"registry.terraform.io/kreuzwerker/docker\"]",
      "instances": [
        {
          "schema_version": 1,
          "attributes": {
            "driver": "local",
            "driver_opts": {},
            "id": "minio_data",
            "labels": [],
            "mountpoint": "/var/snap/docker/common/var-lib-docker/volumes/minio_data/_data",
            "name": "minio_data"
          },
          "sensitive_attributes": [],
          "identity_schema_version": 0,
          "private": "eyJzY2hlbWFfdmVyc2lvbiI6IjEifQ=="
        }
      ]
    },
    {
      "mode": "managed",
      "type": "docker_volume",
      "name": "ollama_models",
      "provider": "provider[\"registry.terraform.io/kreuzwerker/docker\"]",
      "instances": [
        {
          "schema_version": 1,
          "attributes": {
            "driver": "local",
            "driver_opts": {},
            "id": "ollama_models",
            "labels": [],
            "mountpoint": "/var/snap/docker/common/var-lib-docker/volumes/ollama_models/_data",
            "name": "ollama_models"
          },
          "sensitive_attributes": [],
          "identity_schema_version": 0,
          "private": "eyJzY2hlbWFfdmVyc2lvbiI6IjEifQ=="
        }
      ]
    },
    {
      "mode": "managed",
      "type": "docker_volume",
      "name": "postgres_data_domain",
      "provider": "provider[\"registry.terraform.io/kreuzwerker/docker\"]",
      "instances": [
        {
          "schema_version": 1,
          "attributes": {
            "driver": "local",
            "driver_opts": {},
            "id": "postgres_data_domain",
            "labels": [],
            "mountpoint": "/var/snap/docker/common/var-lib-docker/volumes/postgres_data_domain/_data",
            "name": "postgres_data_domain"
          },
          "sensitive_attributes": [],
          "identity_schema_version": 0,
          "private": "eyJzY2hlbWFfdmVyc2lvbiI6IjEifQ=="
        }
      ]
    },
    {
      "mode": "managed",
      "type": "docker_volume",
      "name": "postgres_data_metadata",
      "provider": "provider[\"registry.terraform.io/kreuzwerker/docker\"]",
      "instances": [
        {
          "schema_version": 1,
          "attributes": {
            "driver": "local",
            "driver_opts": {},
            "id": "postgres_data_metadata",
            "labels": [],
            "mountpoint": "/var/snap/docker/common/var-lib-docker/volumes/postgres_data_metadata/_data",
            "name": "postgres_data_metadata"
          },
          "sensitive_attributes": [],
          "identity_schema_version": 0,
          "private": "eyJzY2hlbWFfdmVyc2lvbiI6IjEifQ=="
        }
      ]
    },
    {
      "mode": "managed",
      "type": "docker_volume",
      "name": "spark_events",
      "provider": "provider[\"registry.terraform.io/kreuzwerker/docker\"]",
      "instances": [
        {
          "schema_version": 1,
          "attributes": {
            "driver": "local",
            "driver_opts": {},
            "id": "spark_events",
            "labels": [],
            "mountpoint": "/var/snap/docker/common/var-lib-docker/volumes/spark_events/_data",
            "name": "spark_events"
          },
          "sensitive_attributes": [],
          "identity_schema_version": 0,
          "private": "eyJzY2hlbWFfdmVyc2lvbiI6IjEifQ=="
        }
      ]
    },
    {
      "mode": "managed",
      "type": "docker_volume",
      "name": "sqlite_data",
      "provider": "provider[\"registry.terraform.io/kreuzwerker/docker\"]",
      "instances": [
        {
          "schema_version": 1,
          "attributes": {
            "driver": "local",
            "driver_opts": {},
            "id": "sqlite_data",
            "labels": [],
            "mountpoint": "/var/snap/docker/common/var-lib-docker/volumes/sqlite_data/_data",
            "name": "sqlite_data"
          },
          "sensitive_attributes": [],
          "identity_schema_version": 0,
          "private": "eyJzY2hlbWFfdmVyc2lvbiI6IjEifQ=="
        }
      ]
    },
    {
      "mode": "managed",
      "type": "local_file",
      "name": "core_site_rendered",
      "provider": "provider[\"registry.terraform.io/hashicorp/local\"]",
      "instances": [
        {
          "schema_version": 0,
          "attributes": {
            "content": "\u003cconfiguration\u003e\n    \u003c!-- Default FS: Hive warehouse main bucket --\u003e\n    \u003cproperty\u003e\n        \u003cname\u003efs.defaultFS\u003c/name\u003e\n        \u003cvalue\u003es3a://hive-warehouse/\u003c/value\u003e\n    \u003c/property\u003e\n\n    \u003c!-- Access/secret from environment variables --\u003e\n    \u003cproperty\u003e\n        \u003cname\u003efs.s3a.access.key\u003c/name\u003e\n        \u003cvalue\u003eminioadmin\u003c/value\u003e\n    \u003c/property\u003e\n    \u003cproperty\u003e\n        \u003cname\u003efs.s3a.secret.key\u003c/name\u003e\n        \u003cvalue\u003eminioadminpassword\u003c/value\u003e\n    \u003c/property\u003e\n\n    \u003c!-- MinIO endpoint --\u003e\n    \u003cproperty\u003e\n        \u003cname\u003efs.s3a.endpoint\u003c/name\u003e\n        \u003cvalue\u003ehttp://minio:9000\u003c/value\u003e\n    \u003c/property\u003e\n\n    \u003c!-- Path style access for MinIO --\u003e\n    \u003cproperty\u003e\n        \u003cname\u003efs.s3a.path.style.access\u003c/name\u003e\n        \u003cvalue\u003etrue\u003c/value\u003e\n    \u003c/property\u003e\n    \u003cproperty\u003e\n        \u003cname\u003efs.s3a.impl\u003c/name\u003e\n        \u003cvalue\u003eorg.apache.hadoop.fs.s3a.S3AFileSystem\u003c/value\u003e\n    \u003c/property\u003e\n\n    \u003c!-- Optional tuning --\u003e\n    \u003cproperty\u003e\n        \u003cname\u003efs.s3a.connection.maximum\u003c/name\u003e\n        \u003cvalue\u003e100\u003c/value\u003e\n    \u003c/property\u003e\n    \u003cproperty\u003e\n        \u003cname\u003efs.s3a.fast.upload\u003c/name\u003e\n        \u003cvalue\u003etrue\u003c/value\u003e\n    \u003c/property\u003e\n    \u003cproperty\u003e\n    \u003cname\u003efs.s3a.connection.timeout\u003c/name\u003e\n    \u003cvalue\u003e60000\u003c/value\u003e \u003c!-- 60 seconds in milliseconds --\u003e\n    \u003c/property\u003e\n    \u003cproperty\u003e\n        \u003cname\u003efs.s3a.connection.establish.timeout\u003c/name\u003e\n        \u003cvalue\u003e60000\u003c/value\u003e\n    \u003c/property\u003e\n    \u003cproperty\u003e\n        \u003cname\u003efs.s3a.connection.request.timeout\u003c/name\u003e\n        \u003cvalue\u003e60000\u003c/value\u003e\n    \u003c/property\u003e\n\u003c/configuration\u003e\n",
            "content_base64": null,
            "content_base64sha256": "GUlZDU1SUhhxAh9Rx89WJYiQo/askLKHj6wDIrLOAh4=",
            "content_base64sha512": "Rw83uaQ4UCcsdV59UunNFk4ADDwvfRFdkB1RmW3AQpQyG9f8vmBu/88NR4h5dxt2gNOFRHbMKCXWk05XYgvnDg==",
            "content_md5": "97abdb1fe9b35d12ec4a44d74690c187",
            "content_sha1": "eb287991129085e79aa9f0a18dcb3368d19e2906",
            "content_sha256": "1949590d4d52521871021f51c7cf56258890a3f6ac90b2878fac0322b2ce021e",
            "content_sha512": "470f37b9a43850272c755e7d52e9cd164e000c3c2f7d115d901d51996dc04294321bd7fcbe606effcf0d478879771b7680d3854476cc2825d6934e57620be70e",
            "directory_permission": "0777",
            "file_permission": "0777",
            "filename": "/home/kcat/Repos/pipeline_infra/generated/core-site.xml",
            "id": "eb287991129085e79aa9f0a18dcb3368d19e2906",
            "sensitive_content": null,
            "source": null
          },
          "sensitive_attributes": [
            [
              {
                "type": "get_attr",
                "value": "sensitive_content"
              }
            ]
          ],
          "identity_schema_version": 0
        }
      ]
    },
    {
      "mode": "managed",
      "type": "local_file",
      "name": "hive_site_rendered",
      "provider": "provider[\"registry.terraform.io/hashicorp/local\"]",
      "instances": [
        {
          "schema_version": 0,
          "attributes": {
            "content": "\u003cconfiguration\u003e\n  \u003cproperty\u003e\n    \u003cname\u003ejavax.jdo.option.ConnectionURL\u003c/name\u003e\n    \u003cvalue\u003ejdbc:postgresql://postgres_metadata_db:5432/metadata\u003c/value\u003e\n  \u003c/property\u003e\n\n  \u003cproperty\u003e\n    \u003cname\u003ejavax.jdo.option.ConnectionDriverName\u003c/name\u003e\n    \u003cvalue\u003eorg.postgresql.Driver\u003c/value\u003e\n  \u003c/property\u003e\n\n  \u003cproperty\u003e\n    \u003cname\u003ejavax.jdo.option.ConnectionUserName\u003c/name\u003e\n    \u003cvalue\u003ekcat\u003c/value\u003e\n  \u003c/property\u003e\n\n  \u003cproperty\u003e\n    \u003cname\u003ejavax.jdo.option.ConnectionPassword\u003c/name\u003e\n    \u003cvalue\u003ethisismypgpass12\u003c/value\u003e\n  \u003c/property\u003e\n\n  \u003cproperty\u003e\n    \u003cname\u003ehive.metastore.warehouse.dir\u003c/name\u003e\n    \u003cvalue\u003es3a://hive-warehouse/\u003c/value\u003e\n  \u003c/property\u003e\n    \u003cproperty\u003e\n    \u003cname\u003ehive.repl.retry.initial.delay\u003c/name\u003e\n    \u003cvalue\u003e6000\u003c/value\u003e\n    \u003cdescription\u003e\n      NOT IN CURRENT VERSION - Expects a time value with unit (d/day, h/hour, m/min, s/sec, ms/msec, us/usec, ns/nsec), which is sec if not specified.\n      Initial Delay before retry starts.\n    \u003c/description\u003e\n  \u003c/property\u003e\n  \u003cproperty\u003e\n    \u003cname\u003ehive.lock.sleep.between.retries\u003c/name\u003e\n    \u003cvalue\u003e6000\u003c/value\u003e\n    \u003cdescription\u003e\n      NOT IN CURRENT VERSION - Expects a time value with unit (d/day, h/hour, m/min, s/sec, ms/msec, us/usec, ns/nsec), which is sec if not specified.\n      The time should be in between 0 sec (exclusive) and 9223372036854775807 sec (exclusive).\n      The maximum sleep time between various retries\n    \u003c/description\u003e\n  \u003c/property\u003e\n  \u003cproperty\u003e\n    \u003cname\u003ehive.compactor.initiator.duration.update.interval\u003c/name\u003e\n    \u003cvalue\u003e6000\u003c/value\u003e\n    \u003cdescription\u003e\n      NOT IN CURRENT VERSION - Expects a time value with unit (d/day, h/hour, m/min, s/sec, ms/msec, us/usec, ns/nsec), which is sec if not specified.\n      Time in seconds that drives the update interval of compaction_initiator_duration metric.\n      Smaller value results in a fine grained metric update.\n      This updater can be turned off if its value less than or equals to zero.\n      In this case the above metric will be update only after the initiator completed one cycle.\n      The hive.compactor.initiator.on must be turned on (true) in-order to enable the Initiator,\n      otherwise this setting has no effect.\n    \u003c/description\u003e\n  \u003c/property\u003e\n  \u003cproperty\u003e\n    \u003cname\u003ehive.compactor.cleaner.duration.update.interval\u003c/name\u003e\n    \u003cvalue\u003e6000\u003c/value\u003e\n    \u003cdescription\u003e\n      NOT IN CURRENT VERSION - Expects a time value with unit (d/day, h/hour, m/min, s/sec, ms/msec, us/usec, ns/nsec), which is sec if not specified.\n      Time in seconds that drives the update interval of compaction_cleaner_duration metric.\n      Smaller value results in a fine grained metric update.\n      This updater can be turned off if its value less than or equals to zero.\n      In this case the above metric will be update only after the cleaner completed one cycle.\n    \u003c/description\u003e\n  \u003c/property\u003e\n  \u003cproperty\u003e\n    \u003cname\u003ehive.writeset.reaper.interval\u003c/name\u003e\n    \u003cvalue\u003e6000\u003c/value\u003e\n    \u003cdescription\u003e\n      NOT IN CURRENT VERSION - Expects a time value with unit (d/day, h/hour, m/min, s/sec, ms/msec, us/usec, ns/nsec), which is msec if not specified.\n      Frequency of WriteSet reaper runs\n    \u003c/description\u003e\n  \u003c/property\u003e\n  \u003cproperty\u003e\n    \u003cname\u003ehive.server2.sleep.interval.between.start.attempts\u003c/name\u003e\n    \u003cvalue\u003e6000\u003c/value\u003e\n    \u003cdescription\u003e\n      NOT IN CURRENT VERSION - Expects a time value with unit (d/day, h/hour, m/min, s/sec, ms/msec, us/usec, ns/nsec), which is msec if not specified.\n      The time should be in between 0 msec (inclusive) and 9223372036854775807 msec (inclusive).\n      Amount of time to sleep between HiveServer2 start attempts. Primarily meant for tests\n    \u003c/description\u003e\n  \u003c/property\u003e\n  \u003cproperty\u003e\n    \u003cname\u003ehive.server2.operation.log.purgePolicy.timeToLive\u003c/name\u003e\n    \u003cvalue\u003e6000\u003c/value\u003e\n    \u003cdescription\u003e\n      NOT IN CURRENT VERSION - Expects a time value with unit (d/day, h/hour, m/min, s/sec, ms/msec, us/usec, ns/nsec), which is sec if not specified.\n      Number of seconds the appender, which has been dynamically created by Log4J framework for the operation log, should survive without having any events sent to it. For more details, check Log4J's IdlePurgePolicy.\n    \u003c/description\u003e\n  \u003c/property\u003e\n  \u003cproperty\u003e\n    \u003cname\u003ehive.server2.thrift.http.worker.keepalive.time\u003c/name\u003e\n    \u003cvalue\u003e6000\u003c/value\u003e\n    \u003cdescription\u003e\n      NOT IN CURRENT VERSION - Expects a time value with unit (d/day, h/hour, m/min, s/sec, ms/msec, us/usec, ns/nsec), which is sec if not specified.\n      Keepalive time for an idle http worker thread. When the number of workers exceeds min workers, excessive threads are killed after this time interval.\n    \u003c/description\u003e\n  \u003c/property\u003e\n  \u003cproperty\u003e\n    \u003cname\u003ehive.server2.thrift.worker.keepalive.time\u003c/name\u003e\n    \u003cvalue\u003e6000\u003c/value\u003e\n    \u003cdescription\u003e\n      NOT IN CURRENT VERSION - Expects a time value with unit (d/day, h/hour, m/min, s/sec, ms/msec, us/usec, ns/nsec), which is sec if not specified.\n      Keepalive time (in seconds) for an idle worker thread. When the number of workers exceeds min workers, excessive threads are killed after this time interval.\n    \u003c/description\u003e\n  \u003c/property\u003e\n  \u003cproperty\u003e\n    \u003cname\u003ehive.llap.task.scheduler.timeout.seconds\u003c/name\u003e\n    \u003cvalue\u003e6000\u003c/value\u003e\n    \u003cdescription\u003e\n      NOT IN CURRENT VERSION - Expects a time value with unit (d/day, h/hour, m/min, s/sec, ms/msec, us/usec, ns/nsec), which is sec if not specified.\n      Amount of time to wait before failing the query when there are no llap daemons running\n      (alive) in the cluster.\n    \u003c/description\u003e\n  \u003c/property\u003e\n  \u003cproperty\u003e\n    \u003cname\u003ehive.llap.daemon.service.refresh.interval.sec\u003c/name\u003e\n    \u003cvalue\u003e6000\u003c/value\u003e\n    \u003cdescription\u003e\n      NOT IN CURRENT VERSION - Expects a time value with unit (d/day, h/hour, m/min, s/sec, ms/msec, us/usec, ns/nsec), which is sec if not specified.\n      LLAP YARN registry service list refresh delay, in seconds.\n    \u003c/description\u003e\n  \u003c/property\u003e\n  \u003cproperty\u003e\n    \u003cname\u003ehive.scheduled.queries.executor.idle.sleep.time\u003c/name\u003e\n    \u003cvalue\u003e6000\u003c/value\u003e\n    \u003cdescription\u003e\n      NOT IN CURRENT VERSION - Expects a time value with unit (d/day, h/hour, m/min, s/sec, ms/msec, us/usec, ns/nsec), which is sec if not specified.\n      Time to sleep between querying for the presence of a scheduled query.\n    \u003c/description\u003e\n  \u003c/property\u003e\n  \u003cproperty\u003e\n    \u003cname\u003ehive.scheduled.queries.executor.progress.report.interval\u003c/name\u003e\n    \u003cvalue\u003e6000\u003c/value\u003e\n    \u003cdescription\u003e\n      NOT IN CURRENT VERSION - Expects a time value with unit (d/day, h/hour, m/min, s/sec, ms/msec, us/usec, ns/nsec), which is sec if not specified.\n      While scheduled queries are in flight; a background update happens periodically to report the actual state of the query\n    \u003c/description\u003e\n  \u003c/property\u003e\n  \u003cproperty\u003e\n    \u003cname\u003ehive.notification.event.poll.interval\u003c/name\u003e\n    \u003cvalue\u003e6000\u003c/value\u003e\n    \u003cdescription\u003e\n      NOT IN CURRENT VERSION - Expects a time value with unit (d/day, h/hour, m/min, s/sec, ms/msec, us/usec, ns/nsec), which is sec if not specified.\n      How often the notification log is polled for new NotificationEvents from the metastore.A nonpositive value means the notification log is never polled.\n    \u003c/description\u003e\n  \u003c/property\u003e\n  \u003cproperty\u003e\n    \u003cname\u003ehive.repl.retry.initial.delay\u003c/name\u003e\n    \u003cvalue\u003e6000\u003c/value\u003e\n    \u003cdescription\u003e\n      NOT IN CURRENT VERSION - Expects a time value with unit (d/day, h/hour, m/min, s/sec, ms/msec, us/usec, ns/nsec), which is sec if not specified.\n      Initial Delay before retry starts.\n    \u003c/description\u003e\n  \u003c/property\u003e\n  \u003cproperty\u003e\n    \u003cname\u003ehive.lock.sleep.between.retries\u003c/name\u003e\n    \u003cvalue\u003e6000\u003c/value\u003e\n    \u003cdescription\u003e\n      NOT IN CURRENT VERSION - Expects a time value with unit (d/day, h/hour, m/min, s/sec, ms/msec, us/usec, ns/nsec), which is sec if not specified.\n      The time should be in between 0 sec (exclusive) and 9223372036854775807 sec (exclusive).\n      The maximum sleep time between various retries\n    \u003c/description\u003e\n  \u003c/property\u003e\n  \u003cproperty\u003e\n    \u003cname\u003ehive.compactor.initiator.duration.update.interval\u003c/name\u003e\n    \u003cvalue\u003e6000\u003c/value\u003e\n    \u003cdescription\u003e\n      NOT IN CURRENT VERSION - Expects a time value with unit (d/day, h/hour, m/min, s/sec, ms/msec, us/usec, ns/nsec), which is sec if not specified.\n      Time in seconds that drives the update interval of compaction_initiator_duration metric.\n      Smaller value results in a fine grained metric update.\n      This updater can be turned off if its value less than or equals to zero.\n      In this case the above metric will be update only after the initiator completed one cycle.\n      The hive.compactor.initiator.on must be turned on (true) in-order to enable the Initiator,\n      otherwise this setting has no effect.\n    \u003c/description\u003e\n  \u003c/property\u003e\n  \u003cproperty\u003e\n    \u003cname\u003ehive.compactor.cleaner.duration.update.interval\u003c/name\u003e\n    \u003cvalue\u003e6000\u003c/value\u003e\n    \u003cdescription\u003e\n      NOT IN CURRENT VERSION - Expects a time value with unit (d/day, h/hour, m/min, s/sec, ms/msec, us/usec, ns/nsec), which is sec if not specified.\n      Time in seconds that drives the update interval of compaction_cleaner_duration metric.\n      Smaller value results in a fine grained metric update.\n      This updater can be turned off if its value less than or equals to zero.\n      In this case the above metric will be update only after the cleaner completed one cycle.\n    \u003c/description\u003e\n  \u003c/property\u003e\n  \u003cproperty\u003e\n    \u003cname\u003ehive.writeset.reaper.interval\u003c/name\u003e\n    \u003cvalue\u003e6000\u003c/value\u003e\n    \u003cdescription\u003e\n      NOT IN CURRENT VERSION - Expects a time value with unit (d/day, h/hour, m/min, s/sec, ms/msec, us/usec, ns/nsec), which is msec if not specified.\n      Frequency of WriteSet reaper runs\n    \u003c/description\u003e\n  \u003c/property\u003e\n  \u003cproperty\u003e\n    \u003cname\u003ehive.server2.sleep.interval.between.start.attempts\u003c/name\u003e\n    \u003cvalue\u003e6000\u003c/value\u003e\n    \u003cdescription\u003e\n      NOT IN CURRENT VERSION - Expects a time value with unit (d/day, h/hour, m/min, s/sec, ms/msec, us/usec, ns/nsec), which is msec if not specified.\n      The time should be in between 0 msec (inclusive) and 9223372036854775807 msec (inclusive).\n      Amount of time to sleep between HiveServer2 start attempts. Primarily meant for tests\n    \u003c/description\u003e\n  \u003c/property\u003e\n  \u003cproperty\u003e\n    \u003cname\u003ehive.server2.operation.log.purgePolicy.timeToLive\u003c/name\u003e\n    \u003cvalue\u003e6000\u003c/value\u003e\n    \u003cdescription\u003e\n      NOT IN CURRENT VERSION - Expects a time value with unit (d/day, h/hour, m/min, s/sec, ms/msec, us/usec, ns/nsec), which is sec if not specified.\n      Number of seconds the appender, which has been dynamically created by Log4J framework for the operation log, should survive without having any events sent to it. For more details, check Log4J's IdlePurgePolicy.\n    \u003c/description\u003e\n  \u003c/property\u003e\n  \u003cproperty\u003e\n    \u003cname\u003ehive.server2.thrift.http.worker.keepalive.time\u003c/name\u003e\n    \u003cvalue\u003e6000\u003c/value\u003e\n    \u003cdescription\u003e\n      NOT IN CURRENT VERSION - Expects a time value with unit (d/day, h/hour, m/min, s/sec, ms/msec, us/usec, ns/nsec), which is sec if not specified.\n      Keepalive time for an idle http worker thread. When the number of workers exceeds min workers, excessive threads are killed after this time interval.\n    \u003c/description\u003e\n  \u003c/property\u003e\n  \u003cproperty\u003e\n    \u003cname\u003ehive.server2.thrift.worker.keepalive.time\u003c/name\u003e\n    \u003cvalue\u003e6000\u003c/value\u003e\n    \u003cdescription\u003e\n      NOT IN CURRENT VERSION - Expects a time value with unit (d/day, h/hour, m/min, s/sec, ms/msec, us/usec, ns/nsec), which is sec if not specified.\n      Keepalive time (in seconds) for an idle worker thread. When the number of workers exceeds min workers, excessive threads are killed after this time interval.\n    \u003c/description\u003e\n  \u003c/property\u003e\n  \u003cproperty\u003e\n    \u003cname\u003ehive.llap.task.scheduler.timeout.seconds\u003c/name\u003e\n    \u003cvalue\u003e6000\u003c/value\u003e\n    \u003cdescription\u003e\n      NOT IN CURRENT VERSION - Expects a time value with unit (d/day, h/hour, m/min, s/sec, ms/msec, us/usec, ns/nsec), which is sec if not specified.\n      Amount of time to wait before failing the query when there are no llap daemons running\n      (alive) in the cluster.\n    \u003c/description\u003e\n  \u003c/property\u003e\n  \u003cproperty\u003e\n    \u003cname\u003ehive.llap.daemon.service.refresh.interval.sec\u003c/name\u003e\n    \u003cvalue\u003e6000\u003c/value\u003e\n    \u003cdescription\u003e\n      NOT IN CURRENT VERSION - Expects a time value with unit (d/day, h/hour, m/min, s/sec, ms/msec, us/usec, ns/nsec), which is sec if not specified.\n      LLAP YARN registry service list refresh delay, in seconds.\n    \u003c/description\u003e\n  \u003c/property\u003e\n  \u003cproperty\u003e\n    \u003cname\u003ehive.scheduled.queries.executor.idle.sleep.time\u003c/name\u003e\n    \u003cvalue\u003e6000\u003c/value\u003e\n    \u003cdescription\u003e\n      NOT IN CURRENT VERSION - Expects a time value with unit (d/day, h/hour, m/min, s/sec, ms/msec, us/usec, ns/nsec), which is sec if not specified.\n      Time to sleep between querying for the presence of a scheduled query.\n    \u003c/description\u003e\n  \u003c/property\u003e\n  \u003cproperty\u003e\n    \u003cname\u003ehive.notification.event.poll.interval\u003c/name\u003e\n    \u003cvalue\u003e6000\u003c/value\u003e\n    \u003cdescription\u003e\n      NOT IN CURRENT VERSION - Expects a time value with unit (d/day, h/hour, m/min, s/sec, ms/msec, us/usec, ns/nsec), which is sec if not specified.\n      How often the notification log is polled for new NotificationEvents from the metastore.A nonpositive value means the notification log is never polled.\n    \u003c/description\u003e\n  \u003c/property\u003e\n\n\n\n\n\n\n\n\n\u003c/configuration\u003e\n",
            "content_base64": null,
            "content_base64sha256": "w/dpwr/onVLOaugYfAyocKNzuOQwHAHAUqZAhkCP8sY=",
            "content_base64sha512": "e8EoQabJUulG1JIhksC1DnkoF7cUt/NCUvkOEI03uOZoJpZvrKz1V8tuakzD15hZqiSK+e6pIui87JMuCbbo5w==",
            "content_md5": "3f33fa987fb372bc16b2747ba31a2a8c",
            "content_sha1": "6e65e7df0d76c57132f0d06a01eecfe34fa98340",
            "content_sha256": "c3f769c2bfe89d52ce6ae8187c0ca870a373b8e4301c01c052a64086408ff2c6",
            "content_sha512": "7bc12841a6c952e946d4922192c0b50e792817b714b7f34252f90e108d37b8e66826966facacf557cb6e6a4cc3d79859aa248af9eea922e8bcec932e09b6e8e7",
            "directory_permission": "0777",
            "file_permission": "0777",
            "filename": "/home/kcat/Repos/pipeline_infra/generated/hive-site.xml",
            "id": "6e65e7df0d76c57132f0d06a01eecfe34fa98340",
            "sensitive_content": null,
            "source": null
          },
          "sensitive_attributes": [
            [
              {
                "type": "get_attr",
                "value": "content"
              }
            ],
            [
              {
                "type": "get_attr",
                "value": "sensitive_content"
              }
            ]
          ],
          "identity_schema_version": 0
        }
      ]
    },
    {
      "mode": "managed",
      "type": "null_resource",
      "name": "hive_init_schema",
      "provider": "provider[\"registry.terraform.io/hashicorp/null\"]",
      "instances": [
        {
          "schema_version": 0,
          "attributes": {
            "id": "3604591677907522502",
            "triggers": null
          },
          "sensitive_attributes": [],
          "identity_schema_version": 0,
          "dependencies": [
            "docker_container.postgres_metadata",
            "docker_network.my_shared_network",
            "docker_volume.postgres_data_metadata",
            "local_file.hive_site_rendered"
          ]
        }
      ]
    }
  ],
  "check_results": null
}
