{
  "version": 4,
  "terraform_version": "1.14.1",
  "serial": 864,
  "lineage": "28f9ac16-8029-4e71-032a-128382503f49",
  "outputs": {
    "data_platform_access": {
      "value": {
        "airflow_webserver": "http://localhost:8080",
        "minio_console": "http://localhost:9001",
        "ollama_api": "http://localhost:11434",
        "postgres_data_db": "localhost:5436",
        "postgres_metadata_db": "localhost:5435",
        "spark_master_ui": "http://localhost:8081",
        "superset_ui": "http://localhost:8088",
        "trino_ui": "http://localhost:8082"
      },
      "type": [
        "object",
        {
          "airflow_webserver": "string",
          "minio_console": "string",
          "ollama_api": "string",
          "postgres_data_db": "string",
          "postgres_metadata_db": "string",
          "spark_master_ui": "string",
          "superset_ui": "string",
          "trino_ui": "string"
        }
      ]
    },
    "initial_credentials": {
      "value": {
        "airflow_password": "airflow",
        "airflow_user": "airflow",
        "domain_data_password": "thisismypgpass12",
        "domain_data_user": "kcat",
        "superset_password": "MySecurePassword123!",
        "superset_user": "superset_admin"
      },
      "type": [
        "object",
        {
          "airflow_password": "string",
          "airflow_user": "string",
          "domain_data_password": "string",
          "domain_data_user": "string",
          "superset_password": "string",
          "superset_user": "string"
        }
      ],
      "sensitive": true
    }
  },
  "resources": [
    {
      "mode": "managed",
      "type": "docker_container",
      "name": "airflow_init",
      "provider": "provider[\"registry.terraform.io/kreuzwerker/docker\"]",
      "instances": [
        {
          "schema_version": 2,
          "attributes": {
            "attach": false,
            "bridge": "",
            "capabilities": [],
            "cgroup_parent": null,
            "cgroupns_mode": null,
            "command": [
              "bash",
              "-c",
              "echo \"Waiting for Metadata Postgres at postgres_metadata_db:5432...\"\nuntil PGPASSWORD=thisismypgpass12 psql -h postgres_metadata_db -U kcat -d metadata -c 'select 1' \u003e /dev/null 2\u003e\u00261; do\n  echo \"Metadata Postgres is unavailable - sleeping\"\n  sleep 1\ndone\necho \"Metadata Postgres is ready! Starting Airflow process...\"\nairflow db init \u0026\u0026 airflow users create --username airflow --firstname Admin --lastname User --role Admin --email admin@example.com --password airflow\n"
            ],
            "container_logs": null,
            "container_read_refresh_timeout_milliseconds": 15000,
            "cpu_period": null,
            "cpu_quota": null,
            "cpu_set": "",
            "cpu_shares": 0,
            "cpus": null,
            "destroy_grace_seconds": null,
            "devices": [],
            "dns": null,
            "dns_opts": null,
            "dns_search": null,
            "domainname": "",
            "entrypoint": [
              "/usr/bin/dumb-init",
              "--",
              "/entrypoint"
            ],
            "env": [
              "AIRFLOW_CONN_AWS_DEFAULT={'conn_type': 'aws', 'host': 'http://minio:9000', 'login': 'minioadmin', 'password': 'minioadminpassword', 'extra': {'aws_access_key_id': 'minioadmin', 'aws_secret_access_key': 'minioadminpassword', 'endpoint_url': 'http://minio:9000', 'region_name': 'us-east-1', 's3_verify': false}}",
              "AIRFLOW_CONN_SPARK_DEFAULT=spark://spark-master:7077",
              "AIRFLOW_GID=1000",
              "AIRFLOW_HOME=/opt/airflow",
              "AIRFLOW_UID=1000",
              "AIRFLOW__CORE__EXECUTOR=LocalExecutor",
              "AIRFLOW__CORE__LOAD_EXAMPLES=false",
              "AIRFLOW__CORE__SQL_ALCHEMY_CONN=postgresql+psycopg2://kcat:thisismypgpass12@postgres_metadata_db:5432/metadata",
              "AIRFLOW__WEBSERVER__RBAC=true",
              "POSTGRES_DB=metadata",
              "POSTGRES_DOMAIN_DATA_DB=domain_data",
              "POSTGRES_DOMAIN_DATA_HOST=postgres_data_db",
              "POSTGRES_DOMAIN_DATA_PASSWORD=thisismypgpass12",
              "POSTGRES_DOMAIN_DATA_PORT=5432",
              "POSTGRES_DOMAIN_DATA_USER=kcat",
              "POSTGRES_HOST=postgres_metadata_db",
              "POSTGRES_PASSWORD=thisismypgpass12",
              "POSTGRES_USER=kcat"
            ],
            "exit_code": null,
            "gpus": null,
            "group_add": null,
            "healthcheck": null,
            "host": [],
            "hostname": "5a28c2d5b9dd",
            "id": "5a28c2d5b9dd58ff0dc615af37b320ec09435c698af6808af6e579a6977f8b43",
            "image": "apache/airflow:2.8.1",
            "init": false,
            "ipc_mode": "private",
            "labels": [],
            "log_driver": "json-file",
            "log_opts": null,
            "logs": false,
            "max_retry_count": 0,
            "memory": 0,
            "memory_swap": 0,
            "mounts": [],
            "must_run": true,
            "name": "airflow_init",
            "network_data": [
              {
                "gateway": "172.19.0.1",
                "global_ipv6_address": "",
                "global_ipv6_prefix_length": 0,
                "ip_address": "172.19.0.9",
                "ip_prefix_length": 16,
                "ipv6_gateway": "",
                "mac_address": "ca:95:45:6f:40:14",
                "network_name": "my_shared_network"
              }
            ],
            "network_mode": "bridge",
            "networks_advanced": [
              {
                "aliases": [],
                "ipv4_address": "",
                "ipv6_address": "",
                "name": "my_shared_network"
              }
            ],
            "pid_mode": "",
            "ports": [],
            "privileged": false,
            "publish_all_ports": false,
            "read_only": false,
            "remove_volumes": true,
            "restart": "no",
            "rm": false,
            "runtime": "runc",
            "security_opts": [],
            "shm_size": 64,
            "start": true,
            "stdin_open": false,
            "stop_signal": "",
            "stop_timeout": 0,
            "storage_opts": null,
            "sysctls": null,
            "tmpfs": null,
            "tty": false,
            "ulimit": [],
            "upload": [],
            "user": "1000:0",
            "userns_mode": "",
            "volumes": [
              {
                "container_path": "/opt/airflow/dags",
                "from_container": "",
                "host_path": "/home/kcat/Repos/pipeline_infra/dags",
                "read_only": false,
                "volume_name": ""
              },
              {
                "container_path": "/opt/airflow/logs",
                "from_container": "",
                "host_path": "/home/kcat/Repos/pipeline_infra/logs",
                "read_only": false,
                "volume_name": ""
              },
              {
                "container_path": "/opt/airflow/plugins",
                "from_container": "",
                "host_path": "/home/kcat/Repos/pipeline_infra/plugins",
                "read_only": false,
                "volume_name": ""
              },
              {
                "container_path": "/opt/airflow/spark_events",
                "from_container": "",
                "host_path": "",
                "read_only": false,
                "volume_name": "spark_events"
              },
              {
                "container_path": "/opt/bitnami/spark/jobs",
                "from_container": "",
                "host_path": "/home/kcat/Repos/pipeline_infra/spark-jobs",
                "read_only": false,
                "volume_name": ""
              }
            ],
            "wait": false,
            "wait_timeout": 60,
            "working_dir": "/opt/airflow"
          },
          "sensitive_attributes": [
            [
              {
                "type": "get_attr",
                "value": "command"
              },
              {
                "type": "index",
                "value": {
                  "value": 2,
                  "type": "number"
                }
              }
            ],
            [
              {
                "type": "get_attr",
                "value": "env"
              }
            ]
          ],
          "identity_schema_version": 0,
          "private": "eyJzY2hlbWFfdmVyc2lvbiI6IjIifQ==",
          "dependencies": [
            "docker_container.postgres_metadata",
            "docker_network.my_shared_network",
            "docker_volume.postgres_data_metadata",
            "docker_volume.spark_events"
          ]
        }
      ]
    },
    {
      "mode": "managed",
      "type": "docker_container",
      "name": "airflow_scheduler",
      "provider": "provider[\"registry.terraform.io/kreuzwerker/docker\"]",
      "instances": [
        {
          "schema_version": 2,
          "attributes": {
            "attach": false,
            "bridge": "",
            "capabilities": [],
            "cgroup_parent": null,
            "cgroupns_mode": null,
            "command": [
              "bash",
              "-c",
              "echo \"Waiting for Metadata Postgres at postgres_metadata_db:5432...\"\nuntil PGPASSWORD=thisismypgpass12 psql -h postgres_metadata_db -U kcat -d metadata -c 'select 1' \u003e /dev/null 2\u003e\u00261; do\n  echo \"Metadata Postgres is unavailable - sleeping\"\n  sleep 1\ndone\necho \"Metadata Postgres is ready! Starting Airflow process...\"\nairflow scheduler\n"
            ],
            "container_logs": null,
            "container_read_refresh_timeout_milliseconds": 15000,
            "cpu_period": null,
            "cpu_quota": null,
            "cpu_set": "",
            "cpu_shares": 0,
            "cpus": null,
            "destroy_grace_seconds": null,
            "devices": [],
            "dns": null,
            "dns_opts": null,
            "dns_search": null,
            "domainname": "",
            "entrypoint": [
              "/usr/bin/dumb-init",
              "--",
              "/entrypoint"
            ],
            "env": [
              "AIRFLOW_CONN_AWS_DEFAULT={'conn_type': 'aws', 'host': 'http://minio:9000', 'login': 'minioadmin', 'password': 'minioadminpassword', 'extra': {'aws_access_key_id': 'minioadmin', 'aws_secret_access_key': 'minioadminpassword', 'endpoint_url': 'http://minio:9000', 'region_name': 'us-east-1', 's3_verify': false}}",
              "AIRFLOW_CONN_SPARK_DEFAULT=spark://spark-master:7077",
              "AIRFLOW_GID=1000",
              "AIRFLOW_HOME=/opt/airflow",
              "AIRFLOW_UID=1000",
              "AIRFLOW__CORE__EXECUTOR=LocalExecutor",
              "AIRFLOW__CORE__LOAD_EXAMPLES=false",
              "AIRFLOW__CORE__SQL_ALCHEMY_CONN=postgresql+psycopg2://kcat:thisismypgpass12@postgres_metadata_db:5432/metadata",
              "AIRFLOW__WEBSERVER__RBAC=true",
              "POSTGRES_DB=metadata",
              "POSTGRES_DOMAIN_DATA_DB=domain_data",
              "POSTGRES_DOMAIN_DATA_HOST=postgres_data_db",
              "POSTGRES_DOMAIN_DATA_PASSWORD=thisismypgpass12",
              "POSTGRES_DOMAIN_DATA_PORT=5432",
              "POSTGRES_DOMAIN_DATA_USER=kcat",
              "POSTGRES_HOST=postgres_metadata_db",
              "POSTGRES_PASSWORD=thisismypgpass12",
              "POSTGRES_USER=kcat"
            ],
            "exit_code": null,
            "gpus": null,
            "group_add": null,
            "healthcheck": null,
            "host": [],
            "hostname": "dea51c06ba99",
            "id": "dea51c06ba99f389eac7a22c06d5b00c3699cc36ea270ea7e970061c221d0941",
            "image": "apache/airflow:2.8.1",
            "init": false,
            "ipc_mode": "private",
            "labels": [],
            "log_driver": "json-file",
            "log_opts": null,
            "logs": false,
            "max_retry_count": 0,
            "memory": 0,
            "memory_swap": 0,
            "mounts": [],
            "must_run": true,
            "name": "airflow_scheduler",
            "network_data": [
              {
                "gateway": "172.19.0.1",
                "global_ipv6_address": "",
                "global_ipv6_prefix_length": 0,
                "ip_address": "172.19.0.14",
                "ip_prefix_length": 16,
                "ipv6_gateway": "",
                "mac_address": "36:c6:f0:ba:e5:0c",
                "network_name": "my_shared_network"
              }
            ],
            "network_mode": "bridge",
            "networks_advanced": [
              {
                "aliases": [],
                "ipv4_address": "",
                "ipv6_address": "",
                "name": "my_shared_network"
              }
            ],
            "pid_mode": "",
            "ports": [],
            "privileged": false,
            "publish_all_ports": false,
            "read_only": false,
            "remove_volumes": true,
            "restart": "always",
            "rm": false,
            "runtime": "runc",
            "security_opts": [],
            "shm_size": 64,
            "start": true,
            "stdin_open": false,
            "stop_signal": "",
            "stop_timeout": 0,
            "storage_opts": null,
            "sysctls": null,
            "tmpfs": null,
            "tty": false,
            "ulimit": [],
            "upload": [],
            "user": "1000:0",
            "userns_mode": "",
            "volumes": [
              {
                "container_path": "/opt/airflow/dags",
                "from_container": "",
                "host_path": "/home/kcat/Repos/pipeline_infra/dags",
                "read_only": false,
                "volume_name": ""
              },
              {
                "container_path": "/opt/airflow/logs",
                "from_container": "",
                "host_path": "/home/kcat/Repos/pipeline_infra/logs",
                "read_only": false,
                "volume_name": ""
              },
              {
                "container_path": "/opt/airflow/plugins",
                "from_container": "",
                "host_path": "/home/kcat/Repos/pipeline_infra/plugins",
                "read_only": false,
                "volume_name": ""
              },
              {
                "container_path": "/opt/airflow/spark_events",
                "from_container": "",
                "host_path": "",
                "read_only": false,
                "volume_name": "spark_events"
              },
              {
                "container_path": "/opt/bitnami/spark/jobs",
                "from_container": "",
                "host_path": "/home/kcat/Repos/pipeline_infra/spark-jobs",
                "read_only": false,
                "volume_name": ""
              }
            ],
            "wait": false,
            "wait_timeout": 60,
            "working_dir": "/opt/airflow"
          },
          "sensitive_attributes": [
            [
              {
                "type": "get_attr",
                "value": "command"
              },
              {
                "type": "index",
                "value": {
                  "value": 2,
                  "type": "number"
                }
              }
            ],
            [
              {
                "type": "get_attr",
                "value": "env"
              }
            ]
          ],
          "identity_schema_version": 0,
          "private": "eyJzY2hlbWFfdmVyc2lvbiI6IjIifQ==",
          "dependencies": [
            "docker_container.airflow_init",
            "docker_container.minio",
            "docker_container.postgres_metadata",
            "docker_container.spark_master",
            "docker_network.my_shared_network",
            "docker_volume.minio_data",
            "docker_volume.postgres_data_metadata",
            "docker_volume.spark_events"
          ]
        }
      ]
    },
    {
      "mode": "managed",
      "type": "docker_container",
      "name": "airflow_webserver",
      "provider": "provider[\"registry.terraform.io/kreuzwerker/docker\"]",
      "instances": [
        {
          "schema_version": 2,
          "attributes": {
            "attach": false,
            "bridge": "",
            "capabilities": [],
            "cgroup_parent": null,
            "cgroupns_mode": null,
            "command": [
              "bash",
              "-c",
              "echo \"Waiting for Metadata Postgres at postgres_metadata_db:5432...\"\nuntil PGPASSWORD=thisismypgpass12 psql -h postgres_metadata_db -U kcat -d metadata -c 'select 1' \u003e /dev/null 2\u003e\u00261; do\n  echo \"Metadata Postgres is unavailable - sleeping\"\n  sleep 1\ndone\necho \"Metadata Postgres is ready! Starting Airflow process...\"\nairflow webserver\n"
            ],
            "container_logs": null,
            "container_read_refresh_timeout_milliseconds": 15000,
            "cpu_period": null,
            "cpu_quota": null,
            "cpu_set": "",
            "cpu_shares": 0,
            "cpus": null,
            "destroy_grace_seconds": null,
            "devices": [],
            "dns": null,
            "dns_opts": null,
            "dns_search": null,
            "domainname": "",
            "entrypoint": [
              "/usr/bin/dumb-init",
              "--",
              "/entrypoint"
            ],
            "env": [
              "AIRFLOW_CONN_AWS_DEFAULT={'conn_type': 'aws', 'host': 'http://minio:9000', 'login': 'minioadmin', 'password': 'minioadminpassword', 'extra': {'aws_access_key_id': 'minioadmin', 'aws_secret_access_key': 'minioadminpassword', 'endpoint_url': 'http://minio:9000', 'region_name': 'us-east-1', 's3_verify': false}}",
              "AIRFLOW_CONN_SPARK_DEFAULT=spark://spark-master:7077",
              "AIRFLOW_GID=1000",
              "AIRFLOW_HOME=/opt/airflow",
              "AIRFLOW_UID=1000",
              "AIRFLOW__CORE__EXECUTOR=LocalExecutor",
              "AIRFLOW__CORE__LOAD_EXAMPLES=false",
              "AIRFLOW__CORE__SQL_ALCHEMY_CONN=postgresql+psycopg2://kcat:thisismypgpass12@postgres_metadata_db:5432/metadata",
              "AIRFLOW__WEBSERVER__RBAC=true",
              "POSTGRES_DB=metadata",
              "POSTGRES_DOMAIN_DATA_DB=domain_data",
              "POSTGRES_DOMAIN_DATA_HOST=postgres_data_db",
              "POSTGRES_DOMAIN_DATA_PASSWORD=thisismypgpass12",
              "POSTGRES_DOMAIN_DATA_PORT=5432",
              "POSTGRES_DOMAIN_DATA_USER=kcat",
              "POSTGRES_HOST=postgres_metadata_db",
              "POSTGRES_PASSWORD=thisismypgpass12",
              "POSTGRES_USER=kcat"
            ],
            "exit_code": null,
            "gpus": null,
            "group_add": null,
            "healthcheck": null,
            "host": [],
            "hostname": "7982869bc341",
            "id": "7982869bc341da5ae692a1c880476851f84a3602c29028ad391613209afd190a",
            "image": "apache/airflow:2.8.1",
            "init": false,
            "ipc_mode": "private",
            "labels": [],
            "log_driver": "json-file",
            "log_opts": null,
            "logs": false,
            "max_retry_count": 0,
            "memory": 0,
            "memory_swap": 0,
            "mounts": [],
            "must_run": true,
            "name": "airflow_webserver",
            "network_data": [
              {
                "gateway": "172.19.0.1",
                "global_ipv6_address": "",
                "global_ipv6_prefix_length": 0,
                "ip_address": "172.19.0.12",
                "ip_prefix_length": 16,
                "ipv6_gateway": "",
                "mac_address": "5e:90:7b:6e:bb:b7",
                "network_name": "my_shared_network"
              }
            ],
            "network_mode": "bridge",
            "networks_advanced": [
              {
                "aliases": [],
                "ipv4_address": "",
                "ipv6_address": "",
                "name": "my_shared_network"
              }
            ],
            "pid_mode": "",
            "ports": [
              {
                "external": 8080,
                "internal": 8080,
                "ip": "0.0.0.0",
                "protocol": "tcp"
              }
            ],
            "privileged": false,
            "publish_all_ports": false,
            "read_only": false,
            "remove_volumes": true,
            "restart": "always",
            "rm": false,
            "runtime": "runc",
            "security_opts": [],
            "shm_size": 64,
            "start": true,
            "stdin_open": false,
            "stop_signal": "",
            "stop_timeout": 0,
            "storage_opts": null,
            "sysctls": null,
            "tmpfs": null,
            "tty": false,
            "ulimit": [],
            "upload": [],
            "user": "1000:0",
            "userns_mode": "",
            "volumes": [
              {
                "container_path": "/opt/airflow/dags",
                "from_container": "",
                "host_path": "/home/kcat/Repos/pipeline_infra/dags",
                "read_only": false,
                "volume_name": ""
              },
              {
                "container_path": "/opt/airflow/logs",
                "from_container": "",
                "host_path": "/home/kcat/Repos/pipeline_infra/logs",
                "read_only": false,
                "volume_name": ""
              },
              {
                "container_path": "/opt/airflow/plugins",
                "from_container": "",
                "host_path": "/home/kcat/Repos/pipeline_infra/plugins",
                "read_only": false,
                "volume_name": ""
              },
              {
                "container_path": "/opt/airflow/spark_events",
                "from_container": "",
                "host_path": "",
                "read_only": false,
                "volume_name": "spark_events"
              },
              {
                "container_path": "/opt/bitnami/spark/jobs",
                "from_container": "",
                "host_path": "/home/kcat/Repos/pipeline_infra/spark-jobs",
                "read_only": false,
                "volume_name": ""
              }
            ],
            "wait": false,
            "wait_timeout": 60,
            "working_dir": "/opt/airflow"
          },
          "sensitive_attributes": [
            [
              {
                "type": "get_attr",
                "value": "command"
              },
              {
                "type": "index",
                "value": {
                  "value": 2,
                  "type": "number"
                }
              }
            ],
            [
              {
                "type": "get_attr",
                "value": "env"
              }
            ]
          ],
          "identity_schema_version": 0,
          "private": "eyJzY2hlbWFfdmVyc2lvbiI6IjIifQ==",
          "dependencies": [
            "docker_container.airflow_init",
            "docker_container.minio",
            "docker_container.postgres_metadata",
            "docker_container.spark_master",
            "docker_network.my_shared_network",
            "docker_volume.minio_data",
            "docker_volume.postgres_data_metadata",
            "docker_volume.spark_events"
          ]
        }
      ]
    },
    {
      "mode": "managed",
      "type": "docker_container",
      "name": "hive-metastore",
      "provider": "provider[\"registry.terraform.io/kreuzwerker/docker\"]",
      "instances": [
        {
          "schema_version": 2,
          "attributes": {
            "attach": false,
            "bridge": "",
            "capabilities": [],
            "cgroup_parent": null,
            "cgroupns_mode": null,
            "command": [
              "--service",
              "metastore"
            ],
            "container_logs": null,
            "container_read_refresh_timeout_milliseconds": 15000,
            "cpu_period": null,
            "cpu_quota": null,
            "cpu_set": "",
            "cpu_shares": 0,
            "cpus": null,
            "destroy_grace_seconds": null,
            "devices": [],
            "dns": null,
            "dns_opts": null,
            "dns_search": null,
            "domainname": "",
            "entrypoint": [
              "/opt/hive/bin/hive"
            ],
            "env": [
              "HIVE_EXECUTION_ENGINE=mr",
              "SERVICE_NAME=metastore"
            ],
            "exit_code": null,
            "gpus": null,
            "group_add": null,
            "healthcheck": null,
            "host": [],
            "hostname": "f0e1b0c6714f",
            "id": "f0e1b0c6714ff47d93ba5ee64fd2af425b156fa4434dfd1dfc14b4f026e86aed",
            "image": "apache/hive:4.1.0",
            "init": false,
            "ipc_mode": "private",
            "labels": [],
            "log_driver": "json-file",
            "log_opts": null,
            "logs": false,
            "max_retry_count": 0,
            "memory": 0,
            "memory_swap": 0,
            "mounts": [],
            "must_run": true,
            "name": "hive-metastore",
            "network_data": [
              {
                "gateway": "172.19.0.1",
                "global_ipv6_address": "",
                "global_ipv6_prefix_length": 0,
                "ip_address": "172.19.0.10",
                "ip_prefix_length": 16,
                "ipv6_gateway": "",
                "mac_address": "d6:19:06:09:75:50",
                "network_name": "my_shared_network"
              }
            ],
            "network_mode": "bridge",
            "networks_advanced": [
              {
                "aliases": [
                  "hive-metastore"
                ],
                "ipv4_address": "",
                "ipv6_address": "",
                "name": "my_shared_network"
              }
            ],
            "pid_mode": "",
            "ports": [
              {
                "external": 9083,
                "internal": 9083,
                "ip": "0.0.0.0",
                "protocol": "tcp"
              }
            ],
            "privileged": false,
            "publish_all_ports": false,
            "read_only": false,
            "remove_volumes": true,
            "restart": "unless-stopped",
            "rm": false,
            "runtime": "runc",
            "security_opts": [],
            "shm_size": 64,
            "start": true,
            "stdin_open": false,
            "stop_signal": "",
            "stop_timeout": 0,
            "storage_opts": null,
            "sysctls": null,
            "tmpfs": null,
            "tty": false,
            "ulimit": [],
            "upload": [],
            "user": "hive",
            "userns_mode": "",
            "volumes": [
              {
                "container_path": "/opt/hive/conf/core-site.xml",
                "from_container": "",
                "host_path": "/home/kcat/Repos/pipeline_infra/generated/core-site.xml",
                "read_only": null,
                "volume_name": ""
              },
              {
                "container_path": "/opt/hive/conf/hive-site.xml",
                "from_container": "",
                "host_path": "/home/kcat/Repos/pipeline_infra/generated/hive-site.xml",
                "read_only": null,
                "volume_name": ""
              },
              {
                "container_path": "/opt/hive/lib/aws-java-sdk-bundle-1.11.1026.jar",
                "from_container": "",
                "host_path": "/home/kcat/Repos/pipeline_infra/hive/aws-java-sdk-bundle-1.11.1026.jar",
                "read_only": null,
                "volume_name": ""
              },
              {
                "container_path": "/opt/hive/lib/hadoop-aws-3.4.2.jar",
                "from_container": "",
                "host_path": "/home/kcat/Repos/pipeline_infra/hive/hadoop-aws-3.4.2.jar",
                "read_only": null,
                "volume_name": ""
              },
              {
                "container_path": "/opt/hive/lib/postgresql-42.7.3.jar",
                "from_container": "",
                "host_path": "/home/kcat/Repos/pipeline_infra/hive/postgresql-42.7.3.jar",
                "read_only": null,
                "volume_name": ""
              }
            ],
            "wait": false,
            "wait_timeout": 60,
            "working_dir": "/opt/hive"
          },
          "sensitive_attributes": [],
          "identity_schema_version": 0,
          "private": "eyJzY2hlbWFfdmVyc2lvbiI6IjIifQ==",
          "dependencies": [
            "docker_container.postgres_metadata",
            "docker_network.my_shared_network",
            "docker_volume.postgres_data_metadata",
            "local_file.hive_site_rendered",
            "null_resource.hive_init_schema"
          ]
        }
      ]
    },
    {
      "mode": "managed",
      "type": "docker_container",
      "name": "minio",
      "provider": "provider[\"registry.terraform.io/kreuzwerker/docker\"]",
      "instances": [
        {
          "schema_version": 2,
          "attributes": {
            "attach": false,
            "bridge": "",
            "capabilities": [],
            "cgroup_parent": null,
            "cgroupns_mode": null,
            "command": [
              "server",
              "/data",
              "--console-address",
              ":9001"
            ],
            "container_logs": null,
            "container_read_refresh_timeout_milliseconds": 15000,
            "cpu_period": null,
            "cpu_quota": null,
            "cpu_set": "",
            "cpu_shares": 0,
            "cpus": null,
            "destroy_grace_seconds": null,
            "devices": [],
            "dns": null,
            "dns_opts": null,
            "dns_search": null,
            "domainname": "",
            "entrypoint": [
              "/usr/bin/docker-entrypoint.sh"
            ],
            "env": [
              "MINIO_ROOT_PASSWORD=minioadminpassword",
              "MINIO_ROOT_USER=minioadmin"
            ],
            "exit_code": null,
            "gpus": null,
            "group_add": null,
            "healthcheck": null,
            "host": [],
            "hostname": "82677bf80e20",
            "id": "82677bf80e20a764401fcb50df359e2b9ab4abc3cbc7a9c0e33f3919ea284506",
            "image": "minio/minio",
            "init": false,
            "ipc_mode": "private",
            "labels": [],
            "log_driver": "json-file",
            "log_opts": null,
            "logs": false,
            "max_retry_count": 0,
            "memory": 0,
            "memory_swap": 0,
            "mounts": [],
            "must_run": true,
            "name": "minio_storage",
            "network_data": [
              {
                "gateway": "172.19.0.1",
                "global_ipv6_address": "",
                "global_ipv6_prefix_length": 0,
                "ip_address": "172.19.0.7",
                "ip_prefix_length": 16,
                "ipv6_gateway": "",
                "mac_address": "a6:51:3d:dd:2b:57",
                "network_name": "my_shared_network"
              }
            ],
            "network_mode": "bridge",
            "networks_advanced": [
              {
                "aliases": [],
                "ipv4_address": "",
                "ipv6_address": "",
                "name": "my_shared_network"
              }
            ],
            "pid_mode": "",
            "ports": [
              {
                "external": 9000,
                "internal": 9000,
                "ip": "0.0.0.0",
                "protocol": "tcp"
              },
              {
                "external": 9001,
                "internal": 9001,
                "ip": "0.0.0.0",
                "protocol": "tcp"
              }
            ],
            "privileged": false,
            "publish_all_ports": false,
            "read_only": false,
            "remove_volumes": true,
            "restart": "unless-stopped",
            "rm": false,
            "runtime": "runc",
            "security_opts": [],
            "shm_size": 64,
            "start": true,
            "stdin_open": false,
            "stop_signal": "",
            "stop_timeout": 0,
            "storage_opts": null,
            "sysctls": null,
            "tmpfs": null,
            "tty": false,
            "ulimit": [],
            "upload": [],
            "user": "",
            "userns_mode": "",
            "volumes": [
              {
                "container_path": "/data",
                "from_container": "",
                "host_path": "",
                "read_only": null,
                "volume_name": "minio_data"
              }
            ],
            "wait": false,
            "wait_timeout": 60,
            "working_dir": "/"
          },
          "sensitive_attributes": [],
          "identity_schema_version": 0,
          "private": "eyJzY2hlbWFfdmVyc2lvbiI6IjIifQ==",
          "dependencies": [
            "docker_network.my_shared_network",
            "docker_volume.minio_data"
          ]
        }
      ]
    },
    {
      "mode": "managed",
      "type": "docker_container",
      "name": "ollama",
      "provider": "provider[\"registry.terraform.io/kreuzwerker/docker\"]",
      "instances": [
        {
          "schema_version": 2,
          "attributes": {
            "attach": false,
            "bridge": "",
            "capabilities": [],
            "cgroup_parent": null,
            "cgroupns_mode": null,
            "command": [
              "serve"
            ],
            "container_logs": null,
            "container_read_refresh_timeout_milliseconds": 15000,
            "cpu_period": null,
            "cpu_quota": null,
            "cpu_set": "",
            "cpu_shares": 0,
            "cpus": null,
            "destroy_grace_seconds": null,
            "devices": [],
            "dns": null,
            "dns_opts": null,
            "dns_search": null,
            "domainname": "",
            "entrypoint": [
              "/bin/ollama"
            ],
            "env": [],
            "exit_code": null,
            "gpus": null,
            "group_add": null,
            "healthcheck": null,
            "host": [],
            "hostname": "9db721caa072",
            "id": "9db721caa0728f6333f5a1e289b19e47dcf73465baa1585bd9b10b64516944de",
            "image": "ollama/ollama:latest",
            "init": false,
            "ipc_mode": "private",
            "labels": [],
            "log_driver": "json-file",
            "log_opts": null,
            "logs": false,
            "max_retry_count": 0,
            "memory": 0,
            "memory_swap": 0,
            "mounts": [],
            "must_run": true,
            "name": "ollama_llm",
            "network_data": [
              {
                "gateway": "172.19.0.1",
                "global_ipv6_address": "",
                "global_ipv6_prefix_length": 0,
                "ip_address": "172.19.0.6",
                "ip_prefix_length": 16,
                "ipv6_gateway": "",
                "mac_address": "f2:58:4e:e8:c3:ec",
                "network_name": "my_shared_network"
              }
            ],
            "network_mode": "bridge",
            "networks_advanced": [
              {
                "aliases": [],
                "ipv4_address": "",
                "ipv6_address": "",
                "name": "my_shared_network"
              }
            ],
            "pid_mode": "",
            "ports": [
              {
                "external": 11434,
                "internal": 11434,
                "ip": "0.0.0.0",
                "protocol": "tcp"
              }
            ],
            "privileged": false,
            "publish_all_ports": false,
            "read_only": false,
            "remove_volumes": true,
            "restart": "unless-stopped",
            "rm": false,
            "runtime": "runc",
            "security_opts": [],
            "shm_size": 64,
            "start": true,
            "stdin_open": false,
            "stop_signal": "",
            "stop_timeout": 0,
            "storage_opts": null,
            "sysctls": null,
            "tmpfs": null,
            "tty": false,
            "ulimit": [],
            "upload": [],
            "user": "",
            "userns_mode": "",
            "volumes": [
              {
                "container_path": "/root/.ollama",
                "from_container": "",
                "host_path": "",
                "read_only": null,
                "volume_name": "ollama_models"
              }
            ],
            "wait": false,
            "wait_timeout": 60,
            "working_dir": ""
          },
          "sensitive_attributes": [],
          "identity_schema_version": 0,
          "private": "eyJzY2hlbWFfdmVyc2lvbiI6IjIifQ==",
          "dependencies": [
            "docker_container.ollama_init",
            "docker_network.my_shared_network",
            "docker_volume.ollama_models"
          ]
        }
      ]
    },
    {
      "mode": "managed",
      "type": "docker_container",
      "name": "ollama_init",
      "provider": "provider[\"registry.terraform.io/kreuzwerker/docker\"]",
      "instances": [
        {
          "schema_version": 2,
          "attributes": {
            "attach": false,
            "bridge": "",
            "capabilities": [],
            "cgroup_parent": null,
            "cgroupns_mode": null,
            "command": [
              "-c",
              "# Start server in background\nollama serve \u0026\nPID=$!\n      \n# Wait for the server to fully start\nsleep 5\n      \n# Run all pull commands (ensuring success)\nollama pull llama3 \u0026\u0026 ollama pull nomic-embed-text \u0026\u0026 ollama pull gemma2\n      \n# Kill the background server process\nkill $PID\n"
            ],
            "container_logs": null,
            "container_read_refresh_timeout_milliseconds": 15000,
            "cpu_period": null,
            "cpu_quota": null,
            "cpu_set": "",
            "cpu_shares": 0,
            "cpus": null,
            "destroy_grace_seconds": null,
            "devices": [],
            "dns": [],
            "dns_opts": [],
            "dns_search": [],
            "domainname": "",
            "entrypoint": [
              "/bin/sh"
            ],
            "env": [],
            "exit_code": 0,
            "gpus": null,
            "group_add": [],
            "healthcheck": [],
            "host": [],
            "hostname": "525fce32e494",
            "id": "525fce32e494501d99717f18f553818c4a2ce120267dc22cbb45c6db01096b12",
            "image": "ollama/ollama:latest",
            "init": false,
            "ipc_mode": "private",
            "labels": [],
            "log_driver": "json-file",
            "log_opts": {},
            "logs": false,
            "max_retry_count": 0,
            "memory": 0,
            "memory_swap": 0,
            "mounts": [],
            "must_run": false,
            "name": "ollama_init",
            "network_data": [
              {
                "gateway": "",
                "global_ipv6_address": "",
                "global_ipv6_prefix_length": 0,
                "ip_address": "",
                "ip_prefix_length": 0,
                "ipv6_gateway": "",
                "mac_address": "",
                "network_name": "my_shared_network"
              }
            ],
            "network_mode": "bridge",
            "networks_advanced": [
              {
                "aliases": [],
                "ipv4_address": "",
                "ipv6_address": "",
                "name": "my_shared_network"
              }
            ],
            "pid_mode": "",
            "ports": [],
            "privileged": false,
            "publish_all_ports": false,
            "read_only": false,
            "remove_volumes": true,
            "restart": "no",
            "rm": false,
            "runtime": "runc",
            "security_opts": [],
            "shm_size": 64,
            "start": true,
            "stdin_open": false,
            "stop_signal": "",
            "stop_timeout": 0,
            "storage_opts": {},
            "sysctls": {},
            "tmpfs": {},
            "tty": false,
            "ulimit": [],
            "upload": [],
            "user": "",
            "userns_mode": "",
            "volumes": [
              {
                "container_path": "/root/.ollama",
                "from_container": "",
                "host_path": "",
                "read_only": false,
                "volume_name": "ollama_models"
              }
            ],
            "wait": false,
            "wait_timeout": 60,
            "working_dir": ""
          },
          "sensitive_attributes": [],
          "identity_schema_version": 0,
          "private": "eyJzY2hlbWFfdmVyc2lvbiI6IjIifQ==",
          "dependencies": [
            "docker_network.my_shared_network",
            "docker_volume.ollama_models"
          ]
        }
      ]
    },
    {
      "mode": "managed",
      "type": "docker_container",
      "name": "postgres_data",
      "provider": "provider[\"registry.terraform.io/kreuzwerker/docker\"]",
      "instances": [
        {
          "schema_version": 2,
          "attributes": {
            "attach": false,
            "bridge": "",
            "capabilities": [],
            "cgroup_parent": null,
            "cgroupns_mode": null,
            "command": [
              "postgres"
            ],
            "container_logs": null,
            "container_read_refresh_timeout_milliseconds": 15000,
            "cpu_period": null,
            "cpu_quota": null,
            "cpu_set": "",
            "cpu_shares": 0,
            "cpus": null,
            "destroy_grace_seconds": null,
            "devices": [],
            "dns": null,
            "dns_opts": null,
            "dns_search": null,
            "domainname": "",
            "entrypoint": [
              "docker-entrypoint.sh"
            ],
            "env": [
              "PGDATA=/var/lib/postgresql/data/pgdata",
              "POSTGRES_DB=domain_data",
              "POSTGRES_PASSWORD=thisismypgpass12",
              "POSTGRES_USER=kcat"
            ],
            "exit_code": null,
            "gpus": null,
            "group_add": null,
            "healthcheck": null,
            "host": [],
            "hostname": "6b6e1d38e93d",
            "id": "6b6e1d38e93d660c48f7bb354a1ec00832f20580a7e1be2998b2602fb71f564a",
            "image": "postgres:16-alpine",
            "init": false,
            "ipc_mode": "private",
            "labels": [],
            "log_driver": "json-file",
            "log_opts": null,
            "logs": false,
            "max_retry_count": 0,
            "memory": 0,
            "memory_swap": 0,
            "mounts": [],
            "must_run": true,
            "name": "postgres_data_db",
            "network_data": [
              {
                "gateway": "172.19.0.1",
                "global_ipv6_address": "",
                "global_ipv6_prefix_length": 0,
                "ip_address": "172.19.0.3",
                "ip_prefix_length": 16,
                "ipv6_gateway": "",
                "mac_address": "6a:63:8f:f2:71:9a",
                "network_name": "my_shared_network"
              }
            ],
            "network_mode": "bridge",
            "networks_advanced": [
              {
                "aliases": [],
                "ipv4_address": "",
                "ipv6_address": "",
                "name": "my_shared_network"
              }
            ],
            "pid_mode": "",
            "ports": [
              {
                "external": 5436,
                "internal": 5432,
                "ip": "0.0.0.0",
                "protocol": "tcp"
              }
            ],
            "privileged": false,
            "publish_all_ports": false,
            "read_only": false,
            "remove_volumes": true,
            "restart": "unless-stopped",
            "rm": false,
            "runtime": "runc",
            "security_opts": [],
            "shm_size": 64,
            "start": true,
            "stdin_open": false,
            "stop_signal": "SIGINT",
            "stop_timeout": 0,
            "storage_opts": null,
            "sysctls": null,
            "tmpfs": null,
            "tty": false,
            "ulimit": [],
            "upload": [],
            "user": "",
            "userns_mode": "",
            "volumes": [
              {
                "container_path": "/var/lib/postgresql/data",
                "from_container": "",
                "host_path": "",
                "read_only": null,
                "volume_name": "postgres_data_domain"
              }
            ],
            "wait": false,
            "wait_timeout": 60,
            "working_dir": "/"
          },
          "sensitive_attributes": [
            [
              {
                "type": "get_attr",
                "value": "env"
              }
            ]
          ],
          "identity_schema_version": 0,
          "private": "eyJzY2hlbWFfdmVyc2lvbiI6IjIifQ==",
          "dependencies": [
            "docker_network.my_shared_network",
            "docker_volume.postgres_data_domain"
          ]
        }
      ]
    },
    {
      "mode": "managed",
      "type": "docker_container",
      "name": "postgres_metadata",
      "provider": "provider[\"registry.terraform.io/kreuzwerker/docker\"]",
      "instances": [
        {
          "schema_version": 2,
          "attributes": {
            "attach": false,
            "bridge": "",
            "capabilities": [],
            "cgroup_parent": null,
            "cgroupns_mode": null,
            "command": [
              "postgres"
            ],
            "container_logs": null,
            "container_read_refresh_timeout_milliseconds": 15000,
            "cpu_period": null,
            "cpu_quota": null,
            "cpu_set": "",
            "cpu_shares": 0,
            "cpus": null,
            "destroy_grace_seconds": null,
            "devices": [],
            "dns": null,
            "dns_opts": null,
            "dns_search": null,
            "domainname": "",
            "entrypoint": [
              "docker-entrypoint.sh"
            ],
            "env": [
              "PGDATA=/var/lib/postgresql/data/pgdata",
              "POSTGRES_DB=metadata",
              "POSTGRES_PASSWORD=thisismypgpass12",
              "POSTGRES_USER=kcat"
            ],
            "exit_code": null,
            "gpus": null,
            "group_add": null,
            "healthcheck": null,
            "host": [],
            "hostname": "82d6798f203f",
            "id": "82d6798f203fb6e2d3f27feec2c6276ee9e888264a640d6b3b7316c50f921b4a",
            "image": "postgres:16-alpine",
            "init": false,
            "ipc_mode": "private",
            "labels": [],
            "log_driver": "json-file",
            "log_opts": null,
            "logs": false,
            "max_retry_count": 0,
            "memory": 0,
            "memory_swap": 0,
            "mounts": [],
            "must_run": true,
            "name": "postgres_metadata_db",
            "network_data": [
              {
                "gateway": "172.19.0.1",
                "global_ipv6_address": "",
                "global_ipv6_prefix_length": 0,
                "ip_address": "172.19.0.5",
                "ip_prefix_length": 16,
                "ipv6_gateway": "",
                "mac_address": "02:86:d6:91:0b:8b",
                "network_name": "my_shared_network"
              }
            ],
            "network_mode": "bridge",
            "networks_advanced": [
              {
                "aliases": [],
                "ipv4_address": "",
                "ipv6_address": "",
                "name": "my_shared_network"
              }
            ],
            "pid_mode": "",
            "ports": [
              {
                "external": 5435,
                "internal": 5432,
                "ip": "0.0.0.0",
                "protocol": "tcp"
              }
            ],
            "privileged": false,
            "publish_all_ports": false,
            "read_only": false,
            "remove_volumes": true,
            "restart": "unless-stopped",
            "rm": false,
            "runtime": "runc",
            "security_opts": [],
            "shm_size": 64,
            "start": true,
            "stdin_open": false,
            "stop_signal": "SIGINT",
            "stop_timeout": 0,
            "storage_opts": null,
            "sysctls": null,
            "tmpfs": null,
            "tty": false,
            "ulimit": [],
            "upload": [],
            "user": "",
            "userns_mode": "",
            "volumes": [
              {
                "container_path": "/var/lib/postgresql/data",
                "from_container": "",
                "host_path": "",
                "read_only": null,
                "volume_name": "postgres_data_metadata"
              }
            ],
            "wait": false,
            "wait_timeout": 60,
            "working_dir": "/"
          },
          "sensitive_attributes": [
            [
              {
                "type": "get_attr",
                "value": "env"
              }
            ]
          ],
          "identity_schema_version": 0,
          "private": "eyJzY2hlbWFfdmVyc2lvbiI6IjIifQ==",
          "dependencies": [
            "docker_network.my_shared_network",
            "docker_volume.postgres_data_metadata"
          ]
        }
      ]
    },
    {
      "mode": "managed",
      "type": "docker_container",
      "name": "spark_master",
      "provider": "provider[\"registry.terraform.io/kreuzwerker/docker\"]",
      "instances": [
        {
          "schema_version": 2,
          "attributes": {
            "attach": false,
            "bridge": "",
            "capabilities": [],
            "cgroup_parent": null,
            "cgroupns_mode": null,
            "command": [
              "/opt/spark/bin/spark-class",
              "org.apache.spark.deploy.master.Master"
            ],
            "container_logs": null,
            "container_read_refresh_timeout_milliseconds": 15000,
            "cpu_period": null,
            "cpu_quota": null,
            "cpu_set": "",
            "cpu_shares": 0,
            "cpus": null,
            "destroy_grace_seconds": null,
            "devices": [],
            "dns": null,
            "dns_opts": null,
            "dns_search": null,
            "domainname": "",
            "entrypoint": [
              "/opt/entrypoint.sh"
            ],
            "env": [
              "SPARK_EVENT_LOG_DIR=/opt/spark/events",
              "SPARK_EVENT_LOG_ENABLED=true",
              "SPARK_MASTER_WEBUI_PORT=8080"
            ],
            "exit_code": null,
            "gpus": null,
            "group_add": null,
            "healthcheck": null,
            "host": [],
            "hostname": "4f73499c240c",
            "id": "4f73499c240c8dabb378fe677c5515fa0dc0971c611f61a180d16af226006088",
            "image": "apache/spark:3.5.1",
            "init": false,
            "ipc_mode": "private",
            "labels": [],
            "log_driver": "json-file",
            "log_opts": null,
            "logs": false,
            "max_retry_count": 0,
            "memory": 0,
            "memory_swap": 0,
            "mounts": [],
            "must_run": true,
            "name": "spark_master",
            "network_data": [
              {
                "gateway": "172.19.0.1",
                "global_ipv6_address": "",
                "global_ipv6_prefix_length": 0,
                "ip_address": "172.19.0.4",
                "ip_prefix_length": 16,
                "ipv6_gateway": "",
                "mac_address": "e2:5e:1b:ba:3c:b1",
                "network_name": "my_shared_network"
              }
            ],
            "network_mode": "bridge",
            "networks_advanced": [
              {
                "aliases": [],
                "ipv4_address": "",
                "ipv6_address": "",
                "name": "my_shared_network"
              }
            ],
            "pid_mode": "",
            "ports": [
              {
                "external": 7077,
                "internal": 7077,
                "ip": "0.0.0.0",
                "protocol": "tcp"
              },
              {
                "external": 8081,
                "internal": 8080,
                "ip": "0.0.0.0",
                "protocol": "tcp"
              }
            ],
            "privileged": false,
            "publish_all_ports": false,
            "read_only": false,
            "remove_volumes": true,
            "restart": "unless-stopped",
            "rm": false,
            "runtime": "runc",
            "security_opts": [],
            "shm_size": 64,
            "start": true,
            "stdin_open": false,
            "stop_signal": "",
            "stop_timeout": 0,
            "storage_opts": null,
            "sysctls": null,
            "tmpfs": null,
            "tty": false,
            "ulimit": [],
            "upload": [],
            "user": "spark",
            "userns_mode": "",
            "volumes": [
              {
                "container_path": "/opt/spark/events",
                "from_container": "",
                "host_path": "",
                "read_only": null,
                "volume_name": "spark_events"
              },
              {
                "container_path": "/opt/spark/jobs",
                "from_container": "",
                "host_path": "/home/kcat/Repos/pipeline_infra/spark-jobs",
                "read_only": null,
                "volume_name": ""
              }
            ],
            "wait": false,
            "wait_timeout": 60,
            "working_dir": "/opt/spark/work-dir"
          },
          "sensitive_attributes": [],
          "identity_schema_version": 0,
          "private": "eyJzY2hlbWFfdmVyc2lvbiI6IjIifQ==",
          "dependencies": [
            "docker_network.my_shared_network",
            "docker_volume.spark_events"
          ]
        }
      ]
    },
    {
      "mode": "managed",
      "type": "docker_container",
      "name": "spark_worker",
      "provider": "provider[\"registry.terraform.io/kreuzwerker/docker\"]",
      "instances": [
        {
          "schema_version": 2,
          "attributes": {
            "attach": false,
            "bridge": "",
            "capabilities": [],
            "cgroup_parent": null,
            "cgroupns_mode": null,
            "command": [
              "/opt/spark/bin/spark-class",
              "org.apache.spark.deploy.worker.Worker",
              "spark://spark-master:7077"
            ],
            "container_logs": null,
            "container_read_refresh_timeout_milliseconds": 15000,
            "cpu_period": null,
            "cpu_quota": null,
            "cpu_set": "",
            "cpu_shares": 0,
            "cpus": null,
            "destroy_grace_seconds": null,
            "devices": [],
            "dns": null,
            "dns_opts": null,
            "dns_search": null,
            "domainname": "",
            "entrypoint": [
              "/opt/entrypoint.sh"
            ],
            "env": [
              "SPARK_MASTER_URL=spark://spark-master:7077",
              "SPARK_WORKER_CORES=2",
              "SPARK_WORKER_MEMORY=2g"
            ],
            "exit_code": null,
            "gpus": null,
            "group_add": null,
            "healthcheck": null,
            "host": [],
            "hostname": "a8e6ffc7a62d",
            "id": "a8e6ffc7a62d8c0eb2ba4621955b18f6d79978a38d2be1cc758d3135d8461934",
            "image": "apache/spark:3.5.1",
            "init": false,
            "ipc_mode": "private",
            "labels": [],
            "log_driver": "json-file",
            "log_opts": null,
            "logs": false,
            "max_retry_count": 0,
            "memory": 0,
            "memory_swap": 0,
            "mounts": [],
            "must_run": true,
            "name": "spark_worker",
            "network_data": [
              {
                "gateway": "172.19.0.1",
                "global_ipv6_address": "",
                "global_ipv6_prefix_length": 0,
                "ip_address": "172.19.0.8",
                "ip_prefix_length": 16,
                "ipv6_gateway": "",
                "mac_address": "26:5e:a4:46:fd:ba",
                "network_name": "my_shared_network"
              }
            ],
            "network_mode": "bridge",
            "networks_advanced": [
              {
                "aliases": [],
                "ipv4_address": "",
                "ipv6_address": "",
                "name": "my_shared_network"
              }
            ],
            "pid_mode": "",
            "ports": [],
            "privileged": false,
            "publish_all_ports": false,
            "read_only": false,
            "remove_volumes": true,
            "restart": "unless-stopped",
            "rm": false,
            "runtime": "runc",
            "security_opts": [],
            "shm_size": 64,
            "start": true,
            "stdin_open": false,
            "stop_signal": "",
            "stop_timeout": 0,
            "storage_opts": null,
            "sysctls": null,
            "tmpfs": null,
            "tty": false,
            "ulimit": [],
            "upload": [],
            "user": "spark",
            "userns_mode": "",
            "volumes": [
              {
                "container_path": "/opt/spark/events",
                "from_container": "",
                "host_path": "",
                "read_only": null,
                "volume_name": "spark_events"
              }
            ],
            "wait": false,
            "wait_timeout": 60,
            "working_dir": "/opt/spark/work-dir"
          },
          "sensitive_attributes": [],
          "identity_schema_version": 0,
          "private": "eyJzY2hlbWFfdmVyc2lvbiI6IjIifQ==",
          "dependencies": [
            "docker_container.spark_master",
            "docker_network.my_shared_network",
            "docker_volume.spark_events"
          ]
        }
      ]
    },
    {
      "mode": "managed",
      "type": "docker_container",
      "name": "sqlite",
      "provider": "provider[\"registry.terraform.io/kreuzwerker/docker\"]",
      "instances": [
        {
          "schema_version": 2,
          "attributes": {
            "attach": false,
            "bridge": "",
            "capabilities": [],
            "cgroup_parent": null,
            "cgroupns_mode": null,
            "command": [
              "tail",
              "-f",
              "/dev/null"
            ],
            "container_logs": null,
            "container_read_refresh_timeout_milliseconds": 15000,
            "cpu_period": null,
            "cpu_quota": null,
            "cpu_set": "",
            "cpu_shares": 0,
            "cpus": null,
            "destroy_grace_seconds": null,
            "devices": [],
            "dns": null,
            "dns_opts": null,
            "dns_search": null,
            "domainname": "",
            "entrypoint": [],
            "env": [],
            "exit_code": null,
            "gpus": null,
            "group_add": null,
            "healthcheck": null,
            "host": [],
            "hostname": "2c4e8da6d74e",
            "id": "2c4e8da6d74e444c92b1b50cd310ebcb3116f41eb12c5ee683e033097b37b8c2",
            "image": "busybox:latest",
            "init": false,
            "ipc_mode": "private",
            "labels": [],
            "log_driver": "json-file",
            "log_opts": null,
            "logs": false,
            "max_retry_count": 0,
            "memory": 0,
            "memory_swap": 0,
            "mounts": [],
            "must_run": true,
            "name": "sqlite_metastore_db",
            "network_data": [
              {
                "gateway": "172.19.0.1",
                "global_ipv6_address": "",
                "global_ipv6_prefix_length": 0,
                "ip_address": "172.19.0.2",
                "ip_prefix_length": 16,
                "ipv6_gateway": "",
                "mac_address": "a2:82:da:a5:4e:ae",
                "network_name": "my_shared_network"
              }
            ],
            "network_mode": "bridge",
            "networks_advanced": [
              {
                "aliases": [],
                "ipv4_address": "",
                "ipv6_address": "",
                "name": "my_shared_network"
              }
            ],
            "pid_mode": "",
            "ports": [],
            "privileged": false,
            "publish_all_ports": false,
            "read_only": false,
            "remove_volumes": true,
            "restart": "no",
            "rm": false,
            "runtime": "runc",
            "security_opts": [],
            "shm_size": 64,
            "start": true,
            "stdin_open": false,
            "stop_signal": "",
            "stop_timeout": 0,
            "storage_opts": null,
            "sysctls": null,
            "tmpfs": null,
            "tty": false,
            "ulimit": [],
            "upload": [],
            "user": "",
            "userns_mode": "",
            "volumes": [
              {
                "container_path": "/data",
                "from_container": "",
                "host_path": "",
                "read_only": null,
                "volume_name": "sqlite_data"
              }
            ],
            "wait": false,
            "wait_timeout": 60,
            "working_dir": ""
          },
          "sensitive_attributes": [],
          "identity_schema_version": 0,
          "private": "eyJzY2hlbWFfdmVyc2lvbiI6IjIifQ==",
          "dependencies": [
            "docker_network.my_shared_network",
            "docker_volume.sqlite_data"
          ]
        }
      ]
    },
    {
      "mode": "managed",
      "type": "docker_container",
      "name": "superset",
      "provider": "provider[\"registry.terraform.io/kreuzwerker/docker\"]",
      "instances": [
        {
          "schema_version": 2,
          "attributes": {
            "attach": false,
            "bridge": "",
            "capabilities": [],
            "cgroup_parent": null,
            "cgroupns_mode": null,
            "command": [
              "/usr/bin/run-server.sh"
            ],
            "container_logs": null,
            "container_read_refresh_timeout_milliseconds": 15000,
            "cpu_period": null,
            "cpu_quota": null,
            "cpu_set": "",
            "cpu_shares": 0,
            "cpus": null,
            "destroy_grace_seconds": null,
            "devices": [],
            "dns": null,
            "dns_opts": null,
            "dns_search": null,
            "domainname": "",
            "entrypoint": [],
            "env": [
              "SQLALCHEMY_DATABASE_URI=postgresql://kcat:thisismypgpass12@postgres_metadata_db:5432/metadata",
              "SUPERSET_LOAD_EXAMPLES=false",
              "SUPERSET_SECRET_KEY=ThisIsMyCurerntSercretKey"
            ],
            "exit_code": null,
            "gpus": null,
            "group_add": null,
            "healthcheck": [
              {
                "interval": "0s",
                "retries": 0,
                "start_interval": "0s",
                "start_period": "0s",
                "test": [
                  "CMD-SHELL",
                  "curl -f \"http://localhost:$SUPERSET_PORT/health\""
                ],
                "timeout": "0s"
              }
            ],
            "host": [],
            "hostname": "26f794fc1969",
            "id": "26f794fc19694873be89012b743a09057367457432a5c8376eb8917006e9eceb",
            "image": "apache/superset:3.0.0",
            "init": false,
            "ipc_mode": "private",
            "labels": [],
            "log_driver": "json-file",
            "log_opts": null,
            "logs": false,
            "max_retry_count": 0,
            "memory": 0,
            "memory_swap": 0,
            "mounts": [],
            "must_run": true,
            "name": "superset_app",
            "network_data": [
              {
                "gateway": "172.19.0.1",
                "global_ipv6_address": "",
                "global_ipv6_prefix_length": 0,
                "ip_address": "172.19.0.15",
                "ip_prefix_length": 16,
                "ipv6_gateway": "",
                "mac_address": "be:c6:f7:2d:d8:86",
                "network_name": "my_shared_network"
              }
            ],
            "network_mode": "bridge",
            "networks_advanced": [
              {
                "aliases": [],
                "ipv4_address": "",
                "ipv6_address": "",
                "name": "my_shared_network"
              }
            ],
            "pid_mode": "",
            "ports": [
              {
                "external": 8088,
                "internal": 8088,
                "ip": "0.0.0.0",
                "protocol": "tcp"
              }
            ],
            "privileged": false,
            "publish_all_ports": false,
            "read_only": false,
            "remove_volumes": true,
            "restart": "unless-stopped",
            "rm": false,
            "runtime": "runc",
            "security_opts": [],
            "shm_size": 64,
            "start": true,
            "stdin_open": false,
            "stop_signal": "",
            "stop_timeout": 0,
            "storage_opts": null,
            "sysctls": null,
            "tmpfs": null,
            "tty": false,
            "ulimit": [],
            "upload": [],
            "user": "superset",
            "userns_mode": "",
            "volumes": [
              {
                "container_path": "/app",
                "from_container": "",
                "host_path": "",
                "read_only": null,
                "volume_name": "sqlite_data"
              }
            ],
            "wait": false,
            "wait_timeout": 60,
            "working_dir": "/app"
          },
          "sensitive_attributes": [
            [
              {
                "type": "get_attr",
                "value": "env"
              }
            ]
          ],
          "identity_schema_version": 0,
          "private": "eyJzY2hlbWFfdmVyc2lvbiI6IjIifQ==",
          "dependencies": [
            "docker_container.hive-metastore",
            "docker_container.postgres_metadata",
            "docker_container.superset_init",
            "docker_network.my_shared_network",
            "docker_volume.postgres_data_metadata",
            "docker_volume.sqlite_data",
            "local_file.hive_site_rendered",
            "null_resource.hive_init_schema"
          ]
        }
      ]
    },
    {
      "mode": "managed",
      "type": "docker_container",
      "name": "superset_init",
      "provider": "provider[\"registry.terraform.io/kreuzwerker/docker\"]",
      "instances": [
        {
          "schema_version": 2,
          "attributes": {
            "attach": false,
            "bridge": "",
            "capabilities": [],
            "cgroup_parent": null,
            "cgroupns_mode": null,
            "command": [
              "/bin/bash",
              "-c",
              "pip install trino sqlalchemy-trino\nsuperset db upgrade \nsuperset fab create-admin --username superset_admin --firstname Superset --lastname Admin --email whoislearningiam@gmail.com --password MySecurePassword123!\nsuperset init\necho 'Initialization complete. Pausing for 10 seconds...'\nsleep 10\n"
            ],
            "container_logs": null,
            "container_read_refresh_timeout_milliseconds": 15000,
            "cpu_period": null,
            "cpu_quota": null,
            "cpu_set": "",
            "cpu_shares": 0,
            "cpus": null,
            "destroy_grace_seconds": null,
            "devices": [],
            "dns": null,
            "dns_opts": null,
            "dns_search": null,
            "domainname": "",
            "entrypoint": [],
            "env": [
              "SQLALCHEMY_DATABASE_URI=postgresql://kcat:thisismypgpass12@postgres_metadata_db:5432/metadata",
              "SUPERSET_ADMIN_EMAIL=whoislearningiam@gmail.com",
              "SUPERSET_ADMIN_PASSWORD=MySecurePassword123!",
              "SUPERSET_ADMIN_USERNAME=superset_admin",
              "SUPERSET_SECRET_KEY=ThisIsMyCurerntSercretKey"
            ],
            "exit_code": null,
            "gpus": null,
            "group_add": null,
            "healthcheck": [
              {
                "interval": "0s",
                "retries": 0,
                "start_interval": "0s",
                "start_period": "0s",
                "test": [
                  "CMD-SHELL",
                  "curl -f \"http://localhost:$SUPERSET_PORT/health\""
                ],
                "timeout": "0s"
              }
            ],
            "host": [],
            "hostname": "4acbd2ef0e3d",
            "id": "4acbd2ef0e3d3d17955c27524f8f64d3b92f95a38463cfdb3474096bb1a3cf77",
            "image": "apache/superset:3.0.0",
            "init": false,
            "ipc_mode": "private",
            "labels": [],
            "log_driver": "json-file",
            "log_opts": null,
            "logs": false,
            "max_retry_count": 0,
            "memory": 0,
            "memory_swap": 0,
            "mounts": [],
            "must_run": true,
            "name": "superset_init",
            "network_data": [
              {
                "gateway": "172.19.0.1",
                "global_ipv6_address": "",
                "global_ipv6_prefix_length": 0,
                "ip_address": "172.19.0.11",
                "ip_prefix_length": 16,
                "ipv6_gateway": "",
                "mac_address": "26:83:c3:79:3a:e6",
                "network_name": "my_shared_network"
              }
            ],
            "network_mode": "bridge",
            "networks_advanced": [
              {
                "aliases": [],
                "ipv4_address": "",
                "ipv6_address": "",
                "name": "my_shared_network"
              }
            ],
            "pid_mode": "",
            "ports": [],
            "privileged": false,
            "publish_all_ports": false,
            "read_only": false,
            "remove_volumes": true,
            "restart": "no",
            "rm": false,
            "runtime": "runc",
            "security_opts": [],
            "shm_size": 64,
            "start": true,
            "stdin_open": false,
            "stop_signal": "",
            "stop_timeout": 0,
            "storage_opts": null,
            "sysctls": null,
            "tmpfs": null,
            "tty": false,
            "ulimit": [],
            "upload": [],
            "user": "superset",
            "userns_mode": "",
            "volumes": [
              {
                "container_path": "/app",
                "from_container": "",
                "host_path": "",
                "read_only": null,
                "volume_name": "sqlite_data"
              }
            ],
            "wait": false,
            "wait_timeout": 60,
            "working_dir": "/app"
          },
          "sensitive_attributes": [
            [
              {
                "type": "get_attr",
                "value": "command"
              },
              {
                "type": "index",
                "value": {
                  "value": 2,
                  "type": "number"
                }
              }
            ],
            [
              {
                "type": "get_attr",
                "value": "env"
              }
            ]
          ],
          "identity_schema_version": 0,
          "private": "eyJzY2hlbWFfdmVyc2lvbiI6IjIifQ==",
          "dependencies": [
            "docker_container.hive-metastore",
            "docker_container.postgres_metadata",
            "docker_network.my_shared_network",
            "docker_volume.postgres_data_metadata",
            "docker_volume.sqlite_data",
            "local_file.hive_site_rendered",
            "null_resource.hive_init_schema"
          ]
        }
      ]
    },
    {
      "mode": "managed",
      "type": "docker_container",
      "name": "trino",
      "provider": "provider[\"registry.terraform.io/kreuzwerker/docker\"]",
      "instances": [
        {
          "schema_version": 2,
          "attributes": {
            "attach": false,
            "bridge": "",
            "capabilities": [],
            "cgroup_parent": null,
            "cgroupns_mode": null,
            "command": [],
            "container_logs": null,
            "container_read_refresh_timeout_milliseconds": 15000,
            "cpu_period": null,
            "cpu_quota": null,
            "cpu_set": "",
            "cpu_shares": 0,
            "cpus": null,
            "destroy_grace_seconds": null,
            "devices": [],
            "dns": null,
            "dns_opts": null,
            "dns_search": null,
            "domainname": "",
            "entrypoint": [
              "/usr/lib/trino/bin/run-trino"
            ],
            "env": [],
            "exit_code": null,
            "gpus": null,
            "group_add": null,
            "healthcheck": [
              {
                "interval": "10s",
                "retries": 0,
                "start_interval": "0s",
                "start_period": "10s",
                "test": [
                  "CMD-SHELL",
                  "/usr/lib/trino/bin/health-check"
                ],
                "timeout": "5s"
              }
            ],
            "host": [],
            "hostname": "38e3418a247f",
            "id": "38e3418a247f8917d15c20a88b472cdc8029a7daf0271da09b3575fb52647c0e",
            "image": "trinodb/trino:latest",
            "init": false,
            "ipc_mode": "private",
            "labels": [],
            "log_driver": "json-file",
            "log_opts": null,
            "logs": false,
            "max_retry_count": 0,
            "memory": 0,
            "memory_swap": 0,
            "mounts": [],
            "must_run": true,
            "name": "trino_query_engine",
            "network_data": [
              {
                "gateway": "172.19.0.1",
                "global_ipv6_address": "",
                "global_ipv6_prefix_length": 0,
                "ip_address": "172.19.0.13",
                "ip_prefix_length": 16,
                "ipv6_gateway": "",
                "mac_address": "1e:8f:33:f8:03:5e",
                "network_name": "my_shared_network"
              }
            ],
            "network_mode": "bridge",
            "networks_advanced": [
              {
                "aliases": [
                  "trino"
                ],
                "ipv4_address": "",
                "ipv6_address": "",
                "name": "my_shared_network"
              }
            ],
            "pid_mode": "",
            "ports": [
              {
                "external": 8082,
                "internal": 8080,
                "ip": "0.0.0.0",
                "protocol": "tcp"
              }
            ],
            "privileged": false,
            "publish_all_ports": false,
            "read_only": false,
            "remove_volumes": true,
            "restart": "unless-stopped",
            "rm": false,
            "runtime": "runc",
            "security_opts": [],
            "shm_size": 64,
            "start": true,
            "stdin_open": false,
            "stop_signal": "",
            "stop_timeout": 0,
            "storage_opts": null,
            "sysctls": null,
            "tmpfs": null,
            "tty": false,
            "ulimit": [],
            "upload": [],
            "user": "1000:1000",
            "userns_mode": "",
            "volumes": [
              {
                "container_path": "/etc/trino",
                "from_container": "",
                "host_path": "/home/kcat/Repos/pipeline_infra/trino/etc",
                "read_only": null,
                "volume_name": ""
              },
              {
                "container_path": "/var/lib/trino",
                "from_container": "",
                "host_path": "/home/kcat/Repos/pipeline_infra/trino_data",
                "read_only": null,
                "volume_name": ""
              }
            ],
            "wait": false,
            "wait_timeout": 60,
            "working_dir": "/"
          },
          "sensitive_attributes": [],
          "identity_schema_version": 0,
          "private": "eyJzY2hlbWFfdmVyc2lvbiI6IjIifQ==",
          "dependencies": [
            "docker_container.hive-metastore",
            "docker_container.minio",
            "docker_container.postgres_metadata",
            "docker_network.my_shared_network",
            "docker_volume.minio_data",
            "docker_volume.postgres_data_metadata",
            "local_file.hive_site_rendered",
            "null_resource.hive_init_schema"
          ]
        }
      ]
    },
    {
      "mode": "managed",
      "type": "docker_network",
      "name": "my_shared_network",
      "provider": "provider[\"registry.terraform.io/kreuzwerker/docker\"]",
      "instances": [
        {
          "schema_version": 1,
          "attributes": {
            "attachable": false,
            "check_duplicate": null,
            "driver": "bridge",
            "id": "ff90ba538abf3b1fdf61f271dc7b4d0d84d27141c0ca09d13af9185ecc73732a",
            "ingress": false,
            "internal": false,
            "ipam_config": [
              {
                "aux_address": {},
                "gateway": "172.19.0.1",
                "ip_range": "",
                "subnet": "172.19.0.0/16"
              }
            ],
            "ipam_driver": "default",
            "ipam_options": {},
            "ipv6": false,
            "labels": [],
            "name": "my_shared_network",
            "options": {},
            "scope": "local"
          },
          "sensitive_attributes": [],
          "identity_schema_version": 0,
          "private": "eyJzY2hlbWFfdmVyc2lvbiI6IjEifQ=="
        }
      ]
    },
    {
      "mode": "managed",
      "type": "docker_volume",
      "name": "minio_data",
      "provider": "provider[\"registry.terraform.io/kreuzwerker/docker\"]",
      "instances": [
        {
          "schema_version": 1,
          "attributes": {
            "driver": "local",
            "driver_opts": {},
            "id": "minio_data",
            "labels": [],
            "mountpoint": "/var/snap/docker/common/var-lib-docker/volumes/minio_data/_data",
            "name": "minio_data"
          },
          "sensitive_attributes": [],
          "identity_schema_version": 0,
          "private": "eyJzY2hlbWFfdmVyc2lvbiI6IjEifQ=="
        }
      ]
    },
    {
      "mode": "managed",
      "type": "docker_volume",
      "name": "ollama_models",
      "provider": "provider[\"registry.terraform.io/kreuzwerker/docker\"]",
      "instances": [
        {
          "schema_version": 1,
          "attributes": {
            "driver": "local",
            "driver_opts": {},
            "id": "ollama_models",
            "labels": [],
            "mountpoint": "/var/snap/docker/common/var-lib-docker/volumes/ollama_models/_data",
            "name": "ollama_models"
          },
          "sensitive_attributes": [],
          "identity_schema_version": 0,
          "private": "eyJzY2hlbWFfdmVyc2lvbiI6IjEifQ=="
        }
      ]
    },
    {
      "mode": "managed",
      "type": "docker_volume",
      "name": "postgres_data_domain",
      "provider": "provider[\"registry.terraform.io/kreuzwerker/docker\"]",
      "instances": [
        {
          "schema_version": 1,
          "attributes": {
            "driver": "local",
            "driver_opts": {},
            "id": "postgres_data_domain",
            "labels": [],
            "mountpoint": "/var/snap/docker/common/var-lib-docker/volumes/postgres_data_domain/_data",
            "name": "postgres_data_domain"
          },
          "sensitive_attributes": [],
          "identity_schema_version": 0,
          "private": "eyJzY2hlbWFfdmVyc2lvbiI6IjEifQ=="
        }
      ]
    },
    {
      "mode": "managed",
      "type": "docker_volume",
      "name": "postgres_data_metadata",
      "provider": "provider[\"registry.terraform.io/kreuzwerker/docker\"]",
      "instances": [
        {
          "schema_version": 1,
          "attributes": {
            "driver": "local",
            "driver_opts": {},
            "id": "postgres_data_metadata",
            "labels": [],
            "mountpoint": "/var/snap/docker/common/var-lib-docker/volumes/postgres_data_metadata/_data",
            "name": "postgres_data_metadata"
          },
          "sensitive_attributes": [],
          "identity_schema_version": 0,
          "private": "eyJzY2hlbWFfdmVyc2lvbiI6IjEifQ=="
        }
      ]
    },
    {
      "mode": "managed",
      "type": "docker_volume",
      "name": "spark_events",
      "provider": "provider[\"registry.terraform.io/kreuzwerker/docker\"]",
      "instances": [
        {
          "schema_version": 1,
          "attributes": {
            "driver": "local",
            "driver_opts": {},
            "id": "spark_events",
            "labels": [],
            "mountpoint": "/var/snap/docker/common/var-lib-docker/volumes/spark_events/_data",
            "name": "spark_events"
          },
          "sensitive_attributes": [],
          "identity_schema_version": 0,
          "private": "eyJzY2hlbWFfdmVyc2lvbiI6IjEifQ=="
        }
      ]
    },
    {
      "mode": "managed",
      "type": "docker_volume",
      "name": "sqlite_data",
      "provider": "provider[\"registry.terraform.io/kreuzwerker/docker\"]",
      "instances": [
        {
          "schema_version": 1,
          "attributes": {
            "driver": "local",
            "driver_opts": {},
            "id": "sqlite_data",
            "labels": [],
            "mountpoint": "/var/snap/docker/common/var-lib-docker/volumes/sqlite_data/_data",
            "name": "sqlite_data"
          },
          "sensitive_attributes": [],
          "identity_schema_version": 0,
          "private": "eyJzY2hlbWFfdmVyc2lvbiI6IjEifQ=="
        }
      ]
    },
    {
      "mode": "managed",
      "type": "local_file",
      "name": "core_site_rendered",
      "provider": "provider[\"registry.terraform.io/hashicorp/local\"]",
      "instances": [
        {
          "schema_version": 0,
          "attributes": {
            "content": "\u003cconfiguration\u003e\n    \u003c!-- Default FS: Hive warehouse main bucket --\u003e\n    \u003cproperty\u003e\n        \u003cname\u003efs.defaultFS\u003c/name\u003e\n        \u003cvalue\u003es3a://hive-warehouse/\u003c/value\u003e\n    \u003c/property\u003e\n\n    \u003c!-- Access/secret from environment variables --\u003e\n    \u003cproperty\u003e\n        \u003cname\u003efs.s3a.access.key\u003c/name\u003e\n        \u003cvalue\u003eminioadmin\u003c/value\u003e\n    \u003c/property\u003e\n    \u003cproperty\u003e\n        \u003cname\u003efs.s3a.secret.key\u003c/name\u003e\n        \u003cvalue\u003eminioadminpassword\u003c/value\u003e\n    \u003c/property\u003e\n\n    \u003c!-- MinIO endpoint --\u003e\n    \u003cproperty\u003e\n        \u003cname\u003efs.s3a.endpoint\u003c/name\u003e\n        \u003cvalue\u003ehttp://minio:9000\u003c/value\u003e\n    \u003c/property\u003e\n\n    \u003c!-- Path style access for MinIO --\u003e\n    \u003cproperty\u003e\n        \u003cname\u003efs.s3a.path.style.access\u003c/name\u003e\n        \u003cvalue\u003etrue\u003c/value\u003e\n    \u003c/property\u003e\n    \u003cproperty\u003e\n        \u003cname\u003efs.s3a.impl\u003c/name\u003e\n        \u003cvalue\u003eorg.apache.hadoop.fs.s3a.S3AFileSystem\u003c/value\u003e\n    \u003c/property\u003e\n\n    \u003c!-- Optional tuning --\u003e\n    \u003cproperty\u003e\n        \u003cname\u003efs.s3a.connection.maximum\u003c/name\u003e\n        \u003cvalue\u003e100\u003c/value\u003e\n    \u003c/property\u003e\n    \u003cproperty\u003e\n        \u003cname\u003efs.s3a.fast.upload\u003c/name\u003e\n        \u003cvalue\u003etrue\u003c/value\u003e\n    \u003c/property\u003e\n\u003c/configuration\u003e\n",
            "content_base64": null,
            "content_base64sha256": "Ydgu2iFhRcAaCoPV7LHDcfPO0uw2V7ZEqBzIc7zyCbo=",
            "content_base64sha512": "Fm78cBXa9yocgRnIxoR9qLVL5h4MTup5x7KCizjCNFqEbKDJoCWXustGzQ2ydijJXmTNkVhv9JECZeLYttZbng==",
            "content_md5": "ffade79eba95d49bbac022d503d3dab7",
            "content_sha1": "5fe8dc6dac2b4a4ac2e779580fabafd13af51448",
            "content_sha256": "61d82eda216145c01a0a83d5ecb1c371f3ced2ec3657b644a81cc873bcf209ba",
            "content_sha512": "166efc7015daf72a1c8119c8c6847da8b54be61e0c4eea79c7b2828b38c2345a846ca0c9a02597bacb46cd0db27628c95e64cd91586ff4910265e2d8b6d65b9e",
            "directory_permission": "0777",
            "file_permission": "0777",
            "filename": "/home/kcat/Repos/pipeline_infra/generated/core-site.xml",
            "id": "5fe8dc6dac2b4a4ac2e779580fabafd13af51448",
            "sensitive_content": null,
            "source": null
          },
          "sensitive_attributes": [
            [
              {
                "type": "get_attr",
                "value": "sensitive_content"
              }
            ]
          ],
          "identity_schema_version": 0
        }
      ]
    },
    {
      "mode": "managed",
      "type": "local_file",
      "name": "hive_site_rendered",
      "provider": "provider[\"registry.terraform.io/hashicorp/local\"]",
      "instances": [
        {
          "schema_version": 0,
          "attributes": {
            "content": "\u003cconfiguration\u003e\n  \u003cproperty\u003e\n    \u003cname\u003ejavax.jdo.option.ConnectionURL\u003c/name\u003e\n    \u003cvalue\u003ejdbc:postgresql://postgres_metadata_db:5432/metadata\u003c/value\u003e\n  \u003c/property\u003e\n\n  \u003cproperty\u003e\n    \u003cname\u003ejavax.jdo.option.ConnectionDriverName\u003c/name\u003e\n    \u003cvalue\u003eorg.postgresql.Driver\u003c/value\u003e\n  \u003c/property\u003e\n\n  \u003cproperty\u003e\n    \u003cname\u003ejavax.jdo.option.ConnectionUserName\u003c/name\u003e\n    \u003cvalue\u003ekcat\u003c/value\u003e\n  \u003c/property\u003e\n\n  \u003cproperty\u003e\n    \u003cname\u003ejavax.jdo.option.ConnectionPassword\u003c/name\u003e\n    \u003cvalue\u003ethisismypgpass12\u003c/value\u003e\n  \u003c/property\u003e\n\n  \u003cproperty\u003e\n    \u003cname\u003ehive.metastore.warehouse.dir\u003c/name\u003e\n    \u003cvalue\u003es3a://hive-warehouse/\u003c/value\u003e\n  \u003c/property\u003e\n\n\u003c/configuration\u003e\n",
            "content_base64": null,
            "content_base64sha256": "X4MyE68KnWH8u102y1gDjyYGVbRWAPl/90CkpyxVqc8=",
            "content_base64sha512": "o0Q07A50uxzZm+lqktiLhXaynKqzWGB5birnkxfMqMpcwGR6cZ/z32a48+7//U/fOnG4LewiUnx+ZhD55xIO/Q==",
            "content_md5": "97815d8aa658109bea2430efe79781c3",
            "content_sha1": "5bebf9a1a0fb164e540f79983681d565fa8c1031",
            "content_sha256": "5f833213af0a9d61fcbb5d36cb58038f260655b45600f97ff740a4a72c55a9cf",
            "content_sha512": "a34434ec0e74bb1cd99be96a92d88b8576b29caab35860796e2ae79317cca8ca5cc0647a719ff3df66b8f3eefffd4fdf3a71b82dec22527c7e6610f9e7120efd",
            "directory_permission": "0777",
            "file_permission": "0777",
            "filename": "/home/kcat/Repos/pipeline_infra/generated/hive-site.xml",
            "id": "5bebf9a1a0fb164e540f79983681d565fa8c1031",
            "sensitive_content": null,
            "source": null
          },
          "sensitive_attributes": [
            [
              {
                "type": "get_attr",
                "value": "content"
              }
            ],
            [
              {
                "type": "get_attr",
                "value": "sensitive_content"
              }
            ]
          ],
          "identity_schema_version": 0
        }
      ]
    },
    {
      "mode": "managed",
      "type": "null_resource",
      "name": "hive_init_schema",
      "provider": "provider[\"registry.terraform.io/hashicorp/null\"]",
      "instances": [
        {
          "schema_version": 0,
          "attributes": {
            "id": "3604591677907522502",
            "triggers": null
          },
          "sensitive_attributes": [],
          "identity_schema_version": 0,
          "dependencies": [
            "docker_container.postgres_metadata",
            "docker_network.my_shared_network",
            "docker_volume.postgres_data_metadata",
            "local_file.hive_site_rendered"
          ]
        }
      ]
    }
  ],
  "check_results": null
}
