{
  "version": 4,
  "terraform_version": "1.14.1",
  "serial": 553,
  "lineage": "28f9ac16-8029-4e71-032a-128382503f49",
  "outputs": {
    "data_platform_access": {
      "value": {
        "airflow_webserver": "http://localhost:8080",
        "minio_console": "http://localhost:9001",
        "ollama_api": "http://localhost:11434",
        "spark_master_ui": "http://localhost:8081",
        "superset_ui": "http://localhost:8088",
        "trino_ui": "http://localhost:8082"
      },
      "type": [
        "object",
        {
          "airflow_webserver": "string",
          "minio_console": "string",
          "ollama_api": "string",
          "spark_master_ui": "string",
          "superset_ui": "string",
          "trino_ui": "string"
        }
      ]
    },
    "initial_credentials": {
      "value": {
        "airflow_password": "airflow",
        "airflow_user": "airflow",
        "superset_password": "MySecurePassword123!",
        "superset_user": "superset_admin"
      },
      "type": [
        "object",
        {
          "airflow_password": "string",
          "airflow_user": "string",
          "superset_password": "string",
          "superset_user": "string"
        }
      ],
      "sensitive": true
    }
  },
  "resources": [
    {
      "mode": "managed",
      "type": "docker_container",
      "name": "airflow_init",
      "provider": "provider[\"registry.terraform.io/kreuzwerker/docker\"]",
      "instances": [
        {
          "schema_version": 2,
          "attributes": {
            "attach": false,
            "bridge": "",
            "capabilities": [],
            "cgroup_parent": null,
            "cgroupns_mode": null,
            "command": [
              "bash",
              "-c",
              "echo \"Waiting for Postgres at postgres_db:5432...\"\nuntil PGPASSWORD=thisismypgpass12 psql -h postgres_db -U kcat -d superset_metadata -c 'select 1' \u003e /dev/null 2\u003e\u00261; do\n  echo \"Postgres is unavailable - sleeping\"\n  sleep 1\ndone\necho \"Postgres is ready! Starting Airflow process...\"\nairflow db init \u0026\u0026 airflow users create --username airflow --firstname Admin --lastname User --role Admin --email admin@example.com --password airflow\n"
            ],
            "container_logs": null,
            "container_read_refresh_timeout_milliseconds": 15000,
            "cpu_period": null,
            "cpu_quota": null,
            "cpu_set": "",
            "cpu_shares": 0,
            "cpus": null,
            "destroy_grace_seconds": null,
            "devices": [],
            "dns": null,
            "dns_opts": null,
            "dns_search": null,
            "domainname": "",
            "entrypoint": [
              "/usr/bin/dumb-init",
              "--",
              "/entrypoint"
            ],
            "env": [
              "AIRFLOW_CONN_AWS_DEFAULT={'conn_type': 'aws', 'host': 'http://minio:9000', 'login': 'minioadmin', 'password': 'minioadminpassword', 'extra': {'aws_access_key_id': 'minioadmin', 'aws_secret_access_key': 'minioadminpassword', 'endpoint_url': 'http://minio:9000', 'region_name': 'us-east-1', 's3_verify': false}}",
              "AIRFLOW_CONN_SPARK_DEFAULT=spark://spark-master:7077",
              "AIRFLOW_GID=1000",
              "AIRFLOW_HOME=/opt/airflow",
              "AIRFLOW_UID=1000",
              "AIRFLOW__CORE__EXECUTOR=LocalExecutor",
              "AIRFLOW__CORE__LOAD_EXAMPLES=false",
              "AIRFLOW__CORE__SQL_ALCHEMY_CONN=postgresql+psycopg2://kcat:thisismypgpass12@postgres_db:5432/superset_metadata",
              "AIRFLOW__WEBSERVER__RBAC=true",
              "POSTGRES_DB=superset_metadata",
              "POSTGRES_HOST=postgres_db",
              "POSTGRES_PASSWORD=thisismypgpass12",
              "POSTGRES_USER=kcat"
            ],
            "exit_code": null,
            "gpus": null,
            "group_add": null,
            "healthcheck": null,
            "host": [],
            "hostname": "924c1f441369",
            "id": "924c1f441369cb2d45ed630705828663354a91f87a65274f0088f997acadd492",
            "image": "apache/airflow:2.8.1",
            "init": false,
            "ipc_mode": "private",
            "labels": [],
            "log_driver": "json-file",
            "log_opts": null,
            "logs": false,
            "max_retry_count": 0,
            "memory": 0,
            "memory_swap": 0,
            "mounts": [],
            "must_run": true,
            "name": "airflow_init",
            "network_data": [
              {
                "gateway": "172.19.0.1",
                "global_ipv6_address": "",
                "global_ipv6_prefix_length": 0,
                "ip_address": "172.19.0.7",
                "ip_prefix_length": 16,
                "ipv6_gateway": "",
                "mac_address": "06:2b:da:62:c2:e4",
                "network_name": "my_shared_network"
              }
            ],
            "network_mode": "bridge",
            "networks_advanced": [
              {
                "aliases": [],
                "ipv4_address": "",
                "ipv6_address": "",
                "name": "my_shared_network"
              }
            ],
            "pid_mode": "",
            "ports": [],
            "privileged": false,
            "publish_all_ports": false,
            "read_only": false,
            "remove_volumes": true,
            "restart": "no",
            "rm": false,
            "runtime": "runc",
            "security_opts": [],
            "shm_size": 64,
            "start": true,
            "stdin_open": false,
            "stop_signal": "",
            "stop_timeout": 0,
            "storage_opts": null,
            "sysctls": null,
            "tmpfs": null,
            "tty": false,
            "ulimit": [],
            "upload": [],
            "user": "1000:0",
            "userns_mode": "",
            "volumes": [
              {
                "container_path": "/opt/airflow/dags",
                "from_container": "",
                "host_path": "/home/kcat/Repos/pipeline_infra/dags",
                "read_only": false,
                "volume_name": ""
              },
              {
                "container_path": "/opt/airflow/logs",
                "from_container": "",
                "host_path": "/home/kcat/Repos/pipeline_infra/logs",
                "read_only": false,
                "volume_name": ""
              },
              {
                "container_path": "/opt/airflow/plugins",
                "from_container": "",
                "host_path": "/home/kcat/Repos/pipeline_infra/plugins",
                "read_only": false,
                "volume_name": ""
              },
              {
                "container_path": "/opt/airflow/spark_events",
                "from_container": "",
                "host_path": "",
                "read_only": false,
                "volume_name": "spark_events"
              },
              {
                "container_path": "/opt/bitnami/spark/jobs",
                "from_container": "",
                "host_path": "/home/kcat/Repos/pipeline_infra/spark-jobs",
                "read_only": false,
                "volume_name": ""
              }
            ],
            "wait": false,
            "wait_timeout": 60,
            "working_dir": "/opt/airflow"
          },
          "sensitive_attributes": [
            [
              {
                "type": "get_attr",
                "value": "command"
              },
              {
                "type": "index",
                "value": {
                  "value": 2,
                  "type": "number"
                }
              }
            ],
            [
              {
                "type": "get_attr",
                "value": "env"
              }
            ]
          ],
          "identity_schema_version": 0,
          "private": "eyJzY2hlbWFfdmVyc2lvbiI6IjIifQ==",
          "dependencies": [
            "docker_container.postgres",
            "docker_network.my_shared_network",
            "docker_volume.postgres_data",
            "docker_volume.spark_events"
          ]
        }
      ]
    },
    {
      "mode": "managed",
      "type": "docker_container",
      "name": "airflow_scheduler",
      "provider": "provider[\"registry.terraform.io/kreuzwerker/docker\"]",
      "instances": [
        {
          "schema_version": 2,
          "attributes": {
            "attach": false,
            "bridge": "",
            "capabilities": [],
            "cgroup_parent": null,
            "cgroupns_mode": null,
            "command": [
              "bash",
              "-c",
              "echo \"Waiting for Postgres at postgres_db:5432...\"\nuntil PGPASSWORD=thisismypgpass12 psql -h postgres_db -U kcat -d superset_metadata -c 'select 1' \u003e /dev/null 2\u003e\u00261; do\n  echo \"Postgres is unavailable - sleeping\"\n  sleep 1\ndone\necho \"Postgres is ready! Starting Airflow process...\"\nairflow scheduler\n"
            ],
            "container_logs": null,
            "container_read_refresh_timeout_milliseconds": 15000,
            "cpu_period": null,
            "cpu_quota": null,
            "cpu_set": "",
            "cpu_shares": 0,
            "cpus": null,
            "destroy_grace_seconds": null,
            "devices": [],
            "dns": [],
            "dns_opts": [],
            "dns_search": [],
            "domainname": "",
            "entrypoint": [
              "/usr/bin/dumb-init",
              "--",
              "/entrypoint"
            ],
            "env": [
              "AIRFLOW_CONN_AWS_DEFAULT={'conn_type': 'aws', 'host': 'http://minio:9000', 'login': 'minioadmin', 'password': 'minioadminpassword', 'extra': {'aws_access_key_id': 'minioadmin', 'aws_secret_access_key': 'minioadminpassword', 'endpoint_url': 'http://minio:9000', 'region_name': 'us-east-1', 's3_verify': false}}",
              "AIRFLOW_CONN_SPARK_DEFAULT=spark://spark-master:7077",
              "AIRFLOW_GID=1000",
              "AIRFLOW_HOME=/opt/airflow",
              "AIRFLOW_UID=1000",
              "AIRFLOW__CORE__EXECUTOR=LocalExecutor",
              "AIRFLOW__CORE__LOAD_EXAMPLES=false",
              "AIRFLOW__CORE__SQL_ALCHEMY_CONN=postgresql+psycopg2://kcat:thisismypgpass12@postgres_db:5432/superset_metadata",
              "AIRFLOW__WEBSERVER__RBAC=true",
              "POSTGRES_DB=superset_metadata",
              "POSTGRES_HOST=postgres_db",
              "POSTGRES_PASSWORD=thisismypgpass12",
              "POSTGRES_USER=kcat"
            ],
            "exit_code": null,
            "gpus": null,
            "group_add": [],
            "healthcheck": [],
            "host": [],
            "hostname": "6c1505bdab3f",
            "id": "6c1505bdab3fb82982e376b8548e8f06f01f8afee244328ae3fd7e1cfe9178e2",
            "image": "apache/airflow:2.8.1",
            "init": false,
            "ipc_mode": "private",
            "labels": [],
            "log_driver": "json-file",
            "log_opts": {},
            "logs": false,
            "max_retry_count": 0,
            "memory": 0,
            "memory_swap": 0,
            "mounts": [],
            "must_run": true,
            "name": "airflow_scheduler",
            "network_data": [
              {
                "gateway": "172.19.0.1",
                "global_ipv6_address": "",
                "global_ipv6_prefix_length": 0,
                "ip_address": "172.19.0.9",
                "ip_prefix_length": 16,
                "ipv6_gateway": "",
                "mac_address": "6e:4c:3e:2a:79:0f",
                "network_name": "my_shared_network"
              }
            ],
            "network_mode": "bridge",
            "networks_advanced": [
              {
                "aliases": [],
                "ipv4_address": "",
                "ipv6_address": "",
                "name": "my_shared_network"
              }
            ],
            "pid_mode": "",
            "ports": [],
            "privileged": false,
            "publish_all_ports": false,
            "read_only": false,
            "remove_volumes": true,
            "restart": "always",
            "rm": false,
            "runtime": "runc",
            "security_opts": [],
            "shm_size": 64,
            "start": true,
            "stdin_open": false,
            "stop_signal": "",
            "stop_timeout": 0,
            "storage_opts": {},
            "sysctls": {},
            "tmpfs": {},
            "tty": false,
            "ulimit": [],
            "upload": [],
            "user": "1000:0",
            "userns_mode": "",
            "volumes": [
              {
                "container_path": "/opt/airflow/dags",
                "from_container": "",
                "host_path": "/home/kcat/Repos/pipeline_infra/dags",
                "read_only": false,
                "volume_name": ""
              },
              {
                "container_path": "/opt/airflow/logs",
                "from_container": "",
                "host_path": "/home/kcat/Repos/pipeline_infra/logs",
                "read_only": false,
                "volume_name": ""
              },
              {
                "container_path": "/opt/airflow/plugins",
                "from_container": "",
                "host_path": "/home/kcat/Repos/pipeline_infra/plugins",
                "read_only": false,
                "volume_name": ""
              },
              {
                "container_path": "/opt/airflow/spark_events",
                "from_container": "",
                "host_path": "",
                "read_only": false,
                "volume_name": "spark_events"
              },
              {
                "container_path": "/opt/bitnami/spark/jobs",
                "from_container": "",
                "host_path": "/home/kcat/Repos/pipeline_infra/spark-jobs",
                "read_only": false,
                "volume_name": ""
              }
            ],
            "wait": false,
            "wait_timeout": 60,
            "working_dir": "/opt/airflow"
          },
          "sensitive_attributes": [
            [
              {
                "type": "get_attr",
                "value": "command"
              },
              {
                "type": "index",
                "value": {
                  "value": 2,
                  "type": "number"
                }
              }
            ],
            [
              {
                "type": "get_attr",
                "value": "env"
              }
            ]
          ],
          "identity_schema_version": 0,
          "private": "eyJzY2hlbWFfdmVyc2lvbiI6IjIifQ==",
          "dependencies": [
            "docker_container.airflow_init",
            "docker_container.minio",
            "docker_container.postgres",
            "docker_container.spark_master",
            "docker_network.my_shared_network",
            "docker_volume.minio_data",
            "docker_volume.postgres_data",
            "docker_volume.spark_events"
          ]
        }
      ]
    },
    {
      "mode": "managed",
      "type": "docker_container",
      "name": "airflow_webserver",
      "provider": "provider[\"registry.terraform.io/kreuzwerker/docker\"]",
      "instances": [
        {
          "schema_version": 2,
          "attributes": {
            "attach": false,
            "bridge": "",
            "capabilities": [],
            "cgroup_parent": null,
            "cgroupns_mode": null,
            "command": [
              "bash",
              "-c",
              "echo \"Waiting for Postgres at postgres_db:5432...\"\nuntil PGPASSWORD=thisismypgpass12 psql -h postgres_db -U kcat -d superset_metadata -c 'select 1' \u003e /dev/null 2\u003e\u00261; do\n  echo \"Postgres is unavailable - sleeping\"\n  sleep 1\ndone\necho \"Postgres is ready! Starting Airflow process...\"\nairflow webserver\n"
            ],
            "container_logs": null,
            "container_read_refresh_timeout_milliseconds": 15000,
            "cpu_period": null,
            "cpu_quota": null,
            "cpu_set": "",
            "cpu_shares": 0,
            "cpus": null,
            "destroy_grace_seconds": null,
            "devices": [],
            "dns": [],
            "dns_opts": [],
            "dns_search": [],
            "domainname": "",
            "entrypoint": [
              "/usr/bin/dumb-init",
              "--",
              "/entrypoint"
            ],
            "env": [
              "AIRFLOW_CONN_AWS_DEFAULT={'conn_type': 'aws', 'host': 'http://minio:9000', 'login': 'minioadmin', 'password': 'minioadminpassword', 'extra': {'aws_access_key_id': 'minioadmin', 'aws_secret_access_key': 'minioadminpassword', 'endpoint_url': 'http://minio:9000', 'region_name': 'us-east-1', 's3_verify': false}}",
              "AIRFLOW_CONN_SPARK_DEFAULT=spark://spark-master:7077",
              "AIRFLOW_GID=1000",
              "AIRFLOW_HOME=/opt/airflow",
              "AIRFLOW_UID=1000",
              "AIRFLOW__CORE__EXECUTOR=LocalExecutor",
              "AIRFLOW__CORE__LOAD_EXAMPLES=false",
              "AIRFLOW__CORE__SQL_ALCHEMY_CONN=postgresql+psycopg2://kcat:thisismypgpass12@postgres_db:5432/superset_metadata",
              "AIRFLOW__WEBSERVER__RBAC=true",
              "POSTGRES_DB=superset_metadata",
              "POSTGRES_HOST=postgres_db",
              "POSTGRES_PASSWORD=thisismypgpass12",
              "POSTGRES_USER=kcat"
            ],
            "exit_code": null,
            "gpus": null,
            "group_add": [],
            "healthcheck": [],
            "host": [],
            "hostname": "cd550c8d0a28",
            "id": "cd550c8d0a28b7308f17a437084b4021d454f10b2e044d492c4652177ec03ad5",
            "image": "apache/airflow:2.8.1",
            "init": false,
            "ipc_mode": "private",
            "labels": [],
            "log_driver": "json-file",
            "log_opts": {},
            "logs": false,
            "max_retry_count": 0,
            "memory": 0,
            "memory_swap": 0,
            "mounts": [],
            "must_run": true,
            "name": "airflow_webserver",
            "network_data": [
              {
                "gateway": "172.19.0.1",
                "global_ipv6_address": "",
                "global_ipv6_prefix_length": 0,
                "ip_address": "172.19.0.8",
                "ip_prefix_length": 16,
                "ipv6_gateway": "",
                "mac_address": "2e:f0:17:1c:63:8a",
                "network_name": "my_shared_network"
              }
            ],
            "network_mode": "bridge",
            "networks_advanced": [
              {
                "aliases": [],
                "ipv4_address": "",
                "ipv6_address": "",
                "name": "my_shared_network"
              }
            ],
            "pid_mode": "",
            "ports": [
              {
                "external": 8080,
                "internal": 8080,
                "ip": "0.0.0.0",
                "protocol": "tcp"
              }
            ],
            "privileged": false,
            "publish_all_ports": false,
            "read_only": false,
            "remove_volumes": true,
            "restart": "always",
            "rm": false,
            "runtime": "runc",
            "security_opts": [],
            "shm_size": 64,
            "start": true,
            "stdin_open": false,
            "stop_signal": "",
            "stop_timeout": 0,
            "storage_opts": {},
            "sysctls": {},
            "tmpfs": {},
            "tty": false,
            "ulimit": [],
            "upload": [],
            "user": "1000:0",
            "userns_mode": "",
            "volumes": [
              {
                "container_path": "/opt/airflow/dags",
                "from_container": "",
                "host_path": "/home/kcat/Repos/pipeline_infra/dags",
                "read_only": false,
                "volume_name": ""
              },
              {
                "container_path": "/opt/airflow/logs",
                "from_container": "",
                "host_path": "/home/kcat/Repos/pipeline_infra/logs",
                "read_only": false,
                "volume_name": ""
              },
              {
                "container_path": "/opt/airflow/plugins",
                "from_container": "",
                "host_path": "/home/kcat/Repos/pipeline_infra/plugins",
                "read_only": false,
                "volume_name": ""
              },
              {
                "container_path": "/opt/airflow/spark_events",
                "from_container": "",
                "host_path": "",
                "read_only": false,
                "volume_name": "spark_events"
              },
              {
                "container_path": "/opt/bitnami/spark/jobs",
                "from_container": "",
                "host_path": "/home/kcat/Repos/pipeline_infra/spark-jobs",
                "read_only": false,
                "volume_name": ""
              }
            ],
            "wait": false,
            "wait_timeout": 60,
            "working_dir": "/opt/airflow"
          },
          "sensitive_attributes": [
            [
              {
                "type": "get_attr",
                "value": "command"
              },
              {
                "type": "index",
                "value": {
                  "value": 2,
                  "type": "number"
                }
              }
            ],
            [
              {
                "type": "get_attr",
                "value": "env"
              }
            ]
          ],
          "identity_schema_version": 0,
          "private": "eyJzY2hlbWFfdmVyc2lvbiI6IjIifQ==",
          "dependencies": [
            "docker_container.airflow_init",
            "docker_container.minio",
            "docker_container.postgres",
            "docker_container.spark_master",
            "docker_network.my_shared_network",
            "docker_volume.minio_data",
            "docker_volume.postgres_data",
            "docker_volume.spark_events"
          ]
        }
      ]
    },
    {
      "mode": "managed",
      "type": "docker_container",
      "name": "hive_metastore",
      "provider": "provider[\"registry.terraform.io/kreuzwerker/docker\"]",
      "instances": [
        {
          "schema_version": 2,
          "attributes": {
            "attach": false,
            "bridge": "",
            "capabilities": [],
            "cgroup_parent": null,
            "cgroupns_mode": null,
            "command": [
              "metastore"
            ],
            "container_logs": null,
            "container_read_refresh_timeout_milliseconds": 15000,
            "cpu_period": null,
            "cpu_quota": null,
            "cpu_set": "",
            "cpu_shares": 0,
            "cpus": null,
            "destroy_grace_seconds": null,
            "devices": [],
            "dns": null,
            "dns_opts": null,
            "dns_search": null,
            "domainname": "",
            "entrypoint": [
              "sh",
              "-c",
              "/entrypoint.sh"
            ],
            "env": [
              "HIVE_EXECUTION_ENGINE=mr",
              "SERVICE_NAME=metastore"
            ],
            "exit_code": null,
            "gpus": null,
            "group_add": null,
            "healthcheck": null,
            "host": [],
            "hostname": "c3242ccac1f5",
            "id": "c3242ccac1f5fbbc895785fdb023fa3c338e2309bf54c18f219ddea7b9322368",
            "image": "apache/hive:4.1.0",
            "init": false,
            "ipc_mode": "private",
            "labels": [],
            "log_driver": "json-file",
            "log_opts": null,
            "logs": false,
            "max_retry_count": 0,
            "memory": 0,
            "memory_swap": 0,
            "mounts": [],
            "must_run": true,
            "name": "hive_metastore",
            "network_data": [
              {
                "gateway": "172.19.0.1",
                "global_ipv6_address": "",
                "global_ipv6_prefix_length": 0,
                "ip_address": "172.19.0.11",
                "ip_prefix_length": 16,
                "ipv6_gateway": "",
                "mac_address": "fa:03:e8:b1:c7:7a",
                "network_name": "my_shared_network"
              }
            ],
            "network_mode": "bridge",
            "networks_advanced": [
              {
                "aliases": [],
                "ipv4_address": "",
                "ipv6_address": "",
                "name": "my_shared_network"
              }
            ],
            "pid_mode": "",
            "ports": [
              {
                "external": 9083,
                "internal": 9083,
                "ip": "0.0.0.0",
                "protocol": "tcp"
              }
            ],
            "privileged": false,
            "publish_all_ports": false,
            "read_only": false,
            "remove_volumes": true,
            "restart": "no",
            "rm": false,
            "runtime": "runc",
            "security_opts": [],
            "shm_size": 64,
            "start": true,
            "stdin_open": false,
            "stop_signal": "",
            "stop_timeout": 0,
            "storage_opts": null,
            "sysctls": null,
            "tmpfs": null,
            "tty": false,
            "ulimit": [],
            "upload": [],
            "user": "hive",
            "userns_mode": "",
            "volumes": [
              {
                "container_path": "/opt/hive/conf/hive-site.xml",
                "from_container": "",
                "host_path": "/home/kcat/Repos/pipeline_infra/generated/hive-site.xml",
                "read_only": null,
                "volume_name": ""
              },
              {
                "container_path": "/opt/hive/lib/postgresql-42.7.3.jar",
                "from_container": "",
                "host_path": "/home/kcat/Repos/pipeline_infra/hive/postgresql-42.7.3.jar",
                "read_only": null,
                "volume_name": ""
              }
            ],
            "wait": false,
            "wait_timeout": 60,
            "working_dir": "/opt/hive"
          },
          "sensitive_attributes": [],
          "identity_schema_version": 0,
          "private": "eyJzY2hlbWFfdmVyc2lvbiI6IjIifQ==",
          "dependencies": [
            "docker_container.postgres",
            "docker_network.my_shared_network",
            "docker_volume.postgres_data",
            "local_file.hive_site_rendered",
            "null_resource.hive_init_schema"
          ]
        }
      ]
    },
    {
      "mode": "managed",
      "type": "docker_container",
      "name": "minio",
      "provider": "provider[\"registry.terraform.io/kreuzwerker/docker\"]",
      "instances": [
        {
          "schema_version": 2,
          "attributes": {
            "attach": false,
            "bridge": "",
            "capabilities": [],
            "cgroup_parent": null,
            "cgroupns_mode": null,
            "command": [
              "server",
              "/data",
              "--console-address",
              ":9001"
            ],
            "container_logs": null,
            "container_read_refresh_timeout_milliseconds": 15000,
            "cpu_period": null,
            "cpu_quota": null,
            "cpu_set": "",
            "cpu_shares": 0,
            "cpus": null,
            "destroy_grace_seconds": null,
            "devices": [],
            "dns": [],
            "dns_opts": [],
            "dns_search": [],
            "domainname": "",
            "entrypoint": [
              "/usr/bin/docker-entrypoint.sh"
            ],
            "env": [
              "MINIO_ROOT_PASSWORD=minioadminpassword",
              "MINIO_ROOT_USER=minioadmin"
            ],
            "exit_code": null,
            "gpus": null,
            "group_add": [],
            "healthcheck": [],
            "host": [],
            "hostname": "445c8f977bbd",
            "id": "445c8f977bbd8dab3bf1979232e901c4f56b6f69ed071376a1dd1fa8b29b6d5e",
            "image": "minio/minio",
            "init": false,
            "ipc_mode": "private",
            "labels": [],
            "log_driver": "json-file",
            "log_opts": {},
            "logs": false,
            "max_retry_count": 0,
            "memory": 0,
            "memory_swap": 0,
            "mounts": [],
            "must_run": true,
            "name": "minio_storage",
            "network_data": [
              {
                "gateway": "172.19.0.1",
                "global_ipv6_address": "",
                "global_ipv6_prefix_length": 0,
                "ip_address": "172.19.0.5",
                "ip_prefix_length": 16,
                "ipv6_gateway": "",
                "mac_address": "02:cd:14:4e:2e:6c",
                "network_name": "my_shared_network"
              }
            ],
            "network_mode": "bridge",
            "networks_advanced": [
              {
                "aliases": [],
                "ipv4_address": "",
                "ipv6_address": "",
                "name": "my_shared_network"
              }
            ],
            "pid_mode": "",
            "ports": [
              {
                "external": 9000,
                "internal": 9000,
                "ip": "0.0.0.0",
                "protocol": "tcp"
              },
              {
                "external": 9001,
                "internal": 9001,
                "ip": "0.0.0.0",
                "protocol": "tcp"
              }
            ],
            "privileged": false,
            "publish_all_ports": false,
            "read_only": false,
            "remove_volumes": true,
            "restart": "unless-stopped",
            "rm": false,
            "runtime": "runc",
            "security_opts": [],
            "shm_size": 64,
            "start": true,
            "stdin_open": false,
            "stop_signal": "",
            "stop_timeout": 0,
            "storage_opts": {},
            "sysctls": {},
            "tmpfs": {},
            "tty": false,
            "ulimit": [],
            "upload": [],
            "user": "",
            "userns_mode": "",
            "volumes": [
              {
                "container_path": "/data",
                "from_container": "",
                "host_path": "",
                "read_only": false,
                "volume_name": "minio_data"
              }
            ],
            "wait": false,
            "wait_timeout": 60,
            "working_dir": "/"
          },
          "sensitive_attributes": [],
          "identity_schema_version": 0,
          "private": "eyJzY2hlbWFfdmVyc2lvbiI6IjIifQ==",
          "dependencies": [
            "docker_network.my_shared_network",
            "docker_volume.minio_data"
          ]
        }
      ]
    },
    {
      "mode": "managed",
      "type": "docker_container",
      "name": "ollama",
      "provider": "provider[\"registry.terraform.io/kreuzwerker/docker\"]",
      "instances": [
        {
          "schema_version": 2,
          "attributes": {
            "attach": false,
            "bridge": "",
            "capabilities": [],
            "cgroup_parent": null,
            "cgroupns_mode": null,
            "command": [
              "serve"
            ],
            "container_logs": null,
            "container_read_refresh_timeout_milliseconds": 15000,
            "cpu_period": null,
            "cpu_quota": null,
            "cpu_set": "",
            "cpu_shares": 0,
            "cpus": null,
            "destroy_grace_seconds": null,
            "devices": [],
            "dns": [],
            "dns_opts": [],
            "dns_search": [],
            "domainname": "",
            "entrypoint": [
              "/bin/ollama"
            ],
            "env": [],
            "exit_code": null,
            "gpus": null,
            "group_add": [],
            "healthcheck": [],
            "host": [],
            "hostname": "1f9e4364696b",
            "id": "1f9e4364696b9b96acd843c5af2d322f8a4e22db8f8a367aa21e992a2399295e",
            "image": "ollama/ollama:latest",
            "init": false,
            "ipc_mode": "private",
            "labels": [],
            "log_driver": "json-file",
            "log_opts": {},
            "logs": false,
            "max_retry_count": 0,
            "memory": 0,
            "memory_swap": 0,
            "mounts": [],
            "must_run": true,
            "name": "ollama_llm",
            "network_data": [
              {
                "gateway": "172.19.0.1",
                "global_ipv6_address": "",
                "global_ipv6_prefix_length": 0,
                "ip_address": "172.19.0.2",
                "ip_prefix_length": 16,
                "ipv6_gateway": "",
                "mac_address": "76:81:79:19:a7:33",
                "network_name": "my_shared_network"
              }
            ],
            "network_mode": "bridge",
            "networks_advanced": [
              {
                "aliases": [],
                "ipv4_address": "",
                "ipv6_address": "",
                "name": "my_shared_network"
              }
            ],
            "pid_mode": "",
            "ports": [
              {
                "external": 11434,
                "internal": 11434,
                "ip": "0.0.0.0",
                "protocol": "tcp"
              }
            ],
            "privileged": false,
            "publish_all_ports": false,
            "read_only": false,
            "remove_volumes": true,
            "restart": "unless-stopped",
            "rm": false,
            "runtime": "runc",
            "security_opts": [],
            "shm_size": 64,
            "start": true,
            "stdin_open": false,
            "stop_signal": "",
            "stop_timeout": 0,
            "storage_opts": {},
            "sysctls": {},
            "tmpfs": {},
            "tty": false,
            "ulimit": [],
            "upload": [],
            "user": "",
            "userns_mode": "",
            "volumes": [
              {
                "container_path": "/root/.ollama",
                "from_container": "",
                "host_path": "",
                "read_only": false,
                "volume_name": "ollama_models"
              }
            ],
            "wait": false,
            "wait_timeout": 60,
            "working_dir": ""
          },
          "sensitive_attributes": [],
          "identity_schema_version": 0,
          "private": "eyJzY2hlbWFfdmVyc2lvbiI6IjIifQ==",
          "dependencies": [
            "docker_container.ollama_init",
            "docker_network.my_shared_network",
            "docker_volume.ollama_models"
          ]
        }
      ]
    },
    {
      "mode": "managed",
      "type": "docker_container",
      "name": "ollama_init",
      "provider": "provider[\"registry.terraform.io/kreuzwerker/docker\"]",
      "instances": [
        {
          "schema_version": 2,
          "attributes": {
            "attach": false,
            "bridge": "",
            "capabilities": [],
            "cgroup_parent": null,
            "cgroupns_mode": null,
            "command": [
              "-c",
              "# Start server in background\nollama serve \u0026\nPID=$!\n      \n# Wait for the server to fully start\nsleep 5\n      \n# Run all pull commands (ensuring success)\nollama pull llama3 \u0026\u0026 ollama pull nomic-embed-text \u0026\u0026 ollama pull gemma2\n      \n# Kill the background server process\nkill $PID\n"
            ],
            "container_logs": null,
            "container_read_refresh_timeout_milliseconds": 15000,
            "cpu_period": null,
            "cpu_quota": null,
            "cpu_set": "",
            "cpu_shares": 0,
            "cpus": null,
            "destroy_grace_seconds": null,
            "devices": [],
            "dns": [],
            "dns_opts": [],
            "dns_search": [],
            "domainname": "",
            "entrypoint": [
              "/bin/sh"
            ],
            "env": [],
            "exit_code": 0,
            "gpus": null,
            "group_add": [],
            "healthcheck": [],
            "host": [],
            "hostname": "77de52109e9a",
            "id": "77de52109e9a8eb37ef5ed81c3cd3316adfbc5037ca642de3c841882297a3047",
            "image": "ollama/ollama:latest",
            "init": false,
            "ipc_mode": "private",
            "labels": [],
            "log_driver": "json-file",
            "log_opts": {},
            "logs": false,
            "max_retry_count": 0,
            "memory": 0,
            "memory_swap": 0,
            "mounts": [],
            "must_run": false,
            "name": "ollama_init",
            "network_data": [
              {
                "gateway": "",
                "global_ipv6_address": "",
                "global_ipv6_prefix_length": 0,
                "ip_address": "",
                "ip_prefix_length": 0,
                "ipv6_gateway": "",
                "mac_address": "",
                "network_name": "my_shared_network"
              }
            ],
            "network_mode": "bridge",
            "networks_advanced": [
              {
                "aliases": [],
                "ipv4_address": "",
                "ipv6_address": "",
                "name": "my_shared_network"
              }
            ],
            "pid_mode": "",
            "ports": [],
            "privileged": false,
            "publish_all_ports": false,
            "read_only": false,
            "remove_volumes": true,
            "restart": "no",
            "rm": false,
            "runtime": "runc",
            "security_opts": [],
            "shm_size": 64,
            "start": true,
            "stdin_open": false,
            "stop_signal": "",
            "stop_timeout": 0,
            "storage_opts": {},
            "sysctls": {},
            "tmpfs": {},
            "tty": false,
            "ulimit": [],
            "upload": [],
            "user": "",
            "userns_mode": "",
            "volumes": [
              {
                "container_path": "/root/.ollama",
                "from_container": "",
                "host_path": "",
                "read_only": false,
                "volume_name": "ollama_models"
              }
            ],
            "wait": false,
            "wait_timeout": 60,
            "working_dir": ""
          },
          "sensitive_attributes": [],
          "identity_schema_version": 0,
          "private": "eyJzY2hlbWFfdmVyc2lvbiI6IjIifQ==",
          "dependencies": [
            "docker_network.my_shared_network",
            "docker_volume.ollama_models"
          ]
        }
      ]
    },
    {
      "mode": "managed",
      "type": "docker_container",
      "name": "postgres",
      "provider": "provider[\"registry.terraform.io/kreuzwerker/docker\"]",
      "instances": [
        {
          "schema_version": 2,
          "attributes": {
            "attach": false,
            "bridge": "",
            "capabilities": [],
            "cgroup_parent": null,
            "cgroupns_mode": null,
            "command": [
              "postgres"
            ],
            "container_logs": null,
            "container_read_refresh_timeout_milliseconds": 15000,
            "cpu_period": null,
            "cpu_quota": null,
            "cpu_set": "",
            "cpu_shares": 0,
            "cpus": null,
            "destroy_grace_seconds": null,
            "devices": [],
            "dns": [],
            "dns_opts": [],
            "dns_search": [],
            "domainname": "",
            "entrypoint": [
              "docker-entrypoint.sh"
            ],
            "env": [
              "PGDATA=/var/lib/postgresql/data/pgdata",
              "POSTGRES_DB=superset_metadata",
              "POSTGRES_PASSWORD=thisismypgpass12",
              "POSTGRES_USER=kcat"
            ],
            "exit_code": null,
            "gpus": null,
            "group_add": [],
            "healthcheck": [],
            "host": [],
            "hostname": "43b4add0e2f2",
            "id": "43b4add0e2f2df6e856b5c1eafabc63a42da2aed9863ab215f040e35200712e2",
            "image": "postgres:16-alpine",
            "init": false,
            "ipc_mode": "private",
            "labels": [],
            "log_driver": "json-file",
            "log_opts": {},
            "logs": false,
            "max_retry_count": 0,
            "memory": 0,
            "memory_swap": 0,
            "mounts": [],
            "must_run": true,
            "name": "postgres_db",
            "network_data": [
              {
                "gateway": "172.19.0.1",
                "global_ipv6_address": "",
                "global_ipv6_prefix_length": 0,
                "ip_address": "172.19.0.3",
                "ip_prefix_length": 16,
                "ipv6_gateway": "",
                "mac_address": "3a:50:2f:7c:b5:ef",
                "network_name": "my_shared_network"
              }
            ],
            "network_mode": "bridge",
            "networks_advanced": [
              {
                "aliases": [],
                "ipv4_address": "",
                "ipv6_address": "",
                "name": "my_shared_network"
              }
            ],
            "pid_mode": "",
            "ports": [
              {
                "external": 5435,
                "internal": 5432,
                "ip": "0.0.0.0",
                "protocol": "tcp"
              }
            ],
            "privileged": false,
            "publish_all_ports": false,
            "read_only": false,
            "remove_volumes": true,
            "restart": "unless-stopped",
            "rm": false,
            "runtime": "runc",
            "security_opts": [],
            "shm_size": 64,
            "start": true,
            "stdin_open": false,
            "stop_signal": "SIGINT",
            "stop_timeout": 0,
            "storage_opts": {},
            "sysctls": {},
            "tmpfs": {},
            "tty": false,
            "ulimit": [],
            "upload": [],
            "user": "",
            "userns_mode": "",
            "volumes": [
              {
                "container_path": "/var/lib/postgresql/data",
                "from_container": "",
                "host_path": "",
                "read_only": false,
                "volume_name": "postgres_data"
              }
            ],
            "wait": false,
            "wait_timeout": 60,
            "working_dir": "/"
          },
          "sensitive_attributes": [
            [
              {
                "type": "get_attr",
                "value": "env"
              }
            ]
          ],
          "identity_schema_version": 0,
          "private": "eyJzY2hlbWFfdmVyc2lvbiI6IjIifQ==",
          "dependencies": [
            "docker_network.my_shared_network",
            "docker_volume.postgres_data"
          ]
        }
      ]
    },
    {
      "mode": "managed",
      "type": "docker_container",
      "name": "spark_master",
      "provider": "provider[\"registry.terraform.io/kreuzwerker/docker\"]",
      "instances": [
        {
          "schema_version": 2,
          "attributes": {
            "attach": false,
            "bridge": "",
            "capabilities": [],
            "cgroup_parent": null,
            "cgroupns_mode": null,
            "command": [
              "/opt/spark/bin/spark-class",
              "org.apache.spark.deploy.master.Master"
            ],
            "container_logs": null,
            "container_read_refresh_timeout_milliseconds": 15000,
            "cpu_period": null,
            "cpu_quota": null,
            "cpu_set": "",
            "cpu_shares": 0,
            "cpus": null,
            "destroy_grace_seconds": null,
            "devices": [],
            "dns": [],
            "dns_opts": [],
            "dns_search": [],
            "domainname": "",
            "entrypoint": [
              "/opt/entrypoint.sh"
            ],
            "env": [
              "SPARK_EVENT_LOG_DIR=/opt/spark/events",
              "SPARK_EVENT_LOG_ENABLED=true",
              "SPARK_MASTER_WEBUI_PORT=8080"
            ],
            "exit_code": null,
            "gpus": null,
            "group_add": [],
            "healthcheck": [],
            "host": [],
            "hostname": "d646e4ec82e9",
            "id": "d646e4ec82e985f9a0ae702f34dcbce29f65370307b8ad835d3c5a78912f6687",
            "image": "apache/spark:3.5.1",
            "init": false,
            "ipc_mode": "private",
            "labels": [],
            "log_driver": "json-file",
            "log_opts": {},
            "logs": false,
            "max_retry_count": 0,
            "memory": 0,
            "memory_swap": 0,
            "mounts": [],
            "must_run": true,
            "name": "spark_master",
            "network_data": [
              {
                "gateway": "172.19.0.1",
                "global_ipv6_address": "",
                "global_ipv6_prefix_length": 0,
                "ip_address": "172.19.0.4",
                "ip_prefix_length": 16,
                "ipv6_gateway": "",
                "mac_address": "e2:5a:70:e0:7b:60",
                "network_name": "my_shared_network"
              }
            ],
            "network_mode": "bridge",
            "networks_advanced": [
              {
                "aliases": [],
                "ipv4_address": "",
                "ipv6_address": "",
                "name": "my_shared_network"
              }
            ],
            "pid_mode": "",
            "ports": [
              {
                "external": 7077,
                "internal": 7077,
                "ip": "0.0.0.0",
                "protocol": "tcp"
              },
              {
                "external": 8081,
                "internal": 8080,
                "ip": "0.0.0.0",
                "protocol": "tcp"
              }
            ],
            "privileged": false,
            "publish_all_ports": false,
            "read_only": false,
            "remove_volumes": true,
            "restart": "unless-stopped",
            "rm": false,
            "runtime": "runc",
            "security_opts": [],
            "shm_size": 64,
            "start": true,
            "stdin_open": false,
            "stop_signal": "",
            "stop_timeout": 0,
            "storage_opts": {},
            "sysctls": {},
            "tmpfs": {},
            "tty": false,
            "ulimit": [],
            "upload": [],
            "user": "spark",
            "userns_mode": "",
            "volumes": [
              {
                "container_path": "/opt/spark/events",
                "from_container": "",
                "host_path": "",
                "read_only": false,
                "volume_name": "spark_events"
              },
              {
                "container_path": "/opt/spark/jobs",
                "from_container": "",
                "host_path": "/home/kcat/Repos/pipeline_infra/spark-jobs",
                "read_only": false,
                "volume_name": ""
              }
            ],
            "wait": false,
            "wait_timeout": 60,
            "working_dir": "/opt/spark/work-dir"
          },
          "sensitive_attributes": [],
          "identity_schema_version": 0,
          "private": "eyJzY2hlbWFfdmVyc2lvbiI6IjIifQ==",
          "dependencies": [
            "docker_network.my_shared_network",
            "docker_volume.spark_events"
          ]
        }
      ]
    },
    {
      "mode": "managed",
      "type": "docker_container",
      "name": "spark_worker",
      "provider": "provider[\"registry.terraform.io/kreuzwerker/docker\"]",
      "instances": [
        {
          "schema_version": 2,
          "attributes": {
            "attach": false,
            "bridge": "",
            "capabilities": [],
            "cgroup_parent": null,
            "cgroupns_mode": null,
            "command": [
              "/opt/spark/bin/spark-class",
              "org.apache.spark.deploy.worker.Worker",
              "spark://spark-master:7077"
            ],
            "container_logs": null,
            "container_read_refresh_timeout_milliseconds": 15000,
            "cpu_period": null,
            "cpu_quota": null,
            "cpu_set": "",
            "cpu_shares": 0,
            "cpus": null,
            "destroy_grace_seconds": null,
            "devices": [],
            "dns": [],
            "dns_opts": [],
            "dns_search": [],
            "domainname": "",
            "entrypoint": [
              "/opt/entrypoint.sh"
            ],
            "env": [
              "SPARK_MASTER_URL=spark://spark-master:7077",
              "SPARK_WORKER_CORES=2",
              "SPARK_WORKER_MEMORY=2g"
            ],
            "exit_code": null,
            "gpus": null,
            "group_add": [],
            "healthcheck": [],
            "host": [],
            "hostname": "fc02550e6642",
            "id": "fc02550e6642a839708dbbbee0cdae810a1c642c51645c8292e0b18e11bdd836",
            "image": "apache/spark:3.5.1",
            "init": false,
            "ipc_mode": "private",
            "labels": [],
            "log_driver": "json-file",
            "log_opts": {},
            "logs": false,
            "max_retry_count": 0,
            "memory": 0,
            "memory_swap": 0,
            "mounts": [],
            "must_run": true,
            "name": "spark_worker",
            "network_data": [
              {
                "gateway": "172.19.0.1",
                "global_ipv6_address": "",
                "global_ipv6_prefix_length": 0,
                "ip_address": "172.19.0.6",
                "ip_prefix_length": 16,
                "ipv6_gateway": "",
                "mac_address": "ca:a1:66:9a:df:e1",
                "network_name": "my_shared_network"
              }
            ],
            "network_mode": "bridge",
            "networks_advanced": [
              {
                "aliases": [],
                "ipv4_address": "",
                "ipv6_address": "",
                "name": "my_shared_network"
              }
            ],
            "pid_mode": "",
            "ports": [],
            "privileged": false,
            "publish_all_ports": false,
            "read_only": false,
            "remove_volumes": true,
            "restart": "unless-stopped",
            "rm": false,
            "runtime": "runc",
            "security_opts": [],
            "shm_size": 64,
            "start": true,
            "stdin_open": false,
            "stop_signal": "",
            "stop_timeout": 0,
            "storage_opts": {},
            "sysctls": {},
            "tmpfs": {},
            "tty": false,
            "ulimit": [],
            "upload": [],
            "user": "spark",
            "userns_mode": "",
            "volumes": [
              {
                "container_path": "/opt/spark/events",
                "from_container": "",
                "host_path": "",
                "read_only": false,
                "volume_name": "spark_events"
              }
            ],
            "wait": false,
            "wait_timeout": 60,
            "working_dir": "/opt/spark/work-dir"
          },
          "sensitive_attributes": [],
          "identity_schema_version": 0,
          "private": "eyJzY2hlbWFfdmVyc2lvbiI6IjIifQ==",
          "dependencies": [
            "docker_container.spark_master",
            "docker_network.my_shared_network",
            "docker_volume.spark_events"
          ]
        }
      ]
    },
    {
      "mode": "managed",
      "type": "docker_container",
      "name": "sqlite",
      "provider": "provider[\"registry.terraform.io/kreuzwerker/docker\"]",
      "instances": [
        {
          "schema_version": 2,
          "attributes": {
            "attach": false,
            "bridge": "",
            "capabilities": [],
            "cgroup_parent": null,
            "cgroupns_mode": null,
            "command": [
              "tail",
              "-f",
              "/dev/null"
            ],
            "container_logs": null,
            "container_read_refresh_timeout_milliseconds": 15000,
            "cpu_period": null,
            "cpu_quota": null,
            "cpu_set": "",
            "cpu_shares": 0,
            "cpus": null,
            "destroy_grace_seconds": null,
            "devices": [],
            "dns": [],
            "dns_opts": [],
            "dns_search": [],
            "domainname": "",
            "entrypoint": [],
            "env": [],
            "exit_code": null,
            "gpus": null,
            "group_add": [],
            "healthcheck": [],
            "host": [],
            "hostname": "f81ef2eb5969",
            "id": "f81ef2eb596905135c527fc6013ccd6efdb9fc2e0975db98268fdc2cc8c8e693",
            "image": "busybox:latest",
            "init": false,
            "ipc_mode": "private",
            "labels": [],
            "log_driver": "json-file",
            "log_opts": {},
            "logs": false,
            "max_retry_count": 0,
            "memory": 0,
            "memory_swap": 0,
            "mounts": [],
            "must_run": true,
            "name": "sqlite_metastore_db",
            "network_data": [
              {
                "gateway": "172.19.0.1",
                "global_ipv6_address": "",
                "global_ipv6_prefix_length": 0,
                "ip_address": "172.19.0.10",
                "ip_prefix_length": 16,
                "ipv6_gateway": "",
                "mac_address": "52:d0:ba:d3:60:b5",
                "network_name": "my_shared_network"
              }
            ],
            "network_mode": "bridge",
            "networks_advanced": [
              {
                "aliases": [],
                "ipv4_address": "",
                "ipv6_address": "",
                "name": "my_shared_network"
              }
            ],
            "pid_mode": "",
            "ports": [],
            "privileged": false,
            "publish_all_ports": false,
            "read_only": false,
            "remove_volumes": true,
            "restart": "no",
            "rm": false,
            "runtime": "runc",
            "security_opts": [],
            "shm_size": 64,
            "start": true,
            "stdin_open": false,
            "stop_signal": "",
            "stop_timeout": 0,
            "storage_opts": {},
            "sysctls": {},
            "tmpfs": {},
            "tty": false,
            "ulimit": [],
            "upload": [],
            "user": "",
            "userns_mode": "",
            "volumes": [
              {
                "container_path": "/data",
                "from_container": "",
                "host_path": "",
                "read_only": false,
                "volume_name": "sqlite_data"
              }
            ],
            "wait": false,
            "wait_timeout": 60,
            "working_dir": ""
          },
          "sensitive_attributes": [],
          "identity_schema_version": 0,
          "private": "eyJzY2hlbWFfdmVyc2lvbiI6IjIifQ==",
          "dependencies": [
            "docker_network.my_shared_network",
            "docker_volume.sqlite_data"
          ]
        }
      ]
    },
    {
      "mode": "managed",
      "type": "docker_container",
      "name": "superset",
      "provider": "provider[\"registry.terraform.io/kreuzwerker/docker\"]",
      "instances": [
        {
          "schema_version": 2,
          "attributes": {
            "attach": false,
            "bridge": "",
            "capabilities": [],
            "cgroup_parent": null,
            "cgroupns_mode": null,
            "command": [
              "/usr/bin/run-server.sh"
            ],
            "container_logs": null,
            "container_read_refresh_timeout_milliseconds": 15000,
            "cpu_period": null,
            "cpu_quota": null,
            "cpu_set": "",
            "cpu_shares": 0,
            "cpus": null,
            "destroy_grace_seconds": null,
            "devices": [],
            "dns": [],
            "dns_opts": [],
            "dns_search": [],
            "domainname": "",
            "entrypoint": [],
            "env": [
              "SQLALCHEMY_DATABASE_URI=postgresql://kcat:thisismypgpass12@postgres:5432/superset_metadata",
              "SUPERSET_LOAD_EXAMPLES=false",
              "SUPERSET_SECRET_KEY=ThisIsMyCurerntSercretKey"
            ],
            "exit_code": null,
            "gpus": null,
            "group_add": [],
            "healthcheck": [
              {
                "interval": "0s",
                "retries": 0,
                "start_interval": "0s",
                "start_period": "0s",
                "test": [
                  "CMD-SHELL",
                  "curl -f \"http://localhost:$SUPERSET_PORT/health\""
                ],
                "timeout": "0s"
              }
            ],
            "host": [],
            "hostname": "bf9c06ae8ebc",
            "id": "bf9c06ae8ebc312f50f2f48e7355fde489b158e6802b968b4068e8a839d6228f",
            "image": "apache/superset:3.0.0",
            "init": false,
            "ipc_mode": "private",
            "labels": [],
            "log_driver": "json-file",
            "log_opts": {},
            "logs": false,
            "max_retry_count": 0,
            "memory": 0,
            "memory_swap": 0,
            "mounts": [],
            "must_run": true,
            "name": "superset_app",
            "network_data": [
              {
                "gateway": "172.19.0.1",
                "global_ipv6_address": "",
                "global_ipv6_prefix_length": 0,
                "ip_address": "172.19.0.13",
                "ip_prefix_length": 16,
                "ipv6_gateway": "",
                "mac_address": "36:79:d9:6b:71:2e",
                "network_name": "my_shared_network"
              }
            ],
            "network_mode": "bridge",
            "networks_advanced": [
              {
                "aliases": [],
                "ipv4_address": "",
                "ipv6_address": "",
                "name": "my_shared_network"
              }
            ],
            "pid_mode": "",
            "ports": [
              {
                "external": 8088,
                "internal": 8088,
                "ip": "0.0.0.0",
                "protocol": "tcp"
              }
            ],
            "privileged": false,
            "publish_all_ports": false,
            "read_only": false,
            "remove_volumes": true,
            "restart": "no",
            "rm": false,
            "runtime": "runc",
            "security_opts": [],
            "shm_size": 64,
            "start": true,
            "stdin_open": false,
            "stop_signal": "",
            "stop_timeout": 0,
            "storage_opts": {},
            "sysctls": {},
            "tmpfs": {},
            "tty": false,
            "ulimit": [],
            "upload": [],
            "user": "superset",
            "userns_mode": "",
            "volumes": [
              {
                "container_path": "/app",
                "from_container": "",
                "host_path": "",
                "read_only": false,
                "volume_name": "sqlite_data"
              }
            ],
            "wait": false,
            "wait_timeout": 60,
            "working_dir": "/app"
          },
          "sensitive_attributes": [
            [
              {
                "type": "get_attr",
                "value": "env"
              }
            ]
          ],
          "identity_schema_version": 0,
          "private": "eyJzY2hlbWFfdmVyc2lvbiI6IjIifQ==",
          "dependencies": [
            "docker_container.hive_metastore",
            "docker_container.postgres",
            "docker_container.superset_init",
            "docker_network.my_shared_network",
            "docker_volume.postgres_data",
            "docker_volume.sqlite_data",
            "local_file.hive_site_rendered",
            "null_resource.hive_init_schema"
          ]
        }
      ]
    },
    {
      "mode": "managed",
      "type": "docker_container",
      "name": "superset_init",
      "provider": "provider[\"registry.terraform.io/kreuzwerker/docker\"]",
      "instances": [
        {
          "schema_version": 2,
          "attributes": {
            "attach": false,
            "bridge": "",
            "capabilities": [],
            "cgroup_parent": null,
            "cgroupns_mode": null,
            "command": [
              "/bin/bash",
              "-c",
              "pip install trino\nsuperset db upgrade \nsuperset fab create-admin --username superset_admin --firstname Superset --lastname Admin --email whoislearningiam@gmail.com --password MySecurePassword123!\nsuperset init\necho 'Initialization complete. Pausing for 10 seconds...'\nsleep 10\n"
            ],
            "container_logs": null,
            "container_read_refresh_timeout_milliseconds": 15000,
            "cpu_period": null,
            "cpu_quota": null,
            "cpu_set": "",
            "cpu_shares": 0,
            "cpus": null,
            "destroy_grace_seconds": null,
            "devices": [],
            "dns": null,
            "dns_opts": null,
            "dns_search": null,
            "domainname": "",
            "entrypoint": [],
            "env": [
              "SQLALCHEMY_DATABASE_URI=postgresql://kcat:thisismypgpass12@postgres:5432/superset_metadata",
              "SUPERSET_ADMIN_EMAIL=whoislearningiam@gmail.com",
              "SUPERSET_ADMIN_PASSWORD=MySecurePassword123!",
              "SUPERSET_ADMIN_USERNAME=superset_admin",
              "SUPERSET_SECRET_KEY=ThisIsMyCurerntSercretKey"
            ],
            "exit_code": null,
            "gpus": null,
            "group_add": null,
            "healthcheck": [
              {
                "interval": "0s",
                "retries": 0,
                "start_interval": "0s",
                "start_period": "0s",
                "test": [
                  "CMD-SHELL",
                  "curl -f \"http://localhost:$SUPERSET_PORT/health\""
                ],
                "timeout": "0s"
              }
            ],
            "host": [],
            "hostname": "aa9178f14812",
            "id": "aa9178f1481212160247813d8a8e9c80dc3dbe33a627ca89fa5c0fea4dae47ae",
            "image": "apache/superset:3.0.0",
            "init": false,
            "ipc_mode": "private",
            "labels": [],
            "log_driver": "json-file",
            "log_opts": null,
            "logs": false,
            "max_retry_count": 0,
            "memory": 0,
            "memory_swap": 0,
            "mounts": [],
            "must_run": true,
            "name": "superset_init",
            "network_data": [
              {
                "gateway": "172.19.0.1",
                "global_ipv6_address": "",
                "global_ipv6_prefix_length": 0,
                "ip_address": "172.19.0.14",
                "ip_prefix_length": 16,
                "ipv6_gateway": "",
                "mac_address": "9e:31:20:84:46:89",
                "network_name": "my_shared_network"
              }
            ],
            "network_mode": "bridge",
            "networks_advanced": [
              {
                "aliases": [],
                "ipv4_address": "",
                "ipv6_address": "",
                "name": "my_shared_network"
              }
            ],
            "pid_mode": "",
            "ports": [],
            "privileged": false,
            "publish_all_ports": false,
            "read_only": false,
            "remove_volumes": true,
            "restart": "no",
            "rm": false,
            "runtime": "runc",
            "security_opts": [],
            "shm_size": 64,
            "start": true,
            "stdin_open": false,
            "stop_signal": "",
            "stop_timeout": 0,
            "storage_opts": null,
            "sysctls": null,
            "tmpfs": null,
            "tty": false,
            "ulimit": [],
            "upload": [],
            "user": "superset",
            "userns_mode": "",
            "volumes": [
              {
                "container_path": "/app",
                "from_container": "",
                "host_path": "",
                "read_only": null,
                "volume_name": "sqlite_data"
              }
            ],
            "wait": false,
            "wait_timeout": 60,
            "working_dir": "/app"
          },
          "sensitive_attributes": [
            [
              {
                "type": "get_attr",
                "value": "command"
              },
              {
                "type": "index",
                "value": {
                  "value": 2,
                  "type": "number"
                }
              }
            ],
            [
              {
                "type": "get_attr",
                "value": "env"
              }
            ]
          ],
          "identity_schema_version": 0,
          "private": "eyJzY2hlbWFfdmVyc2lvbiI6IjIifQ==",
          "dependencies": [
            "docker_container.hive_metastore",
            "docker_container.postgres",
            "docker_network.my_shared_network",
            "docker_volume.postgres_data",
            "docker_volume.sqlite_data",
            "local_file.hive_site_rendered",
            "null_resource.hive_init_schema"
          ]
        }
      ]
    },
    {
      "mode": "managed",
      "type": "docker_container",
      "name": "trino",
      "provider": "provider[\"registry.terraform.io/kreuzwerker/docker\"]",
      "instances": [
        {
          "schema_version": 2,
          "attributes": {
            "attach": false,
            "bridge": "",
            "capabilities": [],
            "cgroup_parent": null,
            "cgroupns_mode": null,
            "command": [],
            "container_logs": null,
            "container_read_refresh_timeout_milliseconds": 15000,
            "cpu_period": null,
            "cpu_quota": null,
            "cpu_set": "",
            "cpu_shares": 0,
            "cpus": null,
            "destroy_grace_seconds": null,
            "devices": [],
            "dns": [],
            "dns_opts": [],
            "dns_search": [],
            "domainname": "",
            "entrypoint": [
              "/usr/lib/trino/bin/run-trino"
            ],
            "env": [],
            "exit_code": null,
            "gpus": null,
            "group_add": [],
            "healthcheck": [
              {
                "interval": "10s",
                "retries": 0,
                "start_interval": "0s",
                "start_period": "10s",
                "test": [
                  "CMD-SHELL",
                  "/usr/lib/trino/bin/health-check"
                ],
                "timeout": "5s"
              }
            ],
            "host": [],
            "hostname": "98d7d46bc5dd",
            "id": "98d7d46bc5ddf9a20f3ded9867559fed096856177a5434a0527e7828c8772849",
            "image": "trinodb/trino:latest",
            "init": false,
            "ipc_mode": "private",
            "labels": [],
            "log_driver": "json-file",
            "log_opts": {},
            "logs": false,
            "max_retry_count": 0,
            "memory": 0,
            "memory_swap": 0,
            "mounts": [],
            "must_run": true,
            "name": "trino_query_engine",
            "network_data": [
              {
                "gateway": "172.19.0.1",
                "global_ipv6_address": "",
                "global_ipv6_prefix_length": 0,
                "ip_address": "172.19.0.12",
                "ip_prefix_length": 16,
                "ipv6_gateway": "",
                "mac_address": "ca:2f:2d:aa:f9:84",
                "network_name": "my_shared_network"
              }
            ],
            "network_mode": "bridge",
            "networks_advanced": [
              {
                "aliases": [],
                "ipv4_address": "",
                "ipv6_address": "",
                "name": "my_shared_network"
              }
            ],
            "pid_mode": "",
            "ports": [
              {
                "external": 8082,
                "internal": 8080,
                "ip": "0.0.0.0",
                "protocol": "tcp"
              }
            ],
            "privileged": false,
            "publish_all_ports": false,
            "read_only": false,
            "remove_volumes": true,
            "restart": "unless-stopped",
            "rm": false,
            "runtime": "runc",
            "security_opts": [],
            "shm_size": 64,
            "start": true,
            "stdin_open": false,
            "stop_signal": "",
            "stop_timeout": 0,
            "storage_opts": {},
            "sysctls": {},
            "tmpfs": {},
            "tty": false,
            "ulimit": [],
            "upload": [],
            "user": "1000:1000",
            "userns_mode": "",
            "volumes": [
              {
                "container_path": "/etc/trino",
                "from_container": "",
                "host_path": "/home/kcat/Repos/pipeline_infra/trino/etc",
                "read_only": false,
                "volume_name": ""
              },
              {
                "container_path": "/var/lib/trino",
                "from_container": "",
                "host_path": "/home/kcat/Repos/pipeline_infra/trino_data",
                "read_only": false,
                "volume_name": ""
              }
            ],
            "wait": false,
            "wait_timeout": 60,
            "working_dir": "/"
          },
          "sensitive_attributes": [],
          "identity_schema_version": 0,
          "private": "eyJzY2hlbWFfdmVyc2lvbiI6IjIifQ==",
          "dependencies": [
            "docker_container.hive_metastore",
            "docker_container.minio",
            "docker_container.postgres",
            "docker_network.my_shared_network",
            "docker_volume.minio_data",
            "docker_volume.postgres_data",
            "local_file.hive_site_rendered",
            "null_resource.hive_init_schema"
          ]
        }
      ]
    },
    {
      "mode": "managed",
      "type": "docker_network",
      "name": "my_shared_network",
      "provider": "provider[\"registry.terraform.io/kreuzwerker/docker\"]",
      "instances": [
        {
          "schema_version": 1,
          "attributes": {
            "attachable": false,
            "check_duplicate": null,
            "driver": "bridge",
            "id": "98a13cd70f6b29bff92d3deda05fdb1d85d8017054ec973dbfa0637f5bb43a8b",
            "ingress": false,
            "internal": false,
            "ipam_config": [
              {
                "aux_address": {},
                "gateway": "172.19.0.1",
                "ip_range": "",
                "subnet": "172.19.0.0/16"
              }
            ],
            "ipam_driver": "default",
            "ipam_options": {},
            "ipv6": false,
            "labels": [],
            "name": "my_shared_network",
            "options": {},
            "scope": "local"
          },
          "sensitive_attributes": [],
          "identity_schema_version": 0,
          "private": "eyJzY2hlbWFfdmVyc2lvbiI6IjEifQ=="
        }
      ]
    },
    {
      "mode": "managed",
      "type": "docker_volume",
      "name": "minio_data",
      "provider": "provider[\"registry.terraform.io/kreuzwerker/docker\"]",
      "instances": [
        {
          "schema_version": 1,
          "attributes": {
            "driver": "local",
            "driver_opts": {},
            "id": "minio_data",
            "labels": [],
            "mountpoint": "/var/snap/docker/common/var-lib-docker/volumes/minio_data/_data",
            "name": "minio_data"
          },
          "sensitive_attributes": [],
          "identity_schema_version": 0,
          "private": "eyJzY2hlbWFfdmVyc2lvbiI6IjEifQ=="
        }
      ]
    },
    {
      "mode": "managed",
      "type": "docker_volume",
      "name": "ollama_models",
      "provider": "provider[\"registry.terraform.io/kreuzwerker/docker\"]",
      "instances": [
        {
          "schema_version": 1,
          "attributes": {
            "driver": "local",
            "driver_opts": {},
            "id": "ollama_models",
            "labels": [],
            "mountpoint": "/var/snap/docker/common/var-lib-docker/volumes/ollama_models/_data",
            "name": "ollama_models"
          },
          "sensitive_attributes": [],
          "identity_schema_version": 0,
          "private": "eyJzY2hlbWFfdmVyc2lvbiI6IjEifQ=="
        }
      ]
    },
    {
      "mode": "managed",
      "type": "docker_volume",
      "name": "postgres_data",
      "provider": "provider[\"registry.terraform.io/kreuzwerker/docker\"]",
      "instances": [
        {
          "schema_version": 1,
          "attributes": {
            "driver": "local",
            "driver_opts": {},
            "id": "postgres_data",
            "labels": [],
            "mountpoint": "/var/snap/docker/common/var-lib-docker/volumes/postgres_data/_data",
            "name": "postgres_data"
          },
          "sensitive_attributes": [],
          "identity_schema_version": 0,
          "private": "eyJzY2hlbWFfdmVyc2lvbiI6IjEifQ=="
        }
      ]
    },
    {
      "mode": "managed",
      "type": "docker_volume",
      "name": "spark_events",
      "provider": "provider[\"registry.terraform.io/kreuzwerker/docker\"]",
      "instances": [
        {
          "schema_version": 1,
          "attributes": {
            "driver": "local",
            "driver_opts": {},
            "id": "spark_events",
            "labels": [],
            "mountpoint": "/var/snap/docker/common/var-lib-docker/volumes/spark_events/_data",
            "name": "spark_events"
          },
          "sensitive_attributes": [],
          "identity_schema_version": 0,
          "private": "eyJzY2hlbWFfdmVyc2lvbiI6IjEifQ=="
        }
      ]
    },
    {
      "mode": "managed",
      "type": "docker_volume",
      "name": "sqlite_data",
      "provider": "provider[\"registry.terraform.io/kreuzwerker/docker\"]",
      "instances": [
        {
          "schema_version": 1,
          "attributes": {
            "driver": "local",
            "driver_opts": {},
            "id": "sqlite_data",
            "labels": [],
            "mountpoint": "/var/snap/docker/common/var-lib-docker/volumes/sqlite_data/_data",
            "name": "sqlite_data"
          },
          "sensitive_attributes": [],
          "identity_schema_version": 0,
          "private": "eyJzY2hlbWFfdmVyc2lvbiI6IjEifQ=="
        }
      ]
    },
    {
      "mode": "managed",
      "type": "local_file",
      "name": "hive_site_rendered",
      "provider": "provider[\"registry.terraform.io/hashicorp/local\"]",
      "instances": [
        {
          "schema_version": 0,
          "attributes": {
            "content": "\u003cconfiguration\u003e\n  \u003cproperty\u003e\n    \u003cname\u003ejavax.jdo.option.ConnectionURL\u003c/name\u003e\n    \u003cvalue\u003ejdbc:postgresql://postgres_db:5432/superset_metadata\u003c/value\u003e\n  \u003c/property\u003e\n\n  \u003cproperty\u003e\n    \u003cname\u003ejavax.jdo.option.ConnectionDriverName\u003c/name\u003e\n    \u003cvalue\u003eorg.postgresql.Driver\u003c/value\u003e\n  \u003c/property\u003e\n\n  \u003cproperty\u003e\n    \u003cname\u003ejavax.jdo.option.ConnectionUserName\u003c/name\u003e\n    \u003cvalue\u003ekcat\u003c/value\u003e\n  \u003c/property\u003e\n\n  \u003cproperty\u003e\n    \u003cname\u003ejavax.jdo.option.ConnectionPassword\u003c/name\u003e\n    \u003cvalue\u003ethisismypgpass12\u003c/value\u003e\n  \u003c/property\u003e\n\u003c/configuration\u003e\n",
            "content_base64": null,
            "content_base64sha256": "BIxfCdVgM0Fop4HbUxrPOZ4AGerIKRvyrd7WCKs/fhk=",
            "content_base64sha512": "rPhBzStHBAWtb1+rg/tLU4kcb5sxBkgzip9UPQ1gUH4f0mpDRFV0mWRWppyKTn+aUMhooebOiZ52yR3R74r6qQ==",
            "content_md5": "4ed9117edaa6660d8a1fa8518b036936",
            "content_sha1": "ca3d5aa7bfa1cb2ea9b2e7c0a3ead41388df07a5",
            "content_sha256": "048c5f09d560334168a781db531acf399e0019eac8291bf2added608ab3f7e19",
            "content_sha512": "acf841cd2b470405ad6f5fab83fb4b53891c6f9b310648338a9f543d0d60507e1fd26a43445574996456a69c8a4e7f9a50c868a1e6ce899e76c91dd1ef8afaa9",
            "directory_permission": "0777",
            "file_permission": "0777",
            "filename": "/home/kcat/Repos/pipeline_infra/generated/hive-site.xml",
            "id": "ca3d5aa7bfa1cb2ea9b2e7c0a3ead41388df07a5",
            "sensitive_content": null,
            "source": null
          },
          "sensitive_attributes": [
            [
              {
                "type": "get_attr",
                "value": "content"
              }
            ],
            [
              {
                "type": "get_attr",
                "value": "sensitive_content"
              }
            ]
          ],
          "identity_schema_version": 0,
          "dependencies": [
            "docker_container.postgres",
            "docker_network.my_shared_network",
            "docker_volume.postgres_data"
          ]
        }
      ]
    },
    {
      "mode": "managed",
      "type": "null_resource",
      "name": "hive_init_schema",
      "provider": "provider[\"registry.terraform.io/hashicorp/null\"]",
      "instances": [
        {
          "schema_version": 0,
          "attributes": {
            "id": "4014956288559435607",
            "triggers": null
          },
          "sensitive_attributes": [],
          "identity_schema_version": 0,
          "dependencies": [
            "docker_container.postgres",
            "docker_network.my_shared_network",
            "docker_volume.postgres_data",
            "local_file.hive_site_rendered"
          ]
        }
      ]
    }
  ],
  "check_results": null
}
