{
  "version": 4,
  "terraform_version": "1.14.1",
  "serial": 609,
  "lineage": "28f9ac16-8029-4e71-032a-128382503f49",
  "outputs": {
    "data_platform_access": {
      "value": {
        "airflow_webserver": "http://localhost:8080",
        "minio_console": "http://localhost:9001",
        "ollama_api": "http://localhost:11434",
        "postgres_data_db": "localhost:5436",
        "postgres_metadata_db": "localhost:5435",
        "spark_master_ui": "http://localhost:8081",
        "superset_ui": "http://localhost:8088",
        "trino_ui": "http://localhost:8082"
      },
      "type": [
        "object",
        {
          "airflow_webserver": "string",
          "minio_console": "string",
          "ollama_api": "string",
          "postgres_data_db": "string",
          "postgres_metadata_db": "string",
          "spark_master_ui": "string",
          "superset_ui": "string",
          "trino_ui": "string"
        }
      ]
    },
    "initial_credentials": {
      "value": {
        "airflow_password": "airflow",
        "airflow_user": "airflow",
        "domain_data_password": "thisismypgpass12",
        "domain_data_user": "kcat",
        "superset_password": "MySecurePassword123!",
        "superset_user": "superset_admin"
      },
      "type": [
        "object",
        {
          "airflow_password": "string",
          "airflow_user": "string",
          "domain_data_password": "string",
          "domain_data_user": "string",
          "superset_password": "string",
          "superset_user": "string"
        }
      ],
      "sensitive": true
    }
  },
  "resources": [
    {
      "mode": "managed",
      "type": "docker_container",
      "name": "airflow_init",
      "provider": "provider[\"registry.terraform.io/kreuzwerker/docker\"]",
      "instances": [
        {
          "schema_version": 2,
          "attributes": {
            "attach": false,
            "bridge": "",
            "capabilities": [],
            "cgroup_parent": null,
            "cgroupns_mode": null,
            "command": [
              "bash",
              "-c",
              "echo \"Waiting for Metadata Postgres at postgres_metadata_db:5432...\"\nuntil PGPASSWORD=thisismypgpass12 psql -h postgres_metadata_db -U kcat -d metadata -c 'select 1' \u003e /dev/null 2\u003e\u00261; do\n  echo \"Metadata Postgres is unavailable - sleeping\"\n  sleep 1\ndone\necho \"Metadata Postgres is ready! Starting Airflow process...\"\nairflow db init \u0026\u0026 airflow users create --username airflow --firstname Admin --lastname User --role Admin --email admin@example.com --password airflow\n"
            ],
            "container_logs": null,
            "container_read_refresh_timeout_milliseconds": 15000,
            "cpu_period": null,
            "cpu_quota": null,
            "cpu_set": "",
            "cpu_shares": 0,
            "cpus": null,
            "destroy_grace_seconds": null,
            "devices": [],
            "dns": null,
            "dns_opts": null,
            "dns_search": null,
            "domainname": "",
            "entrypoint": [
              "/usr/bin/dumb-init",
              "--",
              "/entrypoint"
            ],
            "env": [
              "AIRFLOW_CONN_AWS_DEFAULT={'conn_type': 'aws', 'host': 'http://minio:9000', 'login': 'minioadmin', 'password': 'minioadminpassword', 'extra': {'aws_access_key_id': 'minioadmin', 'aws_secret_access_key': 'minioadminpassword', 'endpoint_url': 'http://minio:9000', 'region_name': 'us-east-1', 's3_verify': false}}",
              "AIRFLOW_CONN_SPARK_DEFAULT=spark://spark-master:7077",
              "AIRFLOW_GID=1000",
              "AIRFLOW_HOME=/opt/airflow",
              "AIRFLOW_UID=1000",
              "AIRFLOW__CORE__EXECUTOR=LocalExecutor",
              "AIRFLOW__CORE__LOAD_EXAMPLES=false",
              "AIRFLOW__CORE__SQL_ALCHEMY_CONN=postgresql+psycopg2://kcat:thisismypgpass12@postgres_metadata_db:5432/metadata",
              "AIRFLOW__WEBSERVER__RBAC=true",
              "POSTGRES_DB=metadata",
              "POSTGRES_DOMAIN_DATA_DB=domain_data",
              "POSTGRES_DOMAIN_DATA_HOST=postgres_data_db",
              "POSTGRES_DOMAIN_DATA_PASSWORD=thisismypgpass12",
              "POSTGRES_DOMAIN_DATA_PORT=5432",
              "POSTGRES_DOMAIN_DATA_USER=kcat",
              "POSTGRES_HOST=postgres_metadata_db",
              "POSTGRES_PASSWORD=thisismypgpass12",
              "POSTGRES_USER=kcat"
            ],
            "exit_code": null,
            "gpus": null,
            "group_add": null,
            "healthcheck": null,
            "host": [],
            "hostname": "5b8f54367727",
            "id": "5b8f5436772727699b0c2ec19cf95e0cd542bbfec704769fe819091b6c7a877c",
            "image": "apache/airflow:2.8.1",
            "init": false,
            "ipc_mode": "private",
            "labels": [],
            "log_driver": "json-file",
            "log_opts": null,
            "logs": false,
            "max_retry_count": 0,
            "memory": 0,
            "memory_swap": 0,
            "mounts": [],
            "must_run": true,
            "name": "airflow_init",
            "network_data": [
              {
                "gateway": "172.19.0.1",
                "global_ipv6_address": "",
                "global_ipv6_prefix_length": 0,
                "ip_address": "172.19.0.13",
                "ip_prefix_length": 16,
                "ipv6_gateway": "",
                "mac_address": "ca:fc:6b:48:19:40",
                "network_name": "my_shared_network"
              }
            ],
            "network_mode": "bridge",
            "networks_advanced": [
              {
                "aliases": [],
                "ipv4_address": "",
                "ipv6_address": "",
                "name": "my_shared_network"
              }
            ],
            "pid_mode": "",
            "ports": [],
            "privileged": false,
            "publish_all_ports": false,
            "read_only": false,
            "remove_volumes": true,
            "restart": "no",
            "rm": false,
            "runtime": "runc",
            "security_opts": [],
            "shm_size": 64,
            "start": true,
            "stdin_open": false,
            "stop_signal": "",
            "stop_timeout": 0,
            "storage_opts": null,
            "sysctls": null,
            "tmpfs": null,
            "tty": false,
            "ulimit": [],
            "upload": [],
            "user": "1000:0",
            "userns_mode": "",
            "volumes": [
              {
                "container_path": "/opt/airflow/dags",
                "from_container": "",
                "host_path": "/home/kcat/Repos/pipeline_infra/dags",
                "read_only": false,
                "volume_name": ""
              },
              {
                "container_path": "/opt/airflow/logs",
                "from_container": "",
                "host_path": "/home/kcat/Repos/pipeline_infra/logs",
                "read_only": false,
                "volume_name": ""
              },
              {
                "container_path": "/opt/airflow/plugins",
                "from_container": "",
                "host_path": "/home/kcat/Repos/pipeline_infra/plugins",
                "read_only": false,
                "volume_name": ""
              },
              {
                "container_path": "/opt/airflow/spark_events",
                "from_container": "",
                "host_path": "",
                "read_only": false,
                "volume_name": "spark_events"
              },
              {
                "container_path": "/opt/bitnami/spark/jobs",
                "from_container": "",
                "host_path": "/home/kcat/Repos/pipeline_infra/spark-jobs",
                "read_only": false,
                "volume_name": ""
              }
            ],
            "wait": false,
            "wait_timeout": 60,
            "working_dir": "/opt/airflow"
          },
          "sensitive_attributes": [
            [
              {
                "type": "get_attr",
                "value": "command"
              },
              {
                "type": "index",
                "value": {
                  "value": 2,
                  "type": "number"
                }
              }
            ],
            [
              {
                "type": "get_attr",
                "value": "env"
              }
            ]
          ],
          "identity_schema_version": 0,
          "private": "eyJzY2hlbWFfdmVyc2lvbiI6IjIifQ==",
          "dependencies": [
            "docker_container.postgres_metadata",
            "docker_network.my_shared_network",
            "docker_volume.postgres_data_metadata",
            "docker_volume.spark_events"
          ]
        }
      ]
    },
    {
      "mode": "managed",
      "type": "docker_container",
      "name": "airflow_scheduler",
      "provider": "provider[\"registry.terraform.io/kreuzwerker/docker\"]",
      "instances": [
        {
          "schema_version": 2,
          "attributes": {
            "attach": false,
            "bridge": "",
            "capabilities": [],
            "cgroup_parent": null,
            "cgroupns_mode": null,
            "command": [
              "bash",
              "-c",
              "echo \"Waiting for Metadata Postgres at postgres_metadata_db:5432...\"\nuntil PGPASSWORD=thisismypgpass12 psql -h postgres_metadata_db -U kcat -d metadata -c 'select 1' \u003e /dev/null 2\u003e\u00261; do\n  echo \"Metadata Postgres is unavailable - sleeping\"\n  sleep 1\ndone\necho \"Metadata Postgres is ready! Starting Airflow process...\"\nairflow scheduler\n"
            ],
            "container_logs": null,
            "container_read_refresh_timeout_milliseconds": 15000,
            "cpu_period": null,
            "cpu_quota": null,
            "cpu_set": "",
            "cpu_shares": 0,
            "cpus": null,
            "destroy_grace_seconds": null,
            "devices": [],
            "dns": [],
            "dns_opts": [],
            "dns_search": [],
            "domainname": "",
            "entrypoint": [
              "/usr/bin/dumb-init",
              "--",
              "/entrypoint"
            ],
            "env": [
              "AIRFLOW_CONN_AWS_DEFAULT={'conn_type': 'aws', 'host': 'http://minio:9000', 'login': 'minioadmin', 'password': 'minioadminpassword', 'extra': {'aws_access_key_id': 'minioadmin', 'aws_secret_access_key': 'minioadminpassword', 'endpoint_url': 'http://minio:9000', 'region_name': 'us-east-1', 's3_verify': false}}",
              "AIRFLOW_CONN_SPARK_DEFAULT=spark://spark-master:7077",
              "AIRFLOW_GID=1000",
              "AIRFLOW_HOME=/opt/airflow",
              "AIRFLOW_UID=1000",
              "AIRFLOW__CORE__EXECUTOR=LocalExecutor",
              "AIRFLOW__CORE__LOAD_EXAMPLES=false",
              "AIRFLOW__CORE__SQL_ALCHEMY_CONN=postgresql+psycopg2://kcat:thisismypgpass12@postgres_metadata_db:5432/metadata",
              "AIRFLOW__WEBSERVER__RBAC=true",
              "POSTGRES_DB=metadata",
              "POSTGRES_DOMAIN_DATA_DB=domain_data",
              "POSTGRES_DOMAIN_DATA_HOST=postgres_data_db",
              "POSTGRES_DOMAIN_DATA_PASSWORD=thisismypgpass12",
              "POSTGRES_DOMAIN_DATA_PORT=5432",
              "POSTGRES_DOMAIN_DATA_USER=kcat",
              "POSTGRES_HOST=postgres_metadata_db",
              "POSTGRES_PASSWORD=thisismypgpass12",
              "POSTGRES_USER=kcat"
            ],
            "exit_code": null,
            "gpus": null,
            "group_add": [],
            "healthcheck": [],
            "host": [],
            "hostname": "0bd19667f305",
            "id": "0bd19667f3056a1a6579f5127408edefddf611afec76ff773f6f13b5482f5c51",
            "image": "apache/airflow:2.8.1",
            "init": false,
            "ipc_mode": "private",
            "labels": [],
            "log_driver": "json-file",
            "log_opts": {},
            "logs": false,
            "max_retry_count": 0,
            "memory": 0,
            "memory_swap": 0,
            "mounts": [],
            "must_run": true,
            "name": "airflow_scheduler",
            "network_data": [
              {
                "gateway": "172.19.0.1",
                "global_ipv6_address": "",
                "global_ipv6_prefix_length": 0,
                "ip_address": "172.19.0.7",
                "ip_prefix_length": 16,
                "ipv6_gateway": "",
                "mac_address": "3a:b2:8d:a5:04:61",
                "network_name": "my_shared_network"
              }
            ],
            "network_mode": "bridge",
            "networks_advanced": [
              {
                "aliases": [],
                "ipv4_address": "",
                "ipv6_address": "",
                "name": "my_shared_network"
              }
            ],
            "pid_mode": "",
            "ports": [],
            "privileged": false,
            "publish_all_ports": false,
            "read_only": false,
            "remove_volumes": true,
            "restart": "always",
            "rm": false,
            "runtime": "runc",
            "security_opts": [],
            "shm_size": 64,
            "start": true,
            "stdin_open": false,
            "stop_signal": "",
            "stop_timeout": 0,
            "storage_opts": {},
            "sysctls": {},
            "tmpfs": {},
            "tty": false,
            "ulimit": [],
            "upload": [],
            "user": "1000:0",
            "userns_mode": "",
            "volumes": [
              {
                "container_path": "/opt/airflow/dags",
                "from_container": "",
                "host_path": "/home/kcat/Repos/pipeline_infra/dags",
                "read_only": false,
                "volume_name": ""
              },
              {
                "container_path": "/opt/airflow/logs",
                "from_container": "",
                "host_path": "/home/kcat/Repos/pipeline_infra/logs",
                "read_only": false,
                "volume_name": ""
              },
              {
                "container_path": "/opt/airflow/plugins",
                "from_container": "",
                "host_path": "/home/kcat/Repos/pipeline_infra/plugins",
                "read_only": false,
                "volume_name": ""
              },
              {
                "container_path": "/opt/airflow/spark_events",
                "from_container": "",
                "host_path": "",
                "read_only": false,
                "volume_name": "spark_events"
              },
              {
                "container_path": "/opt/bitnami/spark/jobs",
                "from_container": "",
                "host_path": "/home/kcat/Repos/pipeline_infra/spark-jobs",
                "read_only": false,
                "volume_name": ""
              }
            ],
            "wait": false,
            "wait_timeout": 60,
            "working_dir": "/opt/airflow"
          },
          "sensitive_attributes": [
            [
              {
                "type": "get_attr",
                "value": "command"
              },
              {
                "type": "index",
                "value": {
                  "value": 2,
                  "type": "number"
                }
              }
            ],
            [
              {
                "type": "get_attr",
                "value": "env"
              }
            ]
          ],
          "identity_schema_version": 0,
          "private": "eyJzY2hlbWFfdmVyc2lvbiI6IjIifQ==",
          "dependencies": [
            "docker_container.airflow_init",
            "docker_container.minio",
            "docker_container.postgres_metadata",
            "docker_container.spark_master",
            "docker_network.my_shared_network",
            "docker_volume.minio_data",
            "docker_volume.postgres_data_metadata",
            "docker_volume.spark_events"
          ]
        }
      ]
    },
    {
      "mode": "managed",
      "type": "docker_container",
      "name": "airflow_webserver",
      "provider": "provider[\"registry.terraform.io/kreuzwerker/docker\"]",
      "instances": [
        {
          "schema_version": 2,
          "attributes": {
            "attach": false,
            "bridge": "",
            "capabilities": [],
            "cgroup_parent": null,
            "cgroupns_mode": null,
            "command": [
              "bash",
              "-c",
              "echo \"Waiting for Metadata Postgres at postgres_metadata_db:5432...\"\nuntil PGPASSWORD=thisismypgpass12 psql -h postgres_metadata_db -U kcat -d metadata -c 'select 1' \u003e /dev/null 2\u003e\u00261; do\n  echo \"Metadata Postgres is unavailable - sleeping\"\n  sleep 1\ndone\necho \"Metadata Postgres is ready! Starting Airflow process...\"\nairflow webserver\n"
            ],
            "container_logs": null,
            "container_read_refresh_timeout_milliseconds": 15000,
            "cpu_period": null,
            "cpu_quota": null,
            "cpu_set": "",
            "cpu_shares": 0,
            "cpus": null,
            "destroy_grace_seconds": null,
            "devices": [],
            "dns": [],
            "dns_opts": [],
            "dns_search": [],
            "domainname": "",
            "entrypoint": [
              "/usr/bin/dumb-init",
              "--",
              "/entrypoint"
            ],
            "env": [
              "AIRFLOW_CONN_AWS_DEFAULT={'conn_type': 'aws', 'host': 'http://minio:9000', 'login': 'minioadmin', 'password': 'minioadminpassword', 'extra': {'aws_access_key_id': 'minioadmin', 'aws_secret_access_key': 'minioadminpassword', 'endpoint_url': 'http://minio:9000', 'region_name': 'us-east-1', 's3_verify': false}}",
              "AIRFLOW_CONN_SPARK_DEFAULT=spark://spark-master:7077",
              "AIRFLOW_GID=1000",
              "AIRFLOW_HOME=/opt/airflow",
              "AIRFLOW_UID=1000",
              "AIRFLOW__CORE__EXECUTOR=LocalExecutor",
              "AIRFLOW__CORE__LOAD_EXAMPLES=false",
              "AIRFLOW__CORE__SQL_ALCHEMY_CONN=postgresql+psycopg2://kcat:thisismypgpass12@postgres_metadata_db:5432/metadata",
              "AIRFLOW__WEBSERVER__RBAC=true",
              "POSTGRES_DB=metadata",
              "POSTGRES_DOMAIN_DATA_DB=domain_data",
              "POSTGRES_DOMAIN_DATA_HOST=postgres_data_db",
              "POSTGRES_DOMAIN_DATA_PASSWORD=thisismypgpass12",
              "POSTGRES_DOMAIN_DATA_PORT=5432",
              "POSTGRES_DOMAIN_DATA_USER=kcat",
              "POSTGRES_HOST=postgres_metadata_db",
              "POSTGRES_PASSWORD=thisismypgpass12",
              "POSTGRES_USER=kcat"
            ],
            "exit_code": null,
            "gpus": null,
            "group_add": [],
            "healthcheck": [],
            "host": [],
            "hostname": "ac3f773f8233",
            "id": "ac3f773f8233adfb93554b0285090b34e829b4aad4b5477221b884143a44d1e2",
            "image": "apache/airflow:2.8.1",
            "init": false,
            "ipc_mode": "private",
            "labels": [],
            "log_driver": "json-file",
            "log_opts": {},
            "logs": false,
            "max_retry_count": 0,
            "memory": 0,
            "memory_swap": 0,
            "mounts": [],
            "must_run": true,
            "name": "airflow_webserver",
            "network_data": [
              {
                "gateway": "172.19.0.1",
                "global_ipv6_address": "",
                "global_ipv6_prefix_length": 0,
                "ip_address": "172.19.0.8",
                "ip_prefix_length": 16,
                "ipv6_gateway": "",
                "mac_address": "e6:93:59:c0:d0:38",
                "network_name": "my_shared_network"
              }
            ],
            "network_mode": "bridge",
            "networks_advanced": [
              {
                "aliases": [],
                "ipv4_address": "",
                "ipv6_address": "",
                "name": "my_shared_network"
              }
            ],
            "pid_mode": "",
            "ports": [
              {
                "external": 8080,
                "internal": 8080,
                "ip": "0.0.0.0",
                "protocol": "tcp"
              }
            ],
            "privileged": false,
            "publish_all_ports": false,
            "read_only": false,
            "remove_volumes": true,
            "restart": "always",
            "rm": false,
            "runtime": "runc",
            "security_opts": [],
            "shm_size": 64,
            "start": true,
            "stdin_open": false,
            "stop_signal": "",
            "stop_timeout": 0,
            "storage_opts": {},
            "sysctls": {},
            "tmpfs": {},
            "tty": false,
            "ulimit": [],
            "upload": [],
            "user": "1000:0",
            "userns_mode": "",
            "volumes": [
              {
                "container_path": "/opt/airflow/dags",
                "from_container": "",
                "host_path": "/home/kcat/Repos/pipeline_infra/dags",
                "read_only": false,
                "volume_name": ""
              },
              {
                "container_path": "/opt/airflow/logs",
                "from_container": "",
                "host_path": "/home/kcat/Repos/pipeline_infra/logs",
                "read_only": false,
                "volume_name": ""
              },
              {
                "container_path": "/opt/airflow/plugins",
                "from_container": "",
                "host_path": "/home/kcat/Repos/pipeline_infra/plugins",
                "read_only": false,
                "volume_name": ""
              },
              {
                "container_path": "/opt/airflow/spark_events",
                "from_container": "",
                "host_path": "",
                "read_only": false,
                "volume_name": "spark_events"
              },
              {
                "container_path": "/opt/bitnami/spark/jobs",
                "from_container": "",
                "host_path": "/home/kcat/Repos/pipeline_infra/spark-jobs",
                "read_only": false,
                "volume_name": ""
              }
            ],
            "wait": false,
            "wait_timeout": 60,
            "working_dir": "/opt/airflow"
          },
          "sensitive_attributes": [
            [
              {
                "type": "get_attr",
                "value": "command"
              },
              {
                "type": "index",
                "value": {
                  "value": 2,
                  "type": "number"
                }
              }
            ],
            [
              {
                "type": "get_attr",
                "value": "env"
              }
            ]
          ],
          "identity_schema_version": 0,
          "private": "eyJzY2hlbWFfdmVyc2lvbiI6IjIifQ==",
          "dependencies": [
            "docker_container.airflow_init",
            "docker_container.minio",
            "docker_container.postgres_metadata",
            "docker_container.spark_master",
            "docker_network.my_shared_network",
            "docker_volume.minio_data",
            "docker_volume.postgres_data_metadata",
            "docker_volume.spark_events"
          ]
        }
      ]
    },
    {
      "mode": "managed",
      "type": "docker_container",
      "name": "hive_metastore",
      "provider": "provider[\"registry.terraform.io/kreuzwerker/docker\"]",
      "instances": [
        {
          "schema_version": 2,
          "attributes": {
            "attach": false,
            "bridge": "",
            "capabilities": [],
            "cgroup_parent": null,
            "cgroupns_mode": null,
            "command": [
              "metastore"
            ],
            "container_logs": null,
            "container_read_refresh_timeout_milliseconds": 15000,
            "cpu_period": null,
            "cpu_quota": null,
            "cpu_set": "",
            "cpu_shares": 0,
            "cpus": null,
            "destroy_grace_seconds": null,
            "devices": [],
            "dns": [],
            "dns_opts": [],
            "dns_search": [],
            "domainname": "",
            "entrypoint": [
              "/opt/hive/bin/hive"
            ],
            "env": [
              "HIVE_EXECUTION_ENGINE=mr",
              "SERVICE_NAME=metastore"
            ],
            "exit_code": null,
            "gpus": null,
            "group_add": [],
            "healthcheck": [],
            "host": [],
            "hostname": "83aba6eaf150",
            "id": "83aba6eaf1504f61095edfd91f5ab56117de607f2a01083bf4e25fdc89fc2882",
            "image": "apache/hive:4.1.0",
            "init": false,
            "ipc_mode": "private",
            "labels": [],
            "log_driver": "json-file",
            "log_opts": {},
            "logs": false,
            "max_retry_count": 0,
            "memory": 0,
            "memory_swap": 0,
            "mounts": [],
            "must_run": true,
            "name": "hive_metastore",
            "network_data": [
              {
                "gateway": "172.19.0.1",
                "global_ipv6_address": "",
                "global_ipv6_prefix_length": 0,
                "ip_address": "172.19.0.11",
                "ip_prefix_length": 16,
                "ipv6_gateway": "",
                "mac_address": "0e:fa:d6:ca:3d:b4",
                "network_name": "my_shared_network"
              }
            ],
            "network_mode": "bridge",
            "networks_advanced": [
              {
                "aliases": [],
                "ipv4_address": "",
                "ipv6_address": "",
                "name": "my_shared_network"
              }
            ],
            "pid_mode": "",
            "ports": [
              {
                "external": 9083,
                "internal": 9083,
                "ip": "0.0.0.0",
                "protocol": "tcp"
              }
            ],
            "privileged": false,
            "publish_all_ports": false,
            "read_only": false,
            "remove_volumes": true,
            "restart": "unless-stopped",
            "rm": false,
            "runtime": "runc",
            "security_opts": [],
            "shm_size": 64,
            "start": true,
            "stdin_open": false,
            "stop_signal": "",
            "stop_timeout": 0,
            "storage_opts": {},
            "sysctls": {},
            "tmpfs": {},
            "tty": false,
            "ulimit": [],
            "upload": [],
            "user": "hive",
            "userns_mode": "",
            "volumes": [
              {
                "container_path": "/opt/hive/conf/hive-site.xml",
                "from_container": "",
                "host_path": "/home/kcat/Repos/pipeline_infra/generated/hive-site.xml",
                "read_only": false,
                "volume_name": ""
              },
              {
                "container_path": "/opt/hive/lib/postgresql-42.7.3.jar",
                "from_container": "",
                "host_path": "/home/kcat/Repos/pipeline_infra/hive/postgresql-42.7.3.jar",
                "read_only": false,
                "volume_name": ""
              }
            ],
            "wait": false,
            "wait_timeout": 60,
            "working_dir": "/opt/hive"
          },
          "sensitive_attributes": [],
          "identity_schema_version": 0,
          "private": "eyJzY2hlbWFfdmVyc2lvbiI6IjIifQ==",
          "dependencies": [
            "docker_container.postgres_metadata",
            "docker_network.my_shared_network",
            "docker_volume.postgres_data_metadata",
            "local_file.hive_site_rendered",
            "null_resource.hive_init_schema"
          ]
        }
      ]
    },
    {
      "mode": "managed",
      "type": "docker_container",
      "name": "minio",
      "provider": "provider[\"registry.terraform.io/kreuzwerker/docker\"]",
      "instances": [
        {
          "schema_version": 2,
          "attributes": {
            "attach": false,
            "bridge": "",
            "capabilities": [],
            "cgroup_parent": null,
            "cgroupns_mode": null,
            "command": [
              "server",
              "/data",
              "--console-address",
              ":9001"
            ],
            "container_logs": null,
            "container_read_refresh_timeout_milliseconds": 15000,
            "cpu_period": null,
            "cpu_quota": null,
            "cpu_set": "",
            "cpu_shares": 0,
            "cpus": null,
            "destroy_grace_seconds": null,
            "devices": [],
            "dns": [],
            "dns_opts": [],
            "dns_search": [],
            "domainname": "",
            "entrypoint": [
              "/usr/bin/docker-entrypoint.sh"
            ],
            "env": [
              "MINIO_ROOT_PASSWORD=minioadminpassword",
              "MINIO_ROOT_USER=minioadmin"
            ],
            "exit_code": null,
            "gpus": null,
            "group_add": [],
            "healthcheck": [],
            "host": [],
            "hostname": "af0ae45cb611",
            "id": "af0ae45cb611666b29e548eceb4ec59f82b6a599c6a48a5e1facf7ae7d2b70b7",
            "image": "minio/minio",
            "init": false,
            "ipc_mode": "private",
            "labels": [],
            "log_driver": "json-file",
            "log_opts": {},
            "logs": false,
            "max_retry_count": 0,
            "memory": 0,
            "memory_swap": 0,
            "mounts": [],
            "must_run": true,
            "name": "minio_storage",
            "network_data": [
              {
                "gateway": "172.19.0.1",
                "global_ipv6_address": "",
                "global_ipv6_prefix_length": 0,
                "ip_address": "172.19.0.3",
                "ip_prefix_length": 16,
                "ipv6_gateway": "",
                "mac_address": "76:14:4b:3c:b3:0c",
                "network_name": "my_shared_network"
              }
            ],
            "network_mode": "bridge",
            "networks_advanced": [
              {
                "aliases": [],
                "ipv4_address": "",
                "ipv6_address": "",
                "name": "my_shared_network"
              }
            ],
            "pid_mode": "",
            "ports": [
              {
                "external": 9000,
                "internal": 9000,
                "ip": "0.0.0.0",
                "protocol": "tcp"
              },
              {
                "external": 9001,
                "internal": 9001,
                "ip": "0.0.0.0",
                "protocol": "tcp"
              }
            ],
            "privileged": false,
            "publish_all_ports": false,
            "read_only": false,
            "remove_volumes": true,
            "restart": "unless-stopped",
            "rm": false,
            "runtime": "runc",
            "security_opts": [],
            "shm_size": 64,
            "start": true,
            "stdin_open": false,
            "stop_signal": "",
            "stop_timeout": 0,
            "storage_opts": {},
            "sysctls": {},
            "tmpfs": {},
            "tty": false,
            "ulimit": [],
            "upload": [],
            "user": "",
            "userns_mode": "",
            "volumes": [
              {
                "container_path": "/data",
                "from_container": "",
                "host_path": "",
                "read_only": false,
                "volume_name": "minio_data"
              }
            ],
            "wait": false,
            "wait_timeout": 60,
            "working_dir": "/"
          },
          "sensitive_attributes": [],
          "identity_schema_version": 0,
          "private": "eyJzY2hlbWFfdmVyc2lvbiI6IjIifQ==",
          "dependencies": [
            "docker_network.my_shared_network",
            "docker_volume.minio_data"
          ]
        }
      ]
    },
    {
      "mode": "managed",
      "type": "docker_container",
      "name": "ollama",
      "provider": "provider[\"registry.terraform.io/kreuzwerker/docker\"]",
      "instances": [
        {
          "schema_version": 2,
          "attributes": {
            "attach": false,
            "bridge": "",
            "capabilities": [],
            "cgroup_parent": null,
            "cgroupns_mode": null,
            "command": [
              "serve"
            ],
            "container_logs": null,
            "container_read_refresh_timeout_milliseconds": 15000,
            "cpu_period": null,
            "cpu_quota": null,
            "cpu_set": "",
            "cpu_shares": 0,
            "cpus": null,
            "destroy_grace_seconds": null,
            "devices": [],
            "dns": [],
            "dns_opts": [],
            "dns_search": [],
            "domainname": "",
            "entrypoint": [
              "/bin/ollama"
            ],
            "env": [],
            "exit_code": null,
            "gpus": null,
            "group_add": [],
            "healthcheck": [],
            "host": [],
            "hostname": "9f44c01fdb5e",
            "id": "9f44c01fdb5e27c16855c0a3779e28050b2fd3e11572f4ff2527d3be40f44f83",
            "image": "ollama/ollama:latest",
            "init": false,
            "ipc_mode": "private",
            "labels": [],
            "log_driver": "json-file",
            "log_opts": {},
            "logs": false,
            "max_retry_count": 0,
            "memory": 0,
            "memory_swap": 0,
            "mounts": [],
            "must_run": true,
            "name": "ollama_llm",
            "network_data": [
              {
                "gateway": "172.19.0.1",
                "global_ipv6_address": "",
                "global_ipv6_prefix_length": 0,
                "ip_address": "172.19.0.2",
                "ip_prefix_length": 16,
                "ipv6_gateway": "",
                "mac_address": "82:57:2f:ea:ee:c3",
                "network_name": "my_shared_network"
              }
            ],
            "network_mode": "bridge",
            "networks_advanced": [
              {
                "aliases": [],
                "ipv4_address": "",
                "ipv6_address": "",
                "name": "my_shared_network"
              }
            ],
            "pid_mode": "",
            "ports": [
              {
                "external": 11434,
                "internal": 11434,
                "ip": "0.0.0.0",
                "protocol": "tcp"
              }
            ],
            "privileged": false,
            "publish_all_ports": false,
            "read_only": false,
            "remove_volumes": true,
            "restart": "unless-stopped",
            "rm": false,
            "runtime": "runc",
            "security_opts": [],
            "shm_size": 64,
            "start": true,
            "stdin_open": false,
            "stop_signal": "",
            "stop_timeout": 0,
            "storage_opts": {},
            "sysctls": {},
            "tmpfs": {},
            "tty": false,
            "ulimit": [],
            "upload": [],
            "user": "",
            "userns_mode": "",
            "volumes": [
              {
                "container_path": "/root/.ollama",
                "from_container": "",
                "host_path": "",
                "read_only": false,
                "volume_name": "ollama_models"
              }
            ],
            "wait": false,
            "wait_timeout": 60,
            "working_dir": ""
          },
          "sensitive_attributes": [],
          "identity_schema_version": 0,
          "private": "eyJzY2hlbWFfdmVyc2lvbiI6IjIifQ==",
          "dependencies": [
            "docker_container.ollama_init",
            "docker_network.my_shared_network",
            "docker_volume.ollama_models"
          ]
        }
      ]
    },
    {
      "mode": "managed",
      "type": "docker_container",
      "name": "ollama_init",
      "provider": "provider[\"registry.terraform.io/kreuzwerker/docker\"]",
      "instances": [
        {
          "schema_version": 2,
          "attributes": {
            "attach": false,
            "bridge": "",
            "capabilities": [],
            "cgroup_parent": null,
            "cgroupns_mode": null,
            "command": [
              "-c",
              "# Start server in background\nollama serve \u0026\nPID=$!\n      \n# Wait for the server to fully start\nsleep 5\n      \n# Run all pull commands (ensuring success)\nollama pull llama3 \u0026\u0026 ollama pull nomic-embed-text \u0026\u0026 ollama pull gemma2\n      \n# Kill the background server process\nkill $PID\n"
            ],
            "container_logs": null,
            "container_read_refresh_timeout_milliseconds": 15000,
            "cpu_period": null,
            "cpu_quota": null,
            "cpu_set": "",
            "cpu_shares": 0,
            "cpus": null,
            "destroy_grace_seconds": null,
            "devices": [],
            "dns": [],
            "dns_opts": [],
            "dns_search": [],
            "domainname": "",
            "entrypoint": [
              "/bin/sh"
            ],
            "env": [],
            "exit_code": 0,
            "gpus": null,
            "group_add": [],
            "healthcheck": [],
            "host": [],
            "hostname": "77de52109e9a",
            "id": "77de52109e9a8eb37ef5ed81c3cd3316adfbc5037ca642de3c841882297a3047",
            "image": "ollama/ollama:latest",
            "init": false,
            "ipc_mode": "private",
            "labels": [],
            "log_driver": "json-file",
            "log_opts": {},
            "logs": false,
            "max_retry_count": 0,
            "memory": 0,
            "memory_swap": 0,
            "mounts": [],
            "must_run": false,
            "name": "ollama_init",
            "network_data": [
              {
                "gateway": "",
                "global_ipv6_address": "",
                "global_ipv6_prefix_length": 0,
                "ip_address": "",
                "ip_prefix_length": 0,
                "ipv6_gateway": "",
                "mac_address": "",
                "network_name": "my_shared_network"
              }
            ],
            "network_mode": "bridge",
            "networks_advanced": [
              {
                "aliases": [],
                "ipv4_address": "",
                "ipv6_address": "",
                "name": "my_shared_network"
              }
            ],
            "pid_mode": "",
            "ports": [],
            "privileged": false,
            "publish_all_ports": false,
            "read_only": false,
            "remove_volumes": true,
            "restart": "no",
            "rm": false,
            "runtime": "runc",
            "security_opts": [],
            "shm_size": 64,
            "start": true,
            "stdin_open": false,
            "stop_signal": "",
            "stop_timeout": 0,
            "storage_opts": {},
            "sysctls": {},
            "tmpfs": {},
            "tty": false,
            "ulimit": [],
            "upload": [],
            "user": "",
            "userns_mode": "",
            "volumes": [
              {
                "container_path": "/root/.ollama",
                "from_container": "",
                "host_path": "",
                "read_only": false,
                "volume_name": "ollama_models"
              }
            ],
            "wait": false,
            "wait_timeout": 60,
            "working_dir": ""
          },
          "sensitive_attributes": [],
          "identity_schema_version": 0,
          "private": "eyJzY2hlbWFfdmVyc2lvbiI6IjIifQ==",
          "dependencies": [
            "docker_network.my_shared_network",
            "docker_volume.ollama_models"
          ]
        }
      ]
    },
    {
      "mode": "managed",
      "type": "docker_container",
      "name": "postgres_data",
      "provider": "provider[\"registry.terraform.io/kreuzwerker/docker\"]",
      "instances": [
        {
          "schema_version": 2,
          "attributes": {
            "attach": false,
            "bridge": "",
            "capabilities": [],
            "cgroup_parent": null,
            "cgroupns_mode": null,
            "command": [
              "postgres"
            ],
            "container_logs": null,
            "container_read_refresh_timeout_milliseconds": 15000,
            "cpu_period": null,
            "cpu_quota": null,
            "cpu_set": "",
            "cpu_shares": 0,
            "cpus": null,
            "destroy_grace_seconds": null,
            "devices": [],
            "dns": [],
            "dns_opts": [],
            "dns_search": [],
            "domainname": "",
            "entrypoint": [
              "docker-entrypoint.sh"
            ],
            "env": [
              "PGDATA=/var/lib/postgresql/data/pgdata",
              "POSTGRES_DB=domain_data",
              "POSTGRES_PASSWORD=thisismypgpass12",
              "POSTGRES_USER=kcat"
            ],
            "exit_code": null,
            "gpus": null,
            "group_add": [],
            "healthcheck": [],
            "host": [],
            "hostname": "b58718e50502",
            "id": "b58718e505029dcae9ee4c2a68581fc8001ecddb4401336a2e9a49a13ca123d1",
            "image": "postgres:16-alpine",
            "init": false,
            "ipc_mode": "private",
            "labels": [],
            "log_driver": "json-file",
            "log_opts": {},
            "logs": false,
            "max_retry_count": 0,
            "memory": 0,
            "memory_swap": 0,
            "mounts": [],
            "must_run": true,
            "name": "postgres_data_db",
            "network_data": [
              {
                "gateway": "172.19.0.1",
                "global_ipv6_address": "",
                "global_ipv6_prefix_length": 0,
                "ip_address": "172.19.0.5",
                "ip_prefix_length": 16,
                "ipv6_gateway": "",
                "mac_address": "8e:4a:de:b7:ac:0a",
                "network_name": "my_shared_network"
              }
            ],
            "network_mode": "bridge",
            "networks_advanced": [
              {
                "aliases": [],
                "ipv4_address": "",
                "ipv6_address": "",
                "name": "my_shared_network"
              }
            ],
            "pid_mode": "",
            "ports": [
              {
                "external": 5436,
                "internal": 5432,
                "ip": "0.0.0.0",
                "protocol": "tcp"
              }
            ],
            "privileged": false,
            "publish_all_ports": false,
            "read_only": false,
            "remove_volumes": true,
            "restart": "unless-stopped",
            "rm": false,
            "runtime": "runc",
            "security_opts": [],
            "shm_size": 64,
            "start": true,
            "stdin_open": false,
            "stop_signal": "SIGINT",
            "stop_timeout": 0,
            "storage_opts": {},
            "sysctls": {},
            "tmpfs": {},
            "tty": false,
            "ulimit": [],
            "upload": [],
            "user": "",
            "userns_mode": "",
            "volumes": [
              {
                "container_path": "/var/lib/postgresql/data",
                "from_container": "",
                "host_path": "",
                "read_only": false,
                "volume_name": "postgres_data_domain"
              }
            ],
            "wait": false,
            "wait_timeout": 60,
            "working_dir": "/"
          },
          "sensitive_attributes": [
            [
              {
                "type": "get_attr",
                "value": "env"
              }
            ]
          ],
          "identity_schema_version": 0,
          "private": "eyJzY2hlbWFfdmVyc2lvbiI6IjIifQ==",
          "dependencies": [
            "docker_network.my_shared_network",
            "docker_volume.postgres_data_domain"
          ]
        }
      ]
    },
    {
      "mode": "managed",
      "type": "docker_container",
      "name": "postgres_metadata",
      "provider": "provider[\"registry.terraform.io/kreuzwerker/docker\"]",
      "instances": [
        {
          "schema_version": 2,
          "attributes": {
            "attach": false,
            "bridge": "",
            "capabilities": [],
            "cgroup_parent": null,
            "cgroupns_mode": null,
            "command": [
              "postgres"
            ],
            "container_logs": null,
            "container_read_refresh_timeout_milliseconds": 15000,
            "cpu_period": null,
            "cpu_quota": null,
            "cpu_set": "",
            "cpu_shares": 0,
            "cpus": null,
            "destroy_grace_seconds": null,
            "devices": [],
            "dns": [],
            "dns_opts": [],
            "dns_search": [],
            "domainname": "",
            "entrypoint": [
              "docker-entrypoint.sh"
            ],
            "env": [
              "PGDATA=/var/lib/postgresql/data/pgdata",
              "POSTGRES_DB=metadata",
              "POSTGRES_PASSWORD=thisismypgpass12",
              "POSTGRES_USER=kcat"
            ],
            "exit_code": null,
            "gpus": null,
            "group_add": [],
            "healthcheck": [],
            "host": [],
            "hostname": "3db34e9fad1e",
            "id": "3db34e9fad1ef8e6ecfc1fdbed7de211e5947e2e7fe424a416d9f0977dcd9491",
            "image": "postgres:16-alpine",
            "init": false,
            "ipc_mode": "private",
            "labels": [],
            "log_driver": "json-file",
            "log_opts": {},
            "logs": false,
            "max_retry_count": 0,
            "memory": 0,
            "memory_swap": 0,
            "mounts": [],
            "must_run": true,
            "name": "postgres_metadata_db",
            "network_data": [
              {
                "gateway": "172.19.0.1",
                "global_ipv6_address": "",
                "global_ipv6_prefix_length": 0,
                "ip_address": "172.19.0.4",
                "ip_prefix_length": 16,
                "ipv6_gateway": "",
                "mac_address": "06:51:69:ca:04:97",
                "network_name": "my_shared_network"
              }
            ],
            "network_mode": "bridge",
            "networks_advanced": [
              {
                "aliases": [],
                "ipv4_address": "",
                "ipv6_address": "",
                "name": "my_shared_network"
              }
            ],
            "pid_mode": "",
            "ports": [
              {
                "external": 5435,
                "internal": 5432,
                "ip": "0.0.0.0",
                "protocol": "tcp"
              }
            ],
            "privileged": false,
            "publish_all_ports": false,
            "read_only": false,
            "remove_volumes": true,
            "restart": "unless-stopped",
            "rm": false,
            "runtime": "runc",
            "security_opts": [],
            "shm_size": 64,
            "start": true,
            "stdin_open": false,
            "stop_signal": "SIGINT",
            "stop_timeout": 0,
            "storage_opts": {},
            "sysctls": {},
            "tmpfs": {},
            "tty": false,
            "ulimit": [],
            "upload": [],
            "user": "",
            "userns_mode": "",
            "volumes": [
              {
                "container_path": "/var/lib/postgresql/data",
                "from_container": "",
                "host_path": "",
                "read_only": false,
                "volume_name": "postgres_data_metadata"
              }
            ],
            "wait": false,
            "wait_timeout": 60,
            "working_dir": "/"
          },
          "sensitive_attributes": [
            [
              {
                "type": "get_attr",
                "value": "env"
              }
            ]
          ],
          "identity_schema_version": 0,
          "private": "eyJzY2hlbWFfdmVyc2lvbiI6IjIifQ==",
          "dependencies": [
            "docker_network.my_shared_network",
            "docker_volume.postgres_data_metadata"
          ]
        }
      ]
    },
    {
      "mode": "managed",
      "type": "docker_container",
      "name": "spark_master",
      "provider": "provider[\"registry.terraform.io/kreuzwerker/docker\"]",
      "instances": [
        {
          "schema_version": 2,
          "attributes": {
            "attach": false,
            "bridge": "",
            "capabilities": [],
            "cgroup_parent": null,
            "cgroupns_mode": null,
            "command": [
              "/opt/spark/bin/spark-class",
              "org.apache.spark.deploy.master.Master"
            ],
            "container_logs": null,
            "container_read_refresh_timeout_milliseconds": 15000,
            "cpu_period": null,
            "cpu_quota": null,
            "cpu_set": "",
            "cpu_shares": 0,
            "cpus": null,
            "destroy_grace_seconds": null,
            "devices": [],
            "dns": [],
            "dns_opts": [],
            "dns_search": [],
            "domainname": "",
            "entrypoint": [
              "/opt/entrypoint.sh"
            ],
            "env": [
              "SPARK_EVENT_LOG_DIR=/opt/spark/events",
              "SPARK_EVENT_LOG_ENABLED=true",
              "SPARK_MASTER_WEBUI_PORT=8080"
            ],
            "exit_code": null,
            "gpus": null,
            "group_add": [],
            "healthcheck": [],
            "host": [],
            "hostname": "cf19748e682f",
            "id": "cf19748e682f44b8db4973572784f31f13104d9a7ff4f35c78e6b87453990f84",
            "image": "apache/spark:3.5.1",
            "init": false,
            "ipc_mode": "private",
            "labels": [],
            "log_driver": "json-file",
            "log_opts": {},
            "logs": false,
            "max_retry_count": 0,
            "memory": 0,
            "memory_swap": 0,
            "mounts": [],
            "must_run": true,
            "name": "spark_master",
            "network_data": [
              {
                "gateway": "172.19.0.1",
                "global_ipv6_address": "",
                "global_ipv6_prefix_length": 0,
                "ip_address": "172.19.0.6",
                "ip_prefix_length": 16,
                "ipv6_gateway": "",
                "mac_address": "66:f5:64:f8:82:06",
                "network_name": "my_shared_network"
              }
            ],
            "network_mode": "bridge",
            "networks_advanced": [
              {
                "aliases": [],
                "ipv4_address": "",
                "ipv6_address": "",
                "name": "my_shared_network"
              }
            ],
            "pid_mode": "",
            "ports": [
              {
                "external": 7077,
                "internal": 7077,
                "ip": "0.0.0.0",
                "protocol": "tcp"
              },
              {
                "external": 8081,
                "internal": 8080,
                "ip": "0.0.0.0",
                "protocol": "tcp"
              }
            ],
            "privileged": false,
            "publish_all_ports": false,
            "read_only": false,
            "remove_volumes": true,
            "restart": "unless-stopped",
            "rm": false,
            "runtime": "runc",
            "security_opts": [],
            "shm_size": 64,
            "start": true,
            "stdin_open": false,
            "stop_signal": "",
            "stop_timeout": 0,
            "storage_opts": {},
            "sysctls": {},
            "tmpfs": {},
            "tty": false,
            "ulimit": [],
            "upload": [],
            "user": "spark",
            "userns_mode": "",
            "volumes": [
              {
                "container_path": "/opt/spark/events",
                "from_container": "",
                "host_path": "",
                "read_only": false,
                "volume_name": "spark_events"
              },
              {
                "container_path": "/opt/spark/jobs",
                "from_container": "",
                "host_path": "/home/kcat/Repos/pipeline_infra/spark-jobs",
                "read_only": false,
                "volume_name": ""
              }
            ],
            "wait": false,
            "wait_timeout": 60,
            "working_dir": "/opt/spark/work-dir"
          },
          "sensitive_attributes": [],
          "identity_schema_version": 0,
          "private": "eyJzY2hlbWFfdmVyc2lvbiI6IjIifQ==",
          "dependencies": [
            "docker_network.my_shared_network",
            "docker_volume.spark_events"
          ]
        }
      ]
    },
    {
      "mode": "managed",
      "type": "docker_container",
      "name": "spark_worker",
      "provider": "provider[\"registry.terraform.io/kreuzwerker/docker\"]",
      "instances": [
        {
          "schema_version": 2,
          "attributes": {
            "attach": false,
            "bridge": "",
            "capabilities": [],
            "cgroup_parent": null,
            "cgroupns_mode": null,
            "command": [
              "/opt/spark/bin/spark-class",
              "org.apache.spark.deploy.worker.Worker",
              "spark://spark-master:7077"
            ],
            "container_logs": null,
            "container_read_refresh_timeout_milliseconds": 15000,
            "cpu_period": null,
            "cpu_quota": null,
            "cpu_set": "",
            "cpu_shares": 0,
            "cpus": null,
            "destroy_grace_seconds": null,
            "devices": [],
            "dns": [],
            "dns_opts": [],
            "dns_search": [],
            "domainname": "",
            "entrypoint": [
              "/opt/entrypoint.sh"
            ],
            "env": [
              "SPARK_MASTER_URL=spark://spark-master:7077",
              "SPARK_WORKER_CORES=2",
              "SPARK_WORKER_MEMORY=2g"
            ],
            "exit_code": null,
            "gpus": null,
            "group_add": [],
            "healthcheck": [],
            "host": [],
            "hostname": "d5897a19fe41",
            "id": "d5897a19fe413d7000500c12275fe4c3115615d13315b62667c06cba58c6e323",
            "image": "apache/spark:3.5.1",
            "init": false,
            "ipc_mode": "private",
            "labels": [],
            "log_driver": "json-file",
            "log_opts": {},
            "logs": false,
            "max_retry_count": 0,
            "memory": 0,
            "memory_swap": 0,
            "mounts": [],
            "must_run": true,
            "name": "spark_worker",
            "network_data": [
              {
                "gateway": "172.19.0.1",
                "global_ipv6_address": "",
                "global_ipv6_prefix_length": 0,
                "ip_address": "172.19.0.9",
                "ip_prefix_length": 16,
                "ipv6_gateway": "",
                "mac_address": "fe:59:34:c4:87:a2",
                "network_name": "my_shared_network"
              }
            ],
            "network_mode": "bridge",
            "networks_advanced": [
              {
                "aliases": [],
                "ipv4_address": "",
                "ipv6_address": "",
                "name": "my_shared_network"
              }
            ],
            "pid_mode": "",
            "ports": [],
            "privileged": false,
            "publish_all_ports": false,
            "read_only": false,
            "remove_volumes": true,
            "restart": "unless-stopped",
            "rm": false,
            "runtime": "runc",
            "security_opts": [],
            "shm_size": 64,
            "start": true,
            "stdin_open": false,
            "stop_signal": "",
            "stop_timeout": 0,
            "storage_opts": {},
            "sysctls": {},
            "tmpfs": {},
            "tty": false,
            "ulimit": [],
            "upload": [],
            "user": "spark",
            "userns_mode": "",
            "volumes": [
              {
                "container_path": "/opt/spark/events",
                "from_container": "",
                "host_path": "",
                "read_only": false,
                "volume_name": "spark_events"
              }
            ],
            "wait": false,
            "wait_timeout": 60,
            "working_dir": "/opt/spark/work-dir"
          },
          "sensitive_attributes": [],
          "identity_schema_version": 0,
          "private": "eyJzY2hlbWFfdmVyc2lvbiI6IjIifQ==",
          "dependencies": [
            "docker_container.spark_master",
            "docker_network.my_shared_network",
            "docker_volume.spark_events"
          ]
        }
      ]
    },
    {
      "mode": "managed",
      "type": "docker_container",
      "name": "sqlite",
      "provider": "provider[\"registry.terraform.io/kreuzwerker/docker\"]",
      "instances": [
        {
          "schema_version": 2,
          "attributes": {
            "attach": false,
            "bridge": "",
            "capabilities": [],
            "cgroup_parent": null,
            "cgroupns_mode": null,
            "command": [
              "tail",
              "-f",
              "/dev/null"
            ],
            "container_logs": null,
            "container_read_refresh_timeout_milliseconds": 15000,
            "cpu_period": null,
            "cpu_quota": null,
            "cpu_set": "",
            "cpu_shares": 0,
            "cpus": null,
            "destroy_grace_seconds": null,
            "devices": [],
            "dns": [],
            "dns_opts": [],
            "dns_search": [],
            "domainname": "",
            "entrypoint": [],
            "env": [],
            "exit_code": null,
            "gpus": null,
            "group_add": [],
            "healthcheck": [],
            "host": [],
            "hostname": "f81ef2eb5969",
            "id": "f81ef2eb596905135c527fc6013ccd6efdb9fc2e0975db98268fdc2cc8c8e693",
            "image": "busybox:latest",
            "init": false,
            "ipc_mode": "private",
            "labels": [],
            "log_driver": "json-file",
            "log_opts": {},
            "logs": false,
            "max_retry_count": 0,
            "memory": 0,
            "memory_swap": 0,
            "mounts": [],
            "must_run": true,
            "name": "sqlite_metastore_db",
            "network_data": [
              {
                "gateway": "172.19.0.1",
                "global_ipv6_address": "",
                "global_ipv6_prefix_length": 0,
                "ip_address": "172.19.0.10",
                "ip_prefix_length": 16,
                "ipv6_gateway": "",
                "mac_address": "52:d0:ba:d3:60:b5",
                "network_name": "my_shared_network"
              }
            ],
            "network_mode": "bridge",
            "networks_advanced": [
              {
                "aliases": [],
                "ipv4_address": "",
                "ipv6_address": "",
                "name": "my_shared_network"
              }
            ],
            "pid_mode": "",
            "ports": [],
            "privileged": false,
            "publish_all_ports": false,
            "read_only": false,
            "remove_volumes": true,
            "restart": "no",
            "rm": false,
            "runtime": "runc",
            "security_opts": [],
            "shm_size": 64,
            "start": true,
            "stdin_open": false,
            "stop_signal": "",
            "stop_timeout": 0,
            "storage_opts": {},
            "sysctls": {},
            "tmpfs": {},
            "tty": false,
            "ulimit": [],
            "upload": [],
            "user": "",
            "userns_mode": "",
            "volumes": [
              {
                "container_path": "/data",
                "from_container": "",
                "host_path": "",
                "read_only": false,
                "volume_name": "sqlite_data"
              }
            ],
            "wait": false,
            "wait_timeout": 60,
            "working_dir": ""
          },
          "sensitive_attributes": [],
          "identity_schema_version": 0,
          "private": "eyJzY2hlbWFfdmVyc2lvbiI6IjIifQ==",
          "dependencies": [
            "docker_network.my_shared_network",
            "docker_volume.sqlite_data"
          ]
        }
      ]
    },
    {
      "mode": "managed",
      "type": "docker_container",
      "name": "superset",
      "provider": "provider[\"registry.terraform.io/kreuzwerker/docker\"]",
      "instances": [
        {
          "schema_version": 2,
          "attributes": {
            "attach": false,
            "bridge": "",
            "capabilities": [],
            "cgroup_parent": null,
            "cgroupns_mode": null,
            "command": [
              "/usr/bin/run-server.sh"
            ],
            "container_logs": null,
            "container_read_refresh_timeout_milliseconds": 15000,
            "cpu_period": null,
            "cpu_quota": null,
            "cpu_set": "",
            "cpu_shares": 0,
            "cpus": null,
            "destroy_grace_seconds": null,
            "devices": [],
            "dns": [],
            "dns_opts": [],
            "dns_search": [],
            "domainname": "",
            "entrypoint": [],
            "env": [
              "SQLALCHEMY_DATABASE_URI=postgresql://kcat:thisismypgpass12@postgres_metadata_db:5432/metadata",
              "SUPERSET_LOAD_EXAMPLES=false",
              "SUPERSET_SECRET_KEY=ThisIsMyCurerntSercretKey"
            ],
            "exit_code": null,
            "gpus": null,
            "group_add": [],
            "healthcheck": [
              {
                "interval": "0s",
                "retries": 0,
                "start_interval": "0s",
                "start_period": "0s",
                "test": [
                  "CMD-SHELL",
                  "curl -f \"http://localhost:$SUPERSET_PORT/health\""
                ],
                "timeout": "0s"
              }
            ],
            "host": [],
            "hostname": "8c94c2c12182",
            "id": "8c94c2c12182e0ce9022a2fff4583f2fb54761fd96b67114a1ef886730005cdd",
            "image": "apache/superset:3.0.0",
            "init": false,
            "ipc_mode": "private",
            "labels": [],
            "log_driver": "json-file",
            "log_opts": {},
            "logs": false,
            "max_retry_count": 0,
            "memory": 0,
            "memory_swap": 0,
            "mounts": [],
            "must_run": true,
            "name": "superset_app",
            "network_data": [
              {
                "gateway": "172.19.0.1",
                "global_ipv6_address": "",
                "global_ipv6_prefix_length": 0,
                "ip_address": "172.19.0.15",
                "ip_prefix_length": 16,
                "ipv6_gateway": "",
                "mac_address": "c6:2d:e0:3b:56:9d",
                "network_name": "my_shared_network"
              }
            ],
            "network_mode": "bridge",
            "networks_advanced": [
              {
                "aliases": [],
                "ipv4_address": "",
                "ipv6_address": "",
                "name": "my_shared_network"
              }
            ],
            "pid_mode": "",
            "ports": [
              {
                "external": 8088,
                "internal": 8088,
                "ip": "0.0.0.0",
                "protocol": "tcp"
              }
            ],
            "privileged": false,
            "publish_all_ports": false,
            "read_only": false,
            "remove_volumes": true,
            "restart": "unless-stopped",
            "rm": false,
            "runtime": "runc",
            "security_opts": [],
            "shm_size": 64,
            "start": true,
            "stdin_open": false,
            "stop_signal": "",
            "stop_timeout": 0,
            "storage_opts": {},
            "sysctls": {},
            "tmpfs": {},
            "tty": false,
            "ulimit": [],
            "upload": [],
            "user": "superset",
            "userns_mode": "",
            "volumes": [
              {
                "container_path": "/app",
                "from_container": "",
                "host_path": "",
                "read_only": false,
                "volume_name": "sqlite_data"
              }
            ],
            "wait": false,
            "wait_timeout": 60,
            "working_dir": "/app"
          },
          "sensitive_attributes": [
            [
              {
                "type": "get_attr",
                "value": "env"
              }
            ]
          ],
          "identity_schema_version": 0,
          "private": "eyJzY2hlbWFfdmVyc2lvbiI6IjIifQ==",
          "dependencies": [
            "docker_container.hive_metastore",
            "docker_container.postgres_metadata",
            "docker_container.superset_init",
            "docker_network.my_shared_network",
            "docker_volume.postgres_data_metadata",
            "docker_volume.sqlite_data",
            "local_file.hive_site_rendered",
            "null_resource.hive_init_schema"
          ]
        }
      ]
    },
    {
      "mode": "managed",
      "type": "docker_container",
      "name": "superset_init",
      "provider": "provider[\"registry.terraform.io/kreuzwerker/docker\"]",
      "instances": [
        {
          "schema_version": 2,
          "attributes": {
            "attach": false,
            "bridge": "",
            "capabilities": [],
            "cgroup_parent": null,
            "cgroupns_mode": null,
            "command": [
              "/bin/bash",
              "-c",
              "pip install trino\nsuperset db upgrade \nsuperset fab create-admin --username superset_admin --firstname Superset --lastname Admin --email whoislearningiam@gmail.com --password MySecurePassword123!\nsuperset init\necho 'Initialization complete. Pausing for 10 seconds...'\nsleep 10\n"
            ],
            "container_logs": null,
            "container_read_refresh_timeout_milliseconds": 15000,
            "cpu_period": null,
            "cpu_quota": null,
            "cpu_set": "",
            "cpu_shares": 0,
            "cpus": null,
            "destroy_grace_seconds": null,
            "devices": [],
            "dns": null,
            "dns_opts": null,
            "dns_search": null,
            "domainname": "",
            "entrypoint": [],
            "env": [
              "SQLALCHEMY_DATABASE_URI=postgresql://kcat:thisismypgpass12@postgres_metadata_db:5432/metadata",
              "SUPERSET_ADMIN_EMAIL=whoislearningiam@gmail.com",
              "SUPERSET_ADMIN_PASSWORD=MySecurePassword123!",
              "SUPERSET_ADMIN_USERNAME=superset_admin",
              "SUPERSET_SECRET_KEY=ThisIsMyCurerntSercretKey"
            ],
            "exit_code": null,
            "gpus": null,
            "group_add": null,
            "healthcheck": [
              {
                "interval": "0s",
                "retries": 0,
                "start_interval": "0s",
                "start_period": "0s",
                "test": [
                  "CMD-SHELL",
                  "curl -f \"http://localhost:$SUPERSET_PORT/health\""
                ],
                "timeout": "0s"
              }
            ],
            "host": [],
            "hostname": "9e8f98061b46",
            "id": "9e8f98061b46373502b139828c0767048832cfe3c811cda74810bfd423f4ec06",
            "image": "apache/superset:3.0.0",
            "init": false,
            "ipc_mode": "private",
            "labels": [],
            "log_driver": "json-file",
            "log_opts": null,
            "logs": false,
            "max_retry_count": 0,
            "memory": 0,
            "memory_swap": 0,
            "mounts": [],
            "must_run": true,
            "name": "superset_init",
            "network_data": [
              {
                "gateway": "172.19.0.1",
                "global_ipv6_address": "",
                "global_ipv6_prefix_length": 0,
                "ip_address": "172.19.0.11",
                "ip_prefix_length": 16,
                "ipv6_gateway": "",
                "mac_address": "ba:26:4e:a4:56:9e",
                "network_name": "my_shared_network"
              }
            ],
            "network_mode": "bridge",
            "networks_advanced": [
              {
                "aliases": [],
                "ipv4_address": "",
                "ipv6_address": "",
                "name": "my_shared_network"
              }
            ],
            "pid_mode": "",
            "ports": [],
            "privileged": false,
            "publish_all_ports": false,
            "read_only": false,
            "remove_volumes": true,
            "restart": "no",
            "rm": false,
            "runtime": "runc",
            "security_opts": [],
            "shm_size": 64,
            "start": true,
            "stdin_open": false,
            "stop_signal": "",
            "stop_timeout": 0,
            "storage_opts": null,
            "sysctls": null,
            "tmpfs": null,
            "tty": false,
            "ulimit": [],
            "upload": [],
            "user": "superset",
            "userns_mode": "",
            "volumes": [
              {
                "container_path": "/app",
                "from_container": "",
                "host_path": "",
                "read_only": null,
                "volume_name": "sqlite_data"
              }
            ],
            "wait": false,
            "wait_timeout": 60,
            "working_dir": "/app"
          },
          "sensitive_attributes": [
            [
              {
                "type": "get_attr",
                "value": "command"
              },
              {
                "type": "index",
                "value": {
                  "value": 2,
                  "type": "number"
                }
              }
            ],
            [
              {
                "type": "get_attr",
                "value": "env"
              }
            ]
          ],
          "identity_schema_version": 0,
          "private": "eyJzY2hlbWFfdmVyc2lvbiI6IjIifQ==",
          "dependencies": [
            "docker_container.hive_metastore",
            "docker_container.postgres_metadata",
            "docker_network.my_shared_network",
            "docker_volume.postgres_data_metadata",
            "docker_volume.sqlite_data",
            "local_file.hive_site_rendered",
            "null_resource.hive_init_schema"
          ]
        }
      ]
    },
    {
      "mode": "managed",
      "type": "docker_container",
      "name": "trino",
      "provider": "provider[\"registry.terraform.io/kreuzwerker/docker\"]",
      "instances": [
        {
          "schema_version": 2,
          "attributes": {
            "attach": false,
            "bridge": "",
            "capabilities": [],
            "cgroup_parent": null,
            "cgroupns_mode": null,
            "command": [],
            "container_logs": null,
            "container_read_refresh_timeout_milliseconds": 15000,
            "cpu_period": null,
            "cpu_quota": null,
            "cpu_set": "",
            "cpu_shares": 0,
            "cpus": null,
            "destroy_grace_seconds": null,
            "devices": [],
            "dns": [],
            "dns_opts": [],
            "dns_search": [],
            "domainname": "",
            "entrypoint": [
              "/usr/lib/trino/bin/run-trino"
            ],
            "env": [],
            "exit_code": null,
            "gpus": null,
            "group_add": [],
            "healthcheck": [
              {
                "interval": "10s",
                "retries": 0,
                "start_interval": "0s",
                "start_period": "10s",
                "test": [
                  "CMD-SHELL",
                  "/usr/lib/trino/bin/health-check"
                ],
                "timeout": "5s"
              }
            ],
            "host": [],
            "hostname": "4bfffb14d8ab",
            "id": "4bfffb14d8ab0b6db2b87829790f1955e7e152a77cedb650ec03a36516ab4c97",
            "image": "trinodb/trino:latest",
            "init": false,
            "ipc_mode": "private",
            "labels": [],
            "log_driver": "json-file",
            "log_opts": {},
            "logs": false,
            "max_retry_count": 0,
            "memory": 0,
            "memory_swap": 0,
            "mounts": [],
            "must_run": true,
            "name": "trino_query_engine",
            "network_data": [
              {
                "gateway": "172.19.0.1",
                "global_ipv6_address": "",
                "global_ipv6_prefix_length": 0,
                "ip_address": "172.19.0.12",
                "ip_prefix_length": 16,
                "ipv6_gateway": "",
                "mac_address": "ce:60:a5:15:f2:26",
                "network_name": "my_shared_network"
              }
            ],
            "network_mode": "bridge",
            "networks_advanced": [
              {
                "aliases": [],
                "ipv4_address": "",
                "ipv6_address": "",
                "name": "my_shared_network"
              }
            ],
            "pid_mode": "",
            "ports": [
              {
                "external": 8082,
                "internal": 8080,
                "ip": "0.0.0.0",
                "protocol": "tcp"
              }
            ],
            "privileged": false,
            "publish_all_ports": false,
            "read_only": false,
            "remove_volumes": true,
            "restart": "unless-stopped",
            "rm": false,
            "runtime": "runc",
            "security_opts": [],
            "shm_size": 64,
            "start": true,
            "stdin_open": false,
            "stop_signal": "",
            "stop_timeout": 0,
            "storage_opts": {},
            "sysctls": {},
            "tmpfs": {},
            "tty": false,
            "ulimit": [],
            "upload": [],
            "user": "1000:1000",
            "userns_mode": "",
            "volumes": [
              {
                "container_path": "/etc/trino",
                "from_container": "",
                "host_path": "/home/kcat/Repos/pipeline_infra/trino/etc",
                "read_only": false,
                "volume_name": ""
              },
              {
                "container_path": "/var/lib/trino",
                "from_container": "",
                "host_path": "/home/kcat/Repos/pipeline_infra/trino_data",
                "read_only": false,
                "volume_name": ""
              }
            ],
            "wait": false,
            "wait_timeout": 60,
            "working_dir": "/"
          },
          "sensitive_attributes": [],
          "identity_schema_version": 0,
          "private": "eyJzY2hlbWFfdmVyc2lvbiI6IjIifQ==",
          "dependencies": [
            "docker_container.hive_metastore",
            "docker_container.minio",
            "docker_container.postgres_metadata",
            "docker_network.my_shared_network",
            "docker_volume.minio_data",
            "docker_volume.postgres_data_metadata",
            "local_file.hive_site_rendered",
            "null_resource.hive_init_schema"
          ]
        }
      ]
    },
    {
      "mode": "managed",
      "type": "docker_network",
      "name": "my_shared_network",
      "provider": "provider[\"registry.terraform.io/kreuzwerker/docker\"]",
      "instances": [
        {
          "schema_version": 1,
          "attributes": {
            "attachable": false,
            "check_duplicate": null,
            "driver": "bridge",
            "id": "98a13cd70f6b29bff92d3deda05fdb1d85d8017054ec973dbfa0637f5bb43a8b",
            "ingress": false,
            "internal": false,
            "ipam_config": [
              {
                "aux_address": {},
                "gateway": "172.19.0.1",
                "ip_range": "",
                "subnet": "172.19.0.0/16"
              }
            ],
            "ipam_driver": "default",
            "ipam_options": {},
            "ipv6": false,
            "labels": [],
            "name": "my_shared_network",
            "options": {},
            "scope": "local"
          },
          "sensitive_attributes": [],
          "identity_schema_version": 0,
          "private": "eyJzY2hlbWFfdmVyc2lvbiI6IjEifQ=="
        }
      ]
    },
    {
      "mode": "managed",
      "type": "docker_volume",
      "name": "minio_data",
      "provider": "provider[\"registry.terraform.io/kreuzwerker/docker\"]",
      "instances": [
        {
          "schema_version": 1,
          "attributes": {
            "driver": "local",
            "driver_opts": {},
            "id": "minio_data",
            "labels": [],
            "mountpoint": "/var/snap/docker/common/var-lib-docker/volumes/minio_data/_data",
            "name": "minio_data"
          },
          "sensitive_attributes": [],
          "identity_schema_version": 0,
          "private": "eyJzY2hlbWFfdmVyc2lvbiI6IjEifQ=="
        }
      ]
    },
    {
      "mode": "managed",
      "type": "docker_volume",
      "name": "ollama_models",
      "provider": "provider[\"registry.terraform.io/kreuzwerker/docker\"]",
      "instances": [
        {
          "schema_version": 1,
          "attributes": {
            "driver": "local",
            "driver_opts": {},
            "id": "ollama_models",
            "labels": [],
            "mountpoint": "/var/snap/docker/common/var-lib-docker/volumes/ollama_models/_data",
            "name": "ollama_models"
          },
          "sensitive_attributes": [],
          "identity_schema_version": 0,
          "private": "eyJzY2hlbWFfdmVyc2lvbiI6IjEifQ=="
        }
      ]
    },
    {
      "mode": "managed",
      "type": "docker_volume",
      "name": "postgres_data_domain",
      "provider": "provider[\"registry.terraform.io/kreuzwerker/docker\"]",
      "instances": [
        {
          "schema_version": 1,
          "attributes": {
            "driver": "local",
            "driver_opts": {},
            "id": "postgres_data_domain",
            "labels": [],
            "mountpoint": "/var/snap/docker/common/var-lib-docker/volumes/postgres_data_domain/_data",
            "name": "postgres_data_domain"
          },
          "sensitive_attributes": [],
          "identity_schema_version": 0,
          "private": "eyJzY2hlbWFfdmVyc2lvbiI6IjEifQ=="
        }
      ]
    },
    {
      "mode": "managed",
      "type": "docker_volume",
      "name": "postgres_data_metadata",
      "provider": "provider[\"registry.terraform.io/kreuzwerker/docker\"]",
      "instances": [
        {
          "schema_version": 1,
          "attributes": {
            "driver": "local",
            "driver_opts": {},
            "id": "postgres_data_metadata",
            "labels": [],
            "mountpoint": "/var/snap/docker/common/var-lib-docker/volumes/postgres_data_metadata/_data",
            "name": "postgres_data_metadata"
          },
          "sensitive_attributes": [],
          "identity_schema_version": 0,
          "private": "eyJzY2hlbWFfdmVyc2lvbiI6IjEifQ=="
        }
      ]
    },
    {
      "mode": "managed",
      "type": "docker_volume",
      "name": "spark_events",
      "provider": "provider[\"registry.terraform.io/kreuzwerker/docker\"]",
      "instances": [
        {
          "schema_version": 1,
          "attributes": {
            "driver": "local",
            "driver_opts": {},
            "id": "spark_events",
            "labels": [],
            "mountpoint": "/var/snap/docker/common/var-lib-docker/volumes/spark_events/_data",
            "name": "spark_events"
          },
          "sensitive_attributes": [],
          "identity_schema_version": 0,
          "private": "eyJzY2hlbWFfdmVyc2lvbiI6IjEifQ=="
        }
      ]
    },
    {
      "mode": "managed",
      "type": "docker_volume",
      "name": "sqlite_data",
      "provider": "provider[\"registry.terraform.io/kreuzwerker/docker\"]",
      "instances": [
        {
          "schema_version": 1,
          "attributes": {
            "driver": "local",
            "driver_opts": {},
            "id": "sqlite_data",
            "labels": [],
            "mountpoint": "/var/snap/docker/common/var-lib-docker/volumes/sqlite_data/_data",
            "name": "sqlite_data"
          },
          "sensitive_attributes": [],
          "identity_schema_version": 0,
          "private": "eyJzY2hlbWFfdmVyc2lvbiI6IjEifQ=="
        }
      ]
    },
    {
      "mode": "managed",
      "type": "local_file",
      "name": "hive_site_rendered",
      "provider": "provider[\"registry.terraform.io/hashicorp/local\"]",
      "instances": [
        {
          "schema_version": 0,
          "attributes": {
            "content": "\u003cconfiguration\u003e\n  \u003cproperty\u003e\n    \u003cname\u003ejavax.jdo.option.ConnectionURL\u003c/name\u003e\n    \u003cvalue\u003ejdbc:postgresql://postgres_metadata_db:5432/metadata\u003c/value\u003e\n  \u003c/property\u003e\n\n  \u003cproperty\u003e\n    \u003cname\u003ejavax.jdo.option.ConnectionDriverName\u003c/name\u003e\n    \u003cvalue\u003eorg.postgresql.Driver\u003c/value\u003e\n  \u003c/property\u003e\n\n  \u003cproperty\u003e\n    \u003cname\u003ejavax.jdo.option.ConnectionUserName\u003c/name\u003e\n    \u003cvalue\u003ekcat\u003c/value\u003e\n  \u003c/property\u003e\n\n  \u003cproperty\u003e\n    \u003cname\u003ejavax.jdo.option.ConnectionPassword\u003c/name\u003e\n    \u003cvalue\u003ethisismypgpass12\u003c/value\u003e\n  \u003c/property\u003e\n\u003c/configuration\u003e\n",
            "content_base64": null,
            "content_base64sha256": "JlqGV5kapYzJOWM1VO7nuop5ly5/XVAq+fiWYS+gQM8=",
            "content_base64sha512": "8QpIi0kOTPrYXLs94G7e8QlMJ7FQU45IINm7r0o39Foe9xAihRewO7E0Cnvi9bnfLBW0N6wtdY8KxLsUNj9HJw==",
            "content_md5": "96f2cfcc195f6d53ac663a10d831ab80",
            "content_sha1": "5d706d2030b57d47ff8ed71a07bcb41d77555d9d",
            "content_sha256": "265a8657991aa58cc939633554eee7ba8a79972e7f5d502af9f896612fa040cf",
            "content_sha512": "f10a488b490e4cfad85cbb3de06edef1094c27b150538e4820d9bbaf4a37f45a1ef710228517b03bb1340a7be2f5b9df2c15b437ac2d758f0ac4bb14363f4727",
            "directory_permission": "0777",
            "file_permission": "0777",
            "filename": "/home/kcat/Repos/pipeline_infra/generated/hive-site.xml",
            "id": "5d706d2030b57d47ff8ed71a07bcb41d77555d9d",
            "sensitive_content": null,
            "source": null
          },
          "sensitive_attributes": [
            [
              {
                "type": "get_attr",
                "value": "content"
              }
            ],
            [
              {
                "type": "get_attr",
                "value": "sensitive_content"
              }
            ]
          ],
          "identity_schema_version": 0
        }
      ]
    },
    {
      "mode": "managed",
      "type": "null_resource",
      "name": "hive_init_schema",
      "provider": "provider[\"registry.terraform.io/hashicorp/null\"]",
      "instances": [
        {
          "schema_version": 0,
          "attributes": {
            "id": "4014956288559435607",
            "triggers": null
          },
          "sensitive_attributes": [],
          "identity_schema_version": 0,
          "dependencies": [
            "docker_container.postgres_metadata",
            "docker_network.my_shared_network",
            "docker_volume.postgres_data_metadata",
            "local_file.hive_site_rendered"
          ]
        }
      ]
    }
  ],
  "check_results": null
}
